// !$*UTF8*$!
{
	archiveVersion = 1;
	classes = {
	};
	objectVersion = 46;
	objects = {

/* Begin PBXBuildFile section */
		18014BA51C9079DA0088133B /* MyDimeScale.m in Sources */ = {isa = PBXBuildFile; fileRef = 18014BA41C9079DA0088133B /* MyDimeScale.m */; };
		181068371E0B4EA9000B9B86 /* AllTest8ViewController.m in Sources */ = {isa = PBXBuildFile; fileRef = 181068361E0B4EA9000B9B86 /* AllTest8ViewController.m */; };
		181550681E2F75EA00329BFF /* FLLTest5ViewController.m in Sources */ = {isa = PBXBuildFile; fileRef = 181550671E2F75EA00329BFF /* FLLTest5ViewController.m */; };
		181ECE631D570CA1007803BE /* YYFPSLabel.m in Sources */ = {isa = PBXBuildFile; fileRef = 181ECE5F1D570CA1007803BE /* YYFPSLabel.m */; };
		181ECE641D570CA1007803BE /* YYWeakProxy.m in Sources */ = {isa = PBXBuildFile; fileRef = 181ECE601D570CA1007803BE /* YYWeakProxy.m */; };
		181F97F51E079462004A9AE6 /* RLTest5ViewController.m in Sources */ = {isa = PBXBuildFile; fileRef = 181F97F41E079462004A9AE6 /* RLTest5ViewController.m */; };
		18296B6F1C76D55B00273C3E /* FOLTest1ViewController.m in Sources */ = {isa = PBXBuildFile; fileRef = 18296B6E1C76D55B00273C3E /* FOLTest1ViewController.m */; };
		18296B721C76D66C00273C3E /* FOLTest2ViewController.m in Sources */ = {isa = PBXBuildFile; fileRef = 18296B711C76D66C00273C3E /* FOLTest2ViewController.m */; };
		18296B751C76D67F00273C3E /* FOLTest3ViewController.m in Sources */ = {isa = PBXBuildFile; fileRef = 18296B741C76D67F00273C3E /* FOLTest3ViewController.m */; };
		1830A6091CD6EC4500FF6B57 /* FLLTest3ViewController.m in Sources */ = {isa = PBXBuildFile; fileRef = 1830A6081CD6EC4500FF6B57 /* FLLTest3ViewController.m */; };
		183C14631DB9DD1A00C38448 /* AllTest7ViewController.m in Sources */ = {isa = PBXBuildFile; fileRef = 183C14621DB9DD1A00C38448 /* AllTest7ViewController.m */; };
		186B83D41D08F7B9001CA155 /* LaunchScreen.xib in Resources */ = {isa = PBXBuildFile; fileRef = 186B83CF1D08F7B9001CA155 /* LaunchScreen.xib */; };
		186B83DE1D090DE6001CA155 /* LaunchScreen.strings in Resources */ = {isa = PBXBuildFile; fileRef = 186B83DA1D090DE6001CA155 /* LaunchScreen.strings */; };
		186B83DF1D090DE6001CA155 /* Localizable.strings in Resources */ = {isa = PBXBuildFile; fileRef = 186B83DC1D090DE6001CA155 /* Localizable.strings */; };
		186B83E01D094F11001CA155 /* FLLTest2ViewController.xib in Resources */ = {isa = PBXBuildFile; fileRef = 186B83E21D094F11001CA155 /* FLLTest2ViewController.xib */; };
		186B83E41D095A49001CA155 /* FOLTest1ViewController.xib in Resources */ = {isa = PBXBuildFile; fileRef = 186B83E61D095A49001CA155 /* FOLTest1ViewController.xib */; };
		186C530C1C75A5BB0031B2A2 /* MyFloatLayout.m in Sources */ = {isa = PBXBuildFile; fileRef = 186C530B1C75A5BB0031B2A2 /* MyFloatLayout.m */; };
		1871D25F1D2F5ABA00D37F55 /* MyPathLayout.m in Sources */ = {isa = PBXBuildFile; fileRef = 1871D25E1D2F5ABA00D37F55 /* MyPathLayout.m */; };
		188261CF1C647CB300996C2C /* AllTest6ViewController.m in Sources */ = {isa = PBXBuildFile; fileRef = 188261CE1C647CB300996C2C /* AllTest6ViewController.m */; };
		188D90E01DE736BB0034F76E /* MyLayoutClass.png in Resources */ = {isa = PBXBuildFile; fileRef = 188D90DF1DE736BB0034F76E /* MyLayoutClass.png */; };
		1890A22F1C6DD71600373B8B /* FLLTest2ViewController.m in Sources */ = {isa = PBXBuildFile; fileRef = 1890A22D1C6DD71600373B8B /* FLLTest2ViewController.m */; };
		189692701CF74E7E000A5B91 /* AllTest2TableViewCell.m in Sources */ = {isa = PBXBuildFile; fileRef = 1896926F1CF74E7E000A5B91 /* AllTest2TableViewCell.m */; };
		189692731CF74EA7000A5B91 /* AllTest1TableViewHeaderFooterView.m in Sources */ = {isa = PBXBuildFile; fileRef = 189692721CF74EA7000A5B91 /* AllTest1TableViewHeaderFooterView.m */; };
		189692761CF74EC5000A5B91 /* AllTestDataModel.m in Sources */ = {isa = PBXBuildFile; fileRef = 189692751CF74EC5000A5B91 /* AllTestDataModel.m */; };
		1897384F1E1631E3004F80D6 /* MyRelativeLayoutTestCase.m in Sources */ = {isa = PBXBuildFile; fileRef = 1897384E1E1631E3004F80D6 /* MyRelativeLayoutTestCase.m */; };
		189738511E16330B004F80D6 /* MyLayoutTestCaseBase.m in Sources */ = {isa = PBXBuildFile; fileRef = 189738501E16330B004F80D6 /* MyLayoutTestCaseBase.m */; };
		18A9A4D41D63049F004974CE /* RLTest4ViewController.m in Sources */ = {isa = PBXBuildFile; fileRef = 18A9A4D31D63049F004974CE /* RLTest4ViewController.m */; };
		18B152341DEDDE5500AD7A1C /* MyLayoutUITests.m in Sources */ = {isa = PBXBuildFile; fileRef = 18B152331DEDDE5500AD7A1C /* MyLayoutUITests.m */; };
		18BCC51A1D2D4885005081FF /* FLLTest4ViewController.m in Sources */ = {isa = PBXBuildFile; fileRef = 18BCC5191D2D4885005081FF /* FLLTest4ViewController.m */; };
		18C8F1641D4DA6B800DC1FD3 /* PLTest3ViewController.m in Sources */ = {isa = PBXBuildFile; fileRef = 18C8F1631D4DA6B800DC1FD3 /* PLTest3ViewController.m */; };
		18C8F1671D4E3E4E00DC1FD3 /* PLTest4ViewController.m in Sources */ = {isa = PBXBuildFile; fileRef = 18C8F1661D4E3E4E00DC1FD3 /* PLTest4ViewController.m */; };
		18CFFA2E1D0723970032A789 /* TLTest3ViewController.m in Sources */ = {isa = PBXBuildFile; fileRef = 18CFFA2D1D0723970032A789 /* TLTest3ViewController.m */; };
		18D684301C4F421400A48BB4 /* AllTest1ViewController.m in Sources */ = {isa = PBXBuildFile; fileRef = 18D683E81C4F421400A48BB4 /* AllTest1ViewController.m */; };
		18D684311C4F421400A48BB4 /* AllTest2ViewController.m in Sources */ = {isa = PBXBuildFile; fileRef = 18D683EA1C4F421400A48BB4 /* AllTest2ViewController.m */; };
		18D684321C4F421400A48BB4 /* AllTest3ViewController.m in Sources */ = {isa = PBXBuildFile; fileRef = 18D683EC1C4F421400A48BB4 /* AllTest3ViewController.m */; };
		18D684331C4F421400A48BB4 /* AllTest4ViewController.m in Sources */ = {isa = PBXBuildFile; fileRef = 18D683EE1C4F421400A48BB4 /* AllTest4ViewController.m */; };
		18D684341C4F421400A48BB4 /* AppDelegate.m in Sources */ = {isa = PBXBuildFile; fileRef = 18D683F01C4F421400A48BB4 /* AppDelegate.m */; };
		18D684361C4F421400A48BB4 /* FLLTest1ViewController.m in Sources */ = {isa = PBXBuildFile; fileRef = 18D683F41C4F421400A48BB4 /* FLLTest1ViewController.m */; };
		18D684371C4F421400A48BB4 /* FLTest1ViewController.m in Sources */ = {isa = PBXBuildFile; fileRef = 18D683F61C4F421400A48BB4 /* FLTest1ViewController.m */; };
		18D684381C4F421400A48BB4 /* FLTest2ViewController.m in Sources */ = {isa = PBXBuildFile; fileRef = 18D683F81C4F421400A48BB4 /* FLTest2ViewController.m */; };
		18D684391C4F421400A48BB4 /* Images.xcassets in Resources */ = {isa = PBXBuildFile; fileRef = 18D683F91C4F421400A48BB4 /* Images.xcassets */; };
		18D6843B1C4F421400A48BB4 /* MyFlowLayout.m in Sources */ = {isa = PBXBuildFile; fileRef = 18D683FD1C4F421400A48BB4 /* MyFlowLayout.m */; };
		18D6843C1C4F421400A48BB4 /* MyFrameLayout.m in Sources */ = {isa = PBXBuildFile; fileRef = 18D683FF1C4F421400A48BB4 /* MyFrameLayout.m */; };
		18D6843D1C4F421400A48BB4 /* MyBaseLayout.m in Sources */ = {isa = PBXBuildFile; fileRef = 18D684021C4F421400A48BB4 /* MyBaseLayout.m */; };
		18D6843E1C4F421400A48BB4 /* MyLayoutSize.m in Sources */ = {isa = PBXBuildFile; fileRef = 18D684051C4F421400A48BB4 /* MyLayoutSize.m */; };
		18D684401C4F421400A48BB4 /* MyLayoutPos.m in Sources */ = {isa = PBXBuildFile; fileRef = 18D6840B1C4F421400A48BB4 /* MyLayoutPos.m */; };
		18D684411C4F421400A48BB4 /* MyLinearLayout.m in Sources */ = {isa = PBXBuildFile; fileRef = 18D6840E1C4F421400A48BB4 /* MyLinearLayout.m */; };
		18D684421C4F421400A48BB4 /* MyMaker.m in Sources */ = {isa = PBXBuildFile; fileRef = 18D684101C4F421400A48BB4 /* MyMaker.m */; };
		18D684431C4F421400A48BB4 /* MyRelativeLayout.m in Sources */ = {isa = PBXBuildFile; fileRef = 18D684121C4F421400A48BB4 /* MyRelativeLayout.m */; };
		18D684441C4F421400A48BB4 /* MyTableLayout.m in Sources */ = {isa = PBXBuildFile; fileRef = 18D684141C4F421400A48BB4 /* MyTableLayout.m */; };
		18D684451C4F421400A48BB4 /* LLTest1ViewController.m in Sources */ = {isa = PBXBuildFile; fileRef = 18D684161C4F421400A48BB4 /* LLTest1ViewController.m */; };
		18D684461C4F421400A48BB4 /* LLTest2ViewController.m in Sources */ = {isa = PBXBuildFile; fileRef = 18D684181C4F421400A48BB4 /* LLTest2ViewController.m */; };
		18D684471C4F421400A48BB4 /* LLTest3ViewController.m in Sources */ = {isa = PBXBuildFile; fileRef = 18D6841A1C4F421400A48BB4 /* LLTest3ViewController.m */; };
		18D684481C4F421400A48BB4 /* LLTest4ViewController.m in Sources */ = {isa = PBXBuildFile; fileRef = 18D6841C1C4F421400A48BB4 /* LLTest4ViewController.m */; };
		18D684491C4F421400A48BB4 /* LLTest5ViewController.m in Sources */ = {isa = PBXBuildFile; fileRef = 18D6841E1C4F421400A48BB4 /* LLTest5ViewController.m */; };
		18D6844A1C4F421400A48BB4 /* LLTest6ViewController.m in Sources */ = {isa = PBXBuildFile; fileRef = 18D684201C4F421400A48BB4 /* LLTest6ViewController.m */; };
		18D6844B1C4F421400A48BB4 /* LLTest7ViewController.m in Sources */ = {isa = PBXBuildFile; fileRef = 18D684221C4F421400A48BB4 /* LLTest7ViewController.m */; };
		18D6844C1C4F421400A48BB4 /* main.m in Sources */ = {isa = PBXBuildFile; fileRef = 18D684231C4F421400A48BB4 /* main.m */; };
		18D6844D1C4F421400A48BB4 /* RLTest1ViewController.m in Sources */ = {isa = PBXBuildFile; fileRef = 18D684251C4F421400A48BB4 /* RLTest1ViewController.m */; };
		18D6844E1C4F421400A48BB4 /* RLTest2ViewController.m in Sources */ = {isa = PBXBuildFile; fileRef = 18D684271C4F421400A48BB4 /* RLTest2ViewController.m */; };
		18D6844F1C4F421400A48BB4 /* RLTest3ViewController.m in Sources */ = {isa = PBXBuildFile; fileRef = 18D684291C4F421400A48BB4 /* RLTest3ViewController.m */; };
		18D684501C4F421400A48BB4 /* TLTest1ViewController.m in Sources */ = {isa = PBXBuildFile; fileRef = 18D6842B1C4F421400A48BB4 /* TLTest1ViewController.m */; };
		18D684511C4F421400A48BB4 /* TLTest2ViewController.m in Sources */ = {isa = PBXBuildFile; fileRef = 18D6842D1C4F421400A48BB4 /* TLTest2ViewController.m */; };
		18D684521C4F421400A48BB4 /* ViewController.m in Sources */ = {isa = PBXBuildFile; fileRef = 18D6842F1C4F421400A48BB4 /* ViewController.m */; };
		18D684591C4F423400A48BB4 /* MyLayoutTests.m in Sources */ = {isa = PBXBuildFile; fileRef = 18D684551C4F423400A48BB4 /* MyLayoutTests.m */; };
		18DBC56A1CFB451800BD73D2 /* FOLTest4ViewController.m in Sources */ = {isa = PBXBuildFile; fileRef = 18DBC5691CFB451800BD73D2 /* FOLTest4ViewController.m */; };
		18DC7F551CF5510F008E5FCB /* AllTest1TableViewCell.m in Sources */ = {isa = PBXBuildFile; fileRef = 18DC7F541CF5510F008E5FCB /* AllTest1TableViewCell.m */; };
		18DF8AE91DDCBF34009FD703 /* CFTool.m in Sources */ = {isa = PBXBuildFile; fileRef = 18DF8AE81DDCBF34009FD703 /* CFTool.m */; };
		18E7C5181D47A1CA00F61A3E /* PLTest1ViewController.m in Sources */ = {isa = PBXBuildFile; fileRef = 18E7C5171D47A1CA00F61A3E /* PLTest1ViewController.m */; };
		18E7C51B1D47BA9400F61A3E /* PLTest2ViewController.m in Sources */ = {isa = PBXBuildFile; fileRef = 18E7C51A1D47BA9400F61A3E /* PLTest2ViewController.m */; };
		18E8084D1B3A5D170059C410 /* QuartzCore.framework in Frameworks */ = {isa = PBXBuildFile; fileRef = 18E8084C1B3A5D170059C410 /* QuartzCore.framework */; };
		18EA81451CFFD3E90006530A /* FOLTest5ViewController.m in Sources */ = {isa = PBXBuildFile; fileRef = 18EA81441CFFD3E90006530A /* FOLTest5ViewController.m */; };
		18EDEC811D64B70D00F8B1CD /* FOLTest6ViewController.m in Sources */ = {isa = PBXBuildFile; fileRef = 18EDEC801D64B70D00F8B1CD /* FOLTest6ViewController.m */; };
		46D45B161C525FC400A8362C /* MyLayoutSizeClass.m in Sources */ = {isa = PBXBuildFile; fileRef = 46D45B151C525FC400A8362C /* MyLayoutSizeClass.m */; };
		46DB7E6B1C54B4BC001B409D /* AllTest5ViewController.m in Sources */ = {isa = PBXBuildFile; fileRef = 46DB7E6A1C54B4BC001B409D /* AllTest5ViewController.m */; };
/* End PBXBuildFile section */

/* Begin PBXContainerItemProxy section */
		184082A71B2C46E8003F378B /* PBXContainerItemProxy */ = {
			isa = PBXContainerItemProxy;
			containerPortal = 184082851B2C46E8003F378B /* Project object */;
			proxyType = 1;
			remoteGlobalIDString = 1840828C1B2C46E8003F378B;
			remoteInfo = MyLinearLayoutDemo;
		};
		18B152361DEDDE5500AD7A1C /* PBXContainerItemProxy */ = {
			isa = PBXContainerItemProxy;
			containerPortal = 184082851B2C46E8003F378B /* Project object */;
			proxyType = 1;
			remoteGlobalIDString = 1840828C1B2C46E8003F378B;
			remoteInfo = MyLayout;
		};
/* End PBXContainerItemProxy section */

/* Begin PBXFileReference section */
		18014BA31C9079DA0088133B /* MyDimeScale.h */ = {isa = PBXFileReference; fileEncoding = 4; lastKnownFileType = sourcecode.c.h; path = MyDimeScale.h; sourceTree = "<group>"; };
		18014BA41C9079DA0088133B /* MyDimeScale.m */ = {isa = PBXFileReference; fileEncoding = 4; lastKnownFileType = sourcecode.c.objc; path = MyDimeScale.m; sourceTree = "<group>"; };
		181068351E0B4EA9000B9B86 /* AllTest8ViewController.h */ = {isa = PBXFileReference; fileEncoding = 4; lastKnownFileType = sourcecode.c.h; path = AllTest8ViewController.h; sourceTree = "<group>"; };
		181068361E0B4EA9000B9B86 /* AllTest8ViewController.m */ = {isa = PBXFileReference; fileEncoding = 4; lastKnownFileType = sourcecode.c.objc; path = AllTest8ViewController.m; sourceTree = "<group>"; };
		181550661E2F75DF00329BFF /* FLLTest5ViewController.h */ = {isa = PBXFileReference; fileEncoding = 4; lastKnownFileType = sourcecode.c.h; path = FLLTest5ViewController.h; sourceTree = "<group>"; };
		181550671E2F75EA00329BFF /* FLLTest5ViewController.m */ = {isa = PBXFileReference; fileEncoding = 4; lastKnownFileType = sourcecode.c.objc; path = FLLTest5ViewController.m; sourceTree = "<group>"; };
		181ECE5F1D570CA1007803BE /* YYFPSLabel.m */ = {isa = PBXFileReference; fileEncoding = 4; lastKnownFileType = sourcecode.c.objc; path = YYFPSLabel.m; sourceTree = "<group>"; };
		181ECE601D570CA1007803BE /* YYWeakProxy.m */ = {isa = PBXFileReference; fileEncoding = 4; lastKnownFileType = sourcecode.c.objc; path = YYWeakProxy.m; sourceTree = "<group>"; };
		181ECE611D570CA1007803BE /* YYWeakProxy.h */ = {isa = PBXFileReference; fileEncoding = 4; lastKnownFileType = sourcecode.c.h; path = YYWeakProxy.h; sourceTree = "<group>"; };
		181ECE621D570CA1007803BE /* YYFPSLabel.h */ = {isa = PBXFileReference; fileEncoding = 4; lastKnownFileType = sourcecode.c.h; path = YYFPSLabel.h; sourceTree = "<group>"; };
		181F97F41E079462004A9AE6 /* RLTest5ViewController.m */ = {isa = PBXFileReference; fileEncoding = 4; lastKnownFileType = sourcecode.c.objc; path = RLTest5ViewController.m; sourceTree = "<group>"; };
		181F97F61E079473004A9AE6 /* RLTest5ViewController.h */ = {isa = PBXFileReference; fileEncoding = 4; lastKnownFileType = sourcecode.c.h; path = RLTest5ViewController.h; sourceTree = "<group>"; };
		18296B6D1C76D55B00273C3E /* FOLTest1ViewController.h */ = {isa = PBXFileReference; fileEncoding = 4; lastKnownFileType = sourcecode.c.h; path = FOLTest1ViewController.h; sourceTree = "<group>"; };
		18296B6E1C76D55B00273C3E /* FOLTest1ViewController.m */ = {isa = PBXFileReference; fileEncoding = 4; lastKnownFileType = sourcecode.c.objc; path = FOLTest1ViewController.m; sourceTree = "<group>"; };
		18296B701C76D66C00273C3E /* FOLTest2ViewController.h */ = {isa = PBXFileReference; fileEncoding = 4; lastKnownFileType = sourcecode.c.h; path = FOLTest2ViewController.h; sourceTree = "<group>"; };
		18296B711C76D66C00273C3E /* FOLTest2ViewController.m */ = {isa = PBXFileReference; fileEncoding = 4; lastKnownFileType = sourcecode.c.objc; path = FOLTest2ViewController.m; sourceTree = "<group>"; };
		18296B731C76D67F00273C3E /* FOLTest3ViewController.h */ = {isa = PBXFileReference; fileEncoding = 4; lastKnownFileType = sourcecode.c.h; path = FOLTest3ViewController.h; sourceTree = "<group>"; };
		18296B741C76D67F00273C3E /* FOLTest3ViewController.m */ = {isa = PBXFileReference; fileEncoding = 4; lastKnownFileType = sourcecode.c.objc; path = FOLTest3ViewController.m; sourceTree = "<group>"; };
		1830A6071CD6EC2F00FF6B57 /* FLLTest3ViewController.h */ = {isa = PBXFileReference; fileEncoding = 4; lastKnownFileType = sourcecode.c.h; path = FLLTest3ViewController.h; sourceTree = "<group>"; };
		1830A6081CD6EC4500FF6B57 /* FLLTest3ViewController.m */ = {isa = PBXFileReference; fileEncoding = 4; lastKnownFileType = sourcecode.c.objc; path = FLLTest3ViewController.m; sourceTree = "<group>"; };
		183C14611DB9DD1A00C38448 /* AllTest7ViewController.h */ = {isa = PBXFileReference; fileEncoding = 4; lastKnownFileType = sourcecode.c.h; path = AllTest7ViewController.h; sourceTree = "<group>"; };
		183C14621DB9DD1A00C38448 /* AllTest7ViewController.m */ = {isa = PBXFileReference; fileEncoding = 4; lastKnownFileType = sourcecode.c.objc; path = AllTest7ViewController.m; sourceTree = "<group>"; };
		1840828D1B2C46E8003F378B /* MyLayout.app */ = {isa = PBXFileReference; explicitFileType = wrapper.application; includeInIndex = 0; path = MyLayout.app; sourceTree = BUILT_PRODUCTS_DIR; };
		184082A61B2C46E8003F378B /* MyLayout.xctest */ = {isa = PBXFileReference; explicitFileType = wrapper.cfbundle; includeInIndex = 0; path = MyLayout.xctest; sourceTree = BUILT_PRODUCTS_DIR; };
		186B83D01D08F7B9001CA155 /* Base */ = {isa = PBXFileReference; lastKnownFileType = file.xib; name = Base; path = LaunchScreen.xib; sourceTree = "<group>"; };
		186B83DB1D090DE6001CA155 /* zh-Hans */ = {isa = PBXFileReference; lastKnownFileType = text.plist.strings; name = "zh-Hans"; path = LaunchScreen.strings; sourceTree = "<group>"; };
		186B83DD1D090DE6001CA155 /* zh-Hans */ = {isa = PBXFileReference; lastKnownFileType = text.plist.strings; name = "zh-Hans"; path = Localizable.strings; sourceTree = "<group>"; };
		186B83E11D094F11001CA155 /* zh-Hans */ = {isa = PBXFileReference; lastKnownFileType = file.xib; name = "zh-Hans"; path = "zh-Hans.lproj/FLLTest2ViewController.xib"; sourceTree = "<group>"; };
		186B83E31D094F19001CA155 /* Base */ = {isa = PBXFileReference; lastKnownFileType = file.xib; name = Base; path = Base.lproj/FLLTest2ViewController.xib; sourceTree = "<group>"; };
		186B83E51D095A49001CA155 /* zh-Hans */ = {isa = PBXFileReference; lastKnownFileType = file.xib; name = "zh-Hans"; path = "zh-Hans.lproj/FOLTest1ViewController.xib"; sourceTree = "<group>"; };
		186B83E71D095A54001CA155 /* Base */ = {isa = PBXFileReference; lastKnownFileType = file.xib; name = Base; path = Base.lproj/FOLTest1ViewController.xib; sourceTree = "<group>"; };
		186C530A1C75A5BB0031B2A2 /* MyFloatLayout.h */ = {isa = PBXFileReference; fileEncoding = 4; lastKnownFileType = sourcecode.c.h; path = MyFloatLayout.h; sourceTree = "<group>"; };
		186C530B1C75A5BB0031B2A2 /* MyFloatLayout.m */ = {isa = PBXFileReference; fileEncoding = 4; lastKnownFileType = sourcecode.c.objc; path = MyFloatLayout.m; sourceTree = "<group>"; };
		186DF36C1D523EDB00039E44 /* ll.png */ = {isa = PBXFileReference; lastKnownFileType = image.png; path = ll.png; sourceTree = "<group>"; };
		186DF36D1D523EDB00039E44 /* pl.png */ = {isa = PBXFileReference; lastKnownFileType = image.png; path = pl.png; sourceTree = "<group>"; };
		186DF36E1D523EDB00039E44 /* rl.png */ = {isa = PBXFileReference; lastKnownFileType = image.png; path = rl.png; sourceTree = "<group>"; };
		186DF36F1D523EDB00039E44 /* tl.png */ = {isa = PBXFileReference; lastKnownFileType = image.png; path = tl.png; sourceTree = "<group>"; };
		186DF3701D523EDB00039E44 /* fl.png */ = {isa = PBXFileReference; lastKnownFileType = image.png; path = fl.png; sourceTree = "<group>"; };
		186DF3711D523EDB00039E44 /* fll.png */ = {isa = PBXFileReference; lastKnownFileType = image.png; path = fll.png; sourceTree = "<group>"; };
		186DF3721D523EDB00039E44 /* flo.png */ = {isa = PBXFileReference; lastKnownFileType = image.png; path = flo.png; sourceTree = "<group>"; };
		1871D25D1D2F5ABA00D37F55 /* MyPathLayout.h */ = {isa = PBXFileReference; fileEncoding = 4; lastKnownFileType = sourcecode.c.h; path = MyPathLayout.h; sourceTree = "<group>"; };
		1871D25E1D2F5ABA00D37F55 /* MyPathLayout.m */ = {isa = PBXFileReference; fileEncoding = 4; lastKnownFileType = sourcecode.c.objc; path = MyPathLayout.m; sourceTree = "<group>"; };
		188261CD1C647CB300996C2C /* AllTest6ViewController.h */ = {isa = PBXFileReference; fileEncoding = 4; lastKnownFileType = sourcecode.c.h; path = AllTest6ViewController.h; sourceTree = "<group>"; };
		188261CE1C647CB300996C2C /* AllTest6ViewController.m */ = {isa = PBXFileReference; fileEncoding = 4; lastKnownFileType = sourcecode.c.objc; path = AllTest6ViewController.m; sourceTree = "<group>"; };
		1888CE7C1D0BE44300968C0C /* layoutdemo6.gif */ = {isa = PBXFileReference; lastKnownFileType = image.gif; path = layoutdemo6.gif; sourceTree = "<group>"; };
		1888CE7D1D0BE44300968C0C /* layoutdemo5.gif */ = {isa = PBXFileReference; lastKnownFileType = image.gif; path = layoutdemo5.gif; sourceTree = "<group>"; };
		1888CE7E1D0BE44300968C0C /* layoutdemo4.gif */ = {isa = PBXFileReference; lastKnownFileType = image.gif; path = layoutdemo4.gif; sourceTree = "<group>"; };
		1888CE7F1D0BE44300968C0C /* layoutdemo3.gif */ = {isa = PBXFileReference; lastKnownFileType = image.gif; path = layoutdemo3.gif; sourceTree = "<group>"; };
		1888CE801D0BE44300968C0C /* layoutdemo2.gif */ = {isa = PBXFileReference; lastKnownFileType = image.gif; path = layoutdemo2.gif; sourceTree = "<group>"; };
		1888CE811D0BE44300968C0C /* layoutdemo1.gif */ = {isa = PBXFileReference; lastKnownFileType = image.gif; path = layoutdemo1.gif; sourceTree = "<group>"; };
		188D90DF1DE736BB0034F76E /* MyLayoutClass.png */ = {isa = PBXFileReference; lastKnownFileType = image.png; path = MyLayoutClass.png; sourceTree = "<group>"; };
		1890A22C1C6DD71600373B8B /* FLLTest2ViewController.h */ = {isa = PBXFileReference; fileEncoding = 4; lastKnownFileType = sourcecode.c.h; path = FLLTest2ViewController.h; sourceTree = "<group>"; };
		1890A22D1C6DD71600373B8B /* FLLTest2ViewController.m */ = {isa = PBXFileReference; fileEncoding = 4; lastKnownFileType = sourcecode.c.objc; path = FLLTest2ViewController.m; sourceTree = "<group>"; };
		1896926E1CF74E6A000A5B91 /* AllTest2TableViewCell.h */ = {isa = PBXFileReference; fileEncoding = 4; lastKnownFileType = sourcecode.c.h; path = AllTest2TableViewCell.h; sourceTree = "<group>"; };
		1896926F1CF74E7E000A5B91 /* AllTest2TableViewCell.m */ = {isa = PBXFileReference; fileEncoding = 4; lastKnownFileType = sourcecode.c.objc; path = AllTest2TableViewCell.m; sourceTree = "<group>"; };
		189692711CF74E9B000A5B91 /* AllTest1TableViewHeaderFooterView.h */ = {isa = PBXFileReference; fileEncoding = 4; lastKnownFileType = sourcecode.c.h; path = AllTest1TableViewHeaderFooterView.h; sourceTree = "<group>"; };
		189692721CF74EA7000A5B91 /* AllTest1TableViewHeaderFooterView.m */ = {isa = PBXFileReference; fileEncoding = 4; lastKnownFileType = sourcecode.c.objc; path = AllTest1TableViewHeaderFooterView.m; sourceTree = "<group>"; };
		189692741CF74EBB000A5B91 /* AllTestDataModel.h */ = {isa = PBXFileReference; fileEncoding = 4; lastKnownFileType = sourcecode.c.h; path = AllTestDataModel.h; sourceTree = "<group>"; };
		189692751CF74EC5000A5B91 /* AllTestDataModel.m */ = {isa = PBXFileReference; fileEncoding = 4; lastKnownFileType = sourcecode.c.objc; path = AllTestDataModel.m; sourceTree = "<group>"; };
		1897384E1E1631E3004F80D6 /* MyRelativeLayoutTestCase.m */ = {isa = PBXFileReference; fileEncoding = 4; lastKnownFileType = sourcecode.c.objc; path = MyRelativeLayoutTestCase.m; sourceTree = "<group>"; };
		189738501E16330B004F80D6 /* MyLayoutTestCaseBase.m */ = {isa = PBXFileReference; fileEncoding = 4; lastKnownFileType = sourcecode.c.objc; path = MyLayoutTestCaseBase.m; sourceTree = "<group>"; };
		189738521E16340D004F80D6 /* MyLayoutTestCaseBase.h */ = {isa = PBXFileReference; lastKnownFileType = sourcecode.c.h; path = MyLayoutTestCaseBase.h; sourceTree = "<group>"; };
		18A9A4D31D63049F004974CE /* RLTest4ViewController.m */ = {isa = PBXFileReference; fileEncoding = 4; lastKnownFileType = sourcecode.c.objc; path = RLTest4ViewController.m; sourceTree = "<group>"; };
		18A9A4D51D6304AD004974CE /* RLTest4ViewController.h */ = {isa = PBXFileReference; fileEncoding = 4; lastKnownFileType = sourcecode.c.h; path = RLTest4ViewController.h; sourceTree = "<group>"; };
		18B152311DEDDE5500AD7A1C /* MyLayoutUITests.xctest */ = {isa = PBXFileReference; explicitFileType = wrapper.cfbundle; includeInIndex = 0; path = MyLayoutUITests.xctest; sourceTree = BUILT_PRODUCTS_DIR; };
		18B152331DEDDE5500AD7A1C /* MyLayoutUITests.m */ = {isa = PBXFileReference; lastKnownFileType = sourcecode.c.objc; path = MyLayoutUITests.m; sourceTree = "<group>"; };
		18B152351DEDDE5500AD7A1C /* Info.plist */ = {isa = PBXFileReference; lastKnownFileType = text.plist.xml; path = Info.plist; sourceTree = "<group>"; };
		18BCC5181D2D4879005081FF /* FLLTest4ViewController.h */ = {isa = PBXFileReference; fileEncoding = 4; lastKnownFileType = sourcecode.c.h; path = FLLTest4ViewController.h; sourceTree = "<group>"; };
		18BCC5191D2D4885005081FF /* FLLTest4ViewController.m */ = {isa = PBXFileReference; fileEncoding = 4; lastKnownFileType = sourcecode.c.objc; path = FLLTest4ViewController.m; sourceTree = "<group>"; };
		18BF0BE41D5109C300395960 /* layoutdemo7.gif */ = {isa = PBXFileReference; lastKnownFileType = image.gif; path = layoutdemo7.gif; sourceTree = "<group>"; };
		18C8F1621D4DA6B800DC1FD3 /* PLTest3ViewController.h */ = {isa = PBXFileReference; fileEncoding = 4; lastKnownFileType = sourcecode.c.h; path = PLTest3ViewController.h; sourceTree = "<group>"; };
		18C8F1631D4DA6B800DC1FD3 /* PLTest3ViewController.m */ = {isa = PBXFileReference; fileEncoding = 4; lastKnownFileType = sourcecode.c.objc; path = PLTest3ViewController.m; sourceTree = "<group>"; };
		18C8F1651D4E3E4E00DC1FD3 /* PLTest4ViewController.h */ = {isa = PBXFileReference; fileEncoding = 4; lastKnownFileType = sourcecode.c.h; path = PLTest4ViewController.h; sourceTree = "<group>"; };
		18C8F1661D4E3E4E00DC1FD3 /* PLTest4ViewController.m */ = {isa = PBXFileReference; fileEncoding = 4; lastKnownFileType = sourcecode.c.objc; path = PLTest4ViewController.m; sourceTree = "<group>"; };
		18CFFA2C1D0723870032A789 /* TLTest3ViewController.h */ = {isa = PBXFileReference; fileEncoding = 4; lastKnownFileType = sourcecode.c.h; path = TLTest3ViewController.h; sourceTree = "<group>"; };
		18CFFA2D1D0723970032A789 /* TLTest3ViewController.m */ = {isa = PBXFileReference; fileEncoding = 4; lastKnownFileType = sourcecode.c.objc; path = TLTest3ViewController.m; sourceTree = "<group>"; };
		18D683E71C4F421400A48BB4 /* AllTest1ViewController.h */ = {isa = PBXFileReference; fileEncoding = 4; lastKnownFileType = sourcecode.c.h; lineEnding = 0; path = AllTest1ViewController.h; sourceTree = "<group>"; xcLanguageSpecificationIdentifier = xcode.lang.objcpp; };
		18D683E81C4F421400A48BB4 /* AllTest1ViewController.m */ = {isa = PBXFileReference; fileEncoding = 4; lastKnownFileType = sourcecode.c.objc; lineEnding = 0; path = AllTest1ViewController.m; sourceTree = "<group>"; xcLanguageSpecificationIdentifier = xcode.lang.objc; };
		18D683E91C4F421400A48BB4 /* AllTest2ViewController.h */ = {isa = PBXFileReference; fileEncoding = 4; lastKnownFileType = sourcecode.c.h; lineEnding = 0; path = AllTest2ViewController.h; sourceTree = "<group>"; xcLanguageSpecificationIdentifier = xcode.lang.objcpp; };
		18D683EA1C4F421400A48BB4 /* AllTest2ViewController.m */ = {isa = PBXFileReference; fileEncoding = 4; lastKnownFileType = sourcecode.c.objc; lineEnding = 0; path = AllTest2ViewController.m; sourceTree = "<group>"; xcLanguageSpecificationIdentifier = xcode.lang.objc; };
		18D683EB1C4F421400A48BB4 /* AllTest3ViewController.h */ = {isa = PBXFileReference; fileEncoding = 4; lastKnownFileType = sourcecode.c.h; lineEnding = 0; path = AllTest3ViewController.h; sourceTree = "<group>"; xcLanguageSpecificationIdentifier = xcode.lang.objcpp; };
		18D683EC1C4F421400A48BB4 /* AllTest3ViewController.m */ = {isa = PBXFileReference; fileEncoding = 4; lastKnownFileType = sourcecode.c.objc; lineEnding = 0; path = AllTest3ViewController.m; sourceTree = "<group>"; xcLanguageSpecificationIdentifier = xcode.lang.objc; };
		18D683ED1C4F421400A48BB4 /* AllTest4ViewController.h */ = {isa = PBXFileReference; fileEncoding = 4; lastKnownFileType = sourcecode.c.h; lineEnding = 0; path = AllTest4ViewController.h; sourceTree = "<group>"; xcLanguageSpecificationIdentifier = xcode.lang.objcpp; };
		18D683EE1C4F421400A48BB4 /* AllTest4ViewController.m */ = {isa = PBXFileReference; fileEncoding = 4; lastKnownFileType = sourcecode.c.objc; lineEnding = 0; path = AllTest4ViewController.m; sourceTree = "<group>"; xcLanguageSpecificationIdentifier = xcode.lang.objc; };
		18D683EF1C4F421400A48BB4 /* AppDelegate.h */ = {isa = PBXFileReference; fileEncoding = 4; lastKnownFileType = sourcecode.c.h; path = AppDelegate.h; sourceTree = "<group>"; };
		18D683F01C4F421400A48BB4 /* AppDelegate.m */ = {isa = PBXFileReference; fileEncoding = 4; lastKnownFileType = sourcecode.c.objc; path = AppDelegate.m; sourceTree = "<group>"; };
		18D683F31C4F421400A48BB4 /* FLLTest1ViewController.h */ = {isa = PBXFileReference; fileEncoding = 4; lastKnownFileType = sourcecode.c.h; lineEnding = 0; path = FLLTest1ViewController.h; sourceTree = "<group>"; xcLanguageSpecificationIdentifier = xcode.lang.objcpp; };
		18D683F41C4F421400A48BB4 /* FLLTest1ViewController.m */ = {isa = PBXFileReference; fileEncoding = 4; lastKnownFileType = sourcecode.c.objc; lineEnding = 0; path = FLLTest1ViewController.m; sourceTree = "<group>"; xcLanguageSpecificationIdentifier = xcode.lang.objc; };
		18D683F51C4F421400A48BB4 /* FLTest1ViewController.h */ = {isa = PBXFileReference; fileEncoding = 4; lastKnownFileType = sourcecode.c.h; lineEnding = 0; path = FLTest1ViewController.h; sourceTree = "<group>"; xcLanguageSpecificationIdentifier = xcode.lang.objcpp; };
		18D683F61C4F421400A48BB4 /* FLTest1ViewController.m */ = {isa = PBXFileReference; fileEncoding = 4; lastKnownFileType = sourcecode.c.objc; lineEnding = 0; path = FLTest1ViewController.m; sourceTree = "<group>"; xcLanguageSpecificationIdentifier = xcode.lang.objc; };
		18D683F71C4F421400A48BB4 /* FLTest2ViewController.h */ = {isa = PBXFileReference; fileEncoding = 4; lastKnownFileType = sourcecode.c.h; lineEnding = 0; path = FLTest2ViewController.h; sourceTree = "<group>"; xcLanguageSpecificationIdentifier = xcode.lang.objcpp; };
		18D683F81C4F421400A48BB4 /* FLTest2ViewController.m */ = {isa = PBXFileReference; fileEncoding = 4; lastKnownFileType = sourcecode.c.objc; lineEnding = 0; path = FLTest2ViewController.m; sourceTree = "<group>"; xcLanguageSpecificationIdentifier = xcode.lang.objc; };
		18D683F91C4F421400A48BB4 /* Images.xcassets */ = {isa = PBXFileReference; lastKnownFileType = folder.assetcatalog; path = Images.xcassets; sourceTree = "<group>"; };
		18D683FA1C4F421400A48BB4 /* Info.plist */ = {isa = PBXFileReference; fileEncoding = 4; lastKnownFileType = text.plist.xml; path = Info.plist; sourceTree = "<group>"; };
		18D683FC1C4F421400A48BB4 /* MyFlowLayout.h */ = {isa = PBXFileReference; fileEncoding = 4; lastKnownFileType = sourcecode.c.h; path = MyFlowLayout.h; sourceTree = "<group>"; };
		18D683FD1C4F421400A48BB4 /* MyFlowLayout.m */ = {isa = PBXFileReference; fileEncoding = 4; lastKnownFileType = sourcecode.c.objc; path = MyFlowLayout.m; sourceTree = "<group>"; };
		18D683FE1C4F421400A48BB4 /* MyFrameLayout.h */ = {isa = PBXFileReference; fileEncoding = 4; lastKnownFileType = sourcecode.c.h; path = MyFrameLayout.h; sourceTree = "<group>"; };
		18D683FF1C4F421400A48BB4 /* MyFrameLayout.m */ = {isa = PBXFileReference; fileEncoding = 4; lastKnownFileType = sourcecode.c.objc; path = MyFrameLayout.m; sourceTree = "<group>"; };
		18D684001C4F421400A48BB4 /* MyLayout.h */ = {isa = PBXFileReference; fileEncoding = 4; lastKnownFileType = sourcecode.c.h; path = MyLayout.h; sourceTree = "<group>"; };
		18D684011C4F421400A48BB4 /* MyBaseLayout.h */ = {isa = PBXFileReference; fileEncoding = 4; lastKnownFileType = sourcecode.c.h; path = MyBaseLayout.h; sourceTree = "<group>"; };
		18D684021C4F421400A48BB4 /* MyBaseLayout.m */ = {isa = PBXFileReference; fileEncoding = 4; lastKnownFileType = sourcecode.c.objc; path = MyBaseLayout.m; sourceTree = "<group>"; };
		18D684031C4F421400A48BB4 /* MyLayoutDef.h */ = {isa = PBXFileReference; fileEncoding = 4; lastKnownFileType = sourcecode.c.h; path = MyLayoutDef.h; sourceTree = "<group>"; };
		18D684041C4F421400A48BB4 /* MyLayoutSize.h */ = {isa = PBXFileReference; fileEncoding = 4; lastKnownFileType = sourcecode.c.h; path = MyLayoutSize.h; sourceTree = "<group>"; };
		18D684051C4F421400A48BB4 /* MyLayoutSize.m */ = {isa = PBXFileReference; fileEncoding = 4; lastKnownFileType = sourcecode.c.objc; path = MyLayoutSize.m; sourceTree = "<group>"; };
		18D684061C4F421400A48BB4 /* MyLayoutSizeInner.h */ = {isa = PBXFileReference; fileEncoding = 4; lastKnownFileType = sourcecode.c.h; path = MyLayoutSizeInner.h; sourceTree = "<group>"; };
		18D684071C4F421400A48BB4 /* MyLayoutInner.h */ = {isa = PBXFileReference; fileEncoding = 4; lastKnownFileType = sourcecode.c.h; path = MyLayoutInner.h; sourceTree = "<group>"; };
		18D6840A1C4F421400A48BB4 /* MyLayoutPos.h */ = {isa = PBXFileReference; fileEncoding = 4; lastKnownFileType = sourcecode.c.h; path = MyLayoutPos.h; sourceTree = "<group>"; };
		18D6840B1C4F421400A48BB4 /* MyLayoutPos.m */ = {isa = PBXFileReference; fileEncoding = 4; lastKnownFileType = sourcecode.c.objc; path = MyLayoutPos.m; sourceTree = "<group>"; };
		18D6840C1C4F421400A48BB4 /* MyLayoutPosInner.h */ = {isa = PBXFileReference; fileEncoding = 4; lastKnownFileType = sourcecode.c.h; path = MyLayoutPosInner.h; sourceTree = "<group>"; };
		18D6840D1C4F421400A48BB4 /* MyLinearLayout.h */ = {isa = PBXFileReference; fileEncoding = 4; lastKnownFileType = sourcecode.c.h; path = MyLinearLayout.h; sourceTree = "<group>"; };
		18D6840E1C4F421400A48BB4 /* MyLinearLayout.m */ = {isa = PBXFileReference; fileEncoding = 4; lastKnownFileType = sourcecode.c.objc; path = MyLinearLayout.m; sourceTree = "<group>"; };
		18D6840F1C4F421400A48BB4 /* MyMaker.h */ = {isa = PBXFileReference; fileEncoding = 4; lastKnownFileType = sourcecode.c.h; path = MyMaker.h; sourceTree = "<group>"; };
		18D684101C4F421400A48BB4 /* MyMaker.m */ = {isa = PBXFileReference; fileEncoding = 4; lastKnownFileType = sourcecode.c.objc; path = MyMaker.m; sourceTree = "<group>"; };
		18D684111C4F421400A48BB4 /* MyRelativeLayout.h */ = {isa = PBXFileReference; fileEncoding = 4; lastKnownFileType = sourcecode.c.h; path = MyRelativeLayout.h; sourceTree = "<group>"; };
		18D684121C4F421400A48BB4 /* MyRelativeLayout.m */ = {isa = PBXFileReference; fileEncoding = 4; lastKnownFileType = sourcecode.c.objc; path = MyRelativeLayout.m; sourceTree = "<group>"; };
		18D684131C4F421400A48BB4 /* MyTableLayout.h */ = {isa = PBXFileReference; fileEncoding = 4; lastKnownFileType = sourcecode.c.h; path = MyTableLayout.h; sourceTree = "<group>"; };
		18D684141C4F421400A48BB4 /* MyTableLayout.m */ = {isa = PBXFileReference; fileEncoding = 4; lastKnownFileType = sourcecode.c.objc; path = MyTableLayout.m; sourceTree = "<group>"; };
		18D684151C4F421400A48BB4 /* LLTest1ViewController.h */ = {isa = PBXFileReference; fileEncoding = 4; lastKnownFileType = sourcecode.c.h; lineEnding = 0; path = LLTest1ViewController.h; sourceTree = "<group>"; xcLanguageSpecificationIdentifier = xcode.lang.objcpp; };
		18D684161C4F421400A48BB4 /* LLTest1ViewController.m */ = {isa = PBXFileReference; fileEncoding = 4; lastKnownFileType = sourcecode.c.objc; lineEnding = 0; path = LLTest1ViewController.m; sourceTree = "<group>"; xcLanguageSpecificationIdentifier = xcode.lang.objc; };
		18D684171C4F421400A48BB4 /* LLTest2ViewController.h */ = {isa = PBXFileReference; fileEncoding = 4; lastKnownFileType = sourcecode.c.h; lineEnding = 0; path = LLTest2ViewController.h; sourceTree = "<group>"; xcLanguageSpecificationIdentifier = xcode.lang.objcpp; };
		18D684181C4F421400A48BB4 /* LLTest2ViewController.m */ = {isa = PBXFileReference; fileEncoding = 4; lastKnownFileType = sourcecode.c.objc; lineEnding = 0; path = LLTest2ViewController.m; sourceTree = "<group>"; xcLanguageSpecificationIdentifier = xcode.lang.objc; };
		18D684191C4F421400A48BB4 /* LLTest3ViewController.h */ = {isa = PBXFileReference; fileEncoding = 4; lastKnownFileType = sourcecode.c.h; lineEnding = 0; path = LLTest3ViewController.h; sourceTree = "<group>"; xcLanguageSpecificationIdentifier = xcode.lang.objcpp; };
		18D6841A1C4F421400A48BB4 /* LLTest3ViewController.m */ = {isa = PBXFileReference; fileEncoding = 4; lastKnownFileType = sourcecode.c.objc; lineEnding = 0; path = LLTest3ViewController.m; sourceTree = "<group>"; xcLanguageSpecificationIdentifier = xcode.lang.objc; };
		18D6841B1C4F421400A48BB4 /* LLTest4ViewController.h */ = {isa = PBXFileReference; fileEncoding = 4; lastKnownFileType = sourcecode.c.h; lineEnding = 0; path = LLTest4ViewController.h; sourceTree = "<group>"; xcLanguageSpecificationIdentifier = xcode.lang.objcpp; };
		18D6841C1C4F421400A48BB4 /* LLTest4ViewController.m */ = {isa = PBXFileReference; fileEncoding = 4; lastKnownFileType = sourcecode.c.objc; lineEnding = 0; path = LLTest4ViewController.m; sourceTree = "<group>"; xcLanguageSpecificationIdentifier = xcode.lang.objc; };
		18D6841D1C4F421400A48BB4 /* LLTest5ViewController.h */ = {isa = PBXFileReference; fileEncoding = 4; lastKnownFileType = sourcecode.c.h; lineEnding = 0; path = LLTest5ViewController.h; sourceTree = "<group>"; xcLanguageSpecificationIdentifier = xcode.lang.objcpp; };
		18D6841E1C4F421400A48BB4 /* LLTest5ViewController.m */ = {isa = PBXFileReference; fileEncoding = 4; lastKnownFileType = sourcecode.c.objc; lineEnding = 0; path = LLTest5ViewController.m; sourceTree = "<group>"; xcLanguageSpecificationIdentifier = xcode.lang.objc; };
		18D6841F1C4F421400A48BB4 /* LLTest6ViewController.h */ = {isa = PBXFileReference; fileEncoding = 4; lastKnownFileType = sourcecode.c.h; path = LLTest6ViewController.h; sourceTree = "<group>"; };
		18D684201C4F421400A48BB4 /* LLTest6ViewController.m */ = {isa = PBXFileReference; fileEncoding = 4; lastKnownFileType = sourcecode.c.objc; path = LLTest6ViewController.m; sourceTree = "<group>"; };
		18D684211C4F421400A48BB4 /* LLTest7ViewController.h */ = {isa = PBXFileReference; fileEncoding = 4; lastKnownFileType = sourcecode.c.h; path = LLTest7ViewController.h; sourceTree = "<group>"; };
		18D684221C4F421400A48BB4 /* LLTest7ViewController.m */ = {isa = PBXFileReference; fileEncoding = 4; lastKnownFileType = sourcecode.c.objc; path = LLTest7ViewController.m; sourceTree = "<group>"; };
		18D684231C4F421400A48BB4 /* main.m */ = {isa = PBXFileReference; fileEncoding = 4; lastKnownFileType = sourcecode.c.objc; path = main.m; sourceTree = "<group>"; };
		18D684241C4F421400A48BB4 /* RLTest1ViewController.h */ = {isa = PBXFileReference; fileEncoding = 4; lastKnownFileType = sourcecode.c.h; path = RLTest1ViewController.h; sourceTree = "<group>"; };
		18D684251C4F421400A48BB4 /* RLTest1ViewController.m */ = {isa = PBXFileReference; fileEncoding = 4; lastKnownFileType = sourcecode.c.objc; path = RLTest1ViewController.m; sourceTree = "<group>"; };
		18D684261C4F421400A48BB4 /* RLTest2ViewController.h */ = {isa = PBXFileReference; fileEncoding = 4; lastKnownFileType = sourcecode.c.h; path = RLTest2ViewController.h; sourceTree = "<group>"; };
		18D684271C4F421400A48BB4 /* RLTest2ViewController.m */ = {isa = PBXFileReference; fileEncoding = 4; lastKnownFileType = sourcecode.c.objc; path = RLTest2ViewController.m; sourceTree = "<group>"; };
		18D684281C4F421400A48BB4 /* RLTest3ViewController.h */ = {isa = PBXFileReference; fileEncoding = 4; lastKnownFileType = sourcecode.c.h; path = RLTest3ViewController.h; sourceTree = "<group>"; };
		18D684291C4F421400A48BB4 /* RLTest3ViewController.m */ = {isa = PBXFileReference; fileEncoding = 4; lastKnownFileType = sourcecode.c.objc; path = RLTest3ViewController.m; sourceTree = "<group>"; };
		18D6842A1C4F421400A48BB4 /* TLTest1ViewController.h */ = {isa = PBXFileReference; fileEncoding = 4; lastKnownFileType = sourcecode.c.h; path = TLTest1ViewController.h; sourceTree = "<group>"; };
		18D6842B1C4F421400A48BB4 /* TLTest1ViewController.m */ = {isa = PBXFileReference; fileEncoding = 4; lastKnownFileType = sourcecode.c.objc; path = TLTest1ViewController.m; sourceTree = "<group>"; };
		18D6842C1C4F421400A48BB4 /* TLTest2ViewController.h */ = {isa = PBXFileReference; fileEncoding = 4; lastKnownFileType = sourcecode.c.h; path = TLTest2ViewController.h; sourceTree = "<group>"; };
		18D6842D1C4F421400A48BB4 /* TLTest2ViewController.m */ = {isa = PBXFileReference; fileEncoding = 4; lastKnownFileType = sourcecode.c.objc; path = TLTest2ViewController.m; sourceTree = "<group>"; };
		18D6842E1C4F421400A48BB4 /* ViewController.h */ = {isa = PBXFileReference; fileEncoding = 4; lastKnownFileType = sourcecode.c.h; path = ViewController.h; sourceTree = "<group>"; };
		18D6842F1C4F421400A48BB4 /* ViewController.m */ = {isa = PBXFileReference; fileEncoding = 4; lastKnownFileType = sourcecode.c.objc; path = ViewController.m; sourceTree = "<group>"; };
		18D684541C4F423400A48BB4 /* Info.plist */ = {isa = PBXFileReference; fileEncoding = 4; lastKnownFileType = text.plist.xml; path = Info.plist; sourceTree = "<group>"; };
		18D684551C4F423400A48BB4 /* MyLayoutTests.m */ = {isa = PBXFileReference; fileEncoding = 4; lastKnownFileType = sourcecode.c.objc; path = MyLayoutTests.m; sourceTree = "<group>"; };
		18DBC5681CFB450900BD73D2 /* FOLTest4ViewController.h */ = {isa = PBXFileReference; fileEncoding = 4; lastKnownFileType = sourcecode.c.h; path = FOLTest4ViewController.h; sourceTree = "<group>"; };
		18DBC5691CFB451800BD73D2 /* FOLTest4ViewController.m */ = {isa = PBXFileReference; fileEncoding = 4; lastKnownFileType = sourcecode.c.objc; path = FOLTest4ViewController.m; sourceTree = "<group>"; };
		18DC7F531CF5510F008E5FCB /* AllTest1TableViewCell.h */ = {isa = PBXFileReference; fileEncoding = 4; lastKnownFileType = sourcecode.c.h; path = AllTest1TableViewCell.h; sourceTree = "<group>"; };
		18DC7F541CF5510F008E5FCB /* AllTest1TableViewCell.m */ = {isa = PBXFileReference; fileEncoding = 4; lastKnownFileType = sourcecode.c.objc; path = AllTest1TableViewCell.m; sourceTree = "<group>"; };
		18DF8AE71DDCBF34009FD703 /* CFTool.h */ = {isa = PBXFileReference; fileEncoding = 4; lastKnownFileType = sourcecode.c.h; path = CFTool.h; sourceTree = "<group>"; };
		18DF8AE81DDCBF34009FD703 /* CFTool.m */ = {isa = PBXFileReference; fileEncoding = 4; lastKnownFileType = sourcecode.c.objc; path = CFTool.m; sourceTree = "<group>"; };
		18E7C5161D47A1CA00F61A3E /* PLTest1ViewController.h */ = {isa = PBXFileReference; fileEncoding = 4; lastKnownFileType = sourcecode.c.h; path = PLTest1ViewController.h; sourceTree = "<group>"; };
		18E7C5171D47A1CA00F61A3E /* PLTest1ViewController.m */ = {isa = PBXFileReference; fileEncoding = 4; lastKnownFileType = sourcecode.c.objc; path = PLTest1ViewController.m; sourceTree = "<group>"; };
		18E7C5191D47BA9400F61A3E /* PLTest2ViewController.h */ = {isa = PBXFileReference; fileEncoding = 4; lastKnownFileType = sourcecode.c.h; path = PLTest2ViewController.h; sourceTree = "<group>"; };
		18E7C51A1D47BA9400F61A3E /* PLTest2ViewController.m */ = {isa = PBXFileReference; fileEncoding = 4; lastKnownFileType = sourcecode.c.objc; path = PLTest2ViewController.m; sourceTree = "<group>"; };
		18E8084C1B3A5D170059C410 /* QuartzCore.framework */ = {isa = PBXFileReference; lastKnownFileType = wrapper.framework; name = QuartzCore.framework; path = System/Library/Frameworks/QuartzCore.framework; sourceTree = SDKROOT; };
		18EA81431CFFD3DD0006530A /* FOLTest5ViewController.h */ = {isa = PBXFileReference; fileEncoding = 4; lastKnownFileType = sourcecode.c.h; path = FOLTest5ViewController.h; sourceTree = "<group>"; };
		18EA81441CFFD3E90006530A /* FOLTest5ViewController.m */ = {isa = PBXFileReference; fileEncoding = 4; lastKnownFileType = sourcecode.c.objc; path = FOLTest5ViewController.m; sourceTree = "<group>"; };
		18EDEC801D64B70D00F8B1CD /* FOLTest6ViewController.m */ = {isa = PBXFileReference; fileEncoding = 4; lastKnownFileType = sourcecode.c.objc; path = FOLTest6ViewController.m; sourceTree = "<group>"; };
		18EDEC821D64B71900F8B1CD /* FOLTest6ViewController.h */ = {isa = PBXFileReference; fileEncoding = 4; lastKnownFileType = sourcecode.c.h; path = FOLTest6ViewController.h; sourceTree = "<group>"; };
		46D45B141C525FC400A8362C /* MyLayoutSizeClass.h */ = {isa = PBXFileReference; fileEncoding = 4; lastKnownFileType = sourcecode.c.h; path = MyLayoutSizeClass.h; sourceTree = "<group>"; };
		46D45B151C525FC400A8362C /* MyLayoutSizeClass.m */ = {isa = PBXFileReference; fileEncoding = 4; lastKnownFileType = sourcecode.c.objc; path = MyLayoutSizeClass.m; sourceTree = "<group>"; };
		46DB7E691C54B4BC001B409D /* AllTest5ViewController.h */ = {isa = PBXFileReference; fileEncoding = 4; lastKnownFileType = sourcecode.c.h; path = AllTest5ViewController.h; sourceTree = "<group>"; };
		46DB7E6A1C54B4BC001B409D /* AllTest5ViewController.m */ = {isa = PBXFileReference; fileEncoding = 4; lastKnownFileType = sourcecode.c.objc; path = AllTest5ViewController.m; sourceTree = "<group>"; };
/* End PBXFileReference section */

/* Begin PBXFrameworksBuildPhase section */
		1840828A1B2C46E8003F378B /* Frameworks */ = {
			isa = PBXFrameworksBuildPhase;
			buildActionMask = 2147483647;
			files = (
				18E8084D1B3A5D170059C410 /* QuartzCore.framework in Frameworks */,
			);
			runOnlyForDeploymentPostprocessing = 0;
		};
		184082A31B2C46E8003F378B /* Frameworks */ = {
			isa = PBXFrameworksBuildPhase;
			buildActionMask = 2147483647;
			files = (
			);
			runOnlyForDeploymentPostprocessing = 0;
		};
		18B1522E1DEDDE5500AD7A1C /* Frameworks */ = {
			isa = PBXFrameworksBuildPhase;
			buildActionMask = 2147483647;
			files = (
			);
			runOnlyForDeploymentPostprocessing = 0;
		};
/* End PBXFrameworksBuildPhase section */

/* Begin PBXGroup section */
		184082841B2C46E8003F378B = {
			isa = PBXGroup;
			children = (
				18D683E61C4F421400A48BB4 /* MyLayout */,
				18D684531C4F423400A48BB4 /* MyLayoutTests */,
				18B152321DEDDE5500AD7A1C /* MyLayoutUITests */,
				18E8084C1B3A5D170059C410 /* QuartzCore.framework */,
				1840828E1B2C46E8003F378B /* Products */,
			);
			sourceTree = "<group>";
		};
		1840828E1B2C46E8003F378B /* Products */ = {
			isa = PBXGroup;
			children = (
				1840828D1B2C46E8003F378B /* MyLayout.app */,
				184082A61B2C46E8003F378B /* MyLayout.xctest */,
				18B152311DEDDE5500AD7A1C /* MyLayoutUITests.xctest */,
			);
			name = Products;
			sourceTree = "<group>";
		};
		186B83CE1D08F7B9001CA155 /* Base.lproj */ = {
			isa = PBXGroup;
			children = (
				186B83CF1D08F7B9001CA155 /* LaunchScreen.xib */,
			);
			path = Base.lproj;
			sourceTree = "<group>";
		};
		186B83D91D090DE6001CA155 /* zh-Hans.lproj */ = {
			isa = PBXGroup;
			children = (
				186B83DA1D090DE6001CA155 /* LaunchScreen.strings */,
				186B83DC1D090DE6001CA155 /* Localizable.strings */,
			);
			path = "zh-Hans.lproj";
			sourceTree = "<group>";
		};
		186DF36B1D523EA100039E44 /* layoutpngs */ = {
			isa = PBXGroup;
			children = (
				186DF36C1D523EDB00039E44 /* ll.png */,
				186DF36D1D523EDB00039E44 /* pl.png */,
				186DF36E1D523EDB00039E44 /* rl.png */,
				186DF36F1D523EDB00039E44 /* tl.png */,
				186DF3701D523EDB00039E44 /* fl.png */,
				186DF3711D523EDB00039E44 /* fll.png */,
				186DF3721D523EDB00039E44 /* flo.png */,
				188D90DF1DE736BB0034F76E /* MyLayoutClass.png */,
			);
			name = layoutpngs;
			sourceTree = "<group>";
		};
		1896926D1CF74E03000A5B91 /* AllTestModel&View */ = {
			isa = PBXGroup;
			children = (
				181ECE5F1D570CA1007803BE /* YYFPSLabel.m */,
				181ECE601D570CA1007803BE /* YYWeakProxy.m */,
				181ECE611D570CA1007803BE /* YYWeakProxy.h */,
				181ECE621D570CA1007803BE /* YYFPSLabel.h */,
				189692741CF74EBB000A5B91 /* AllTestDataModel.h */,
				189692751CF74EC5000A5B91 /* AllTestDataModel.m */,
				18DC7F531CF5510F008E5FCB /* AllTest1TableViewCell.h */,
				18DC7F541CF5510F008E5FCB /* AllTest1TableViewCell.m */,
				1896926E1CF74E6A000A5B91 /* AllTest2TableViewCell.h */,
				1896926F1CF74E7E000A5B91 /* AllTest2TableViewCell.m */,
				189692711CF74E9B000A5B91 /* AllTest1TableViewHeaderFooterView.h */,
				189692721CF74EA7000A5B91 /* AllTest1TableViewHeaderFooterView.m */,
			);
			name = "AllTestModel&View";
			sourceTree = "<group>";
		};
		18B152321DEDDE5500AD7A1C /* MyLayoutUITests */ = {
			isa = PBXGroup;
			children = (
				18B152331DEDDE5500AD7A1C /* MyLayoutUITests.m */,
				18B152351DEDDE5500AD7A1C /* Info.plist */,
			);
			path = MyLayoutUITests;
			sourceTree = "<group>";
		};
		18B1523B1DEDE26900AD7A1C /* LinearLayoutDemo */ = {
			isa = PBXGroup;
			children = (
				18D684151C4F421400A48BB4 /* LLTest1ViewController.h */,
				18D684161C4F421400A48BB4 /* LLTest1ViewController.m */,
				18D684171C4F421400A48BB4 /* LLTest2ViewController.h */,
				18D684181C4F421400A48BB4 /* LLTest2ViewController.m */,
				18D684191C4F421400A48BB4 /* LLTest3ViewController.h */,
				18D6841A1C4F421400A48BB4 /* LLTest3ViewController.m */,
				18D6841B1C4F421400A48BB4 /* LLTest4ViewController.h */,
				18D6841C1C4F421400A48BB4 /* LLTest4ViewController.m */,
				18D6841D1C4F421400A48BB4 /* LLTest5ViewController.h */,
				18D6841E1C4F421400A48BB4 /* LLTest5ViewController.m */,
				18D6841F1C4F421400A48BB4 /* LLTest6ViewController.h */,
				18D684201C4F421400A48BB4 /* LLTest6ViewController.m */,
				18D684211C4F421400A48BB4 /* LLTest7ViewController.h */,
				18D684221C4F421400A48BB4 /* LLTest7ViewController.m */,
			);
			name = LinearLayoutDemo;
			sourceTree = "<group>";
		};
		18B1523C1DEDE27D00AD7A1C /* FrameLayoutDemo */ = {
			isa = PBXGroup;
			children = (
				18D683F51C4F421400A48BB4 /* FLTest1ViewController.h */,
				18D683F61C4F421400A48BB4 /* FLTest1ViewController.m */,
				18D683F71C4F421400A48BB4 /* FLTest2ViewController.h */,
				18D683F81C4F421400A48BB4 /* FLTest2ViewController.m */,
			);
			name = FrameLayoutDemo;
			sourceTree = "<group>";
		};
		18B1523D1DEDE28700AD7A1C /* TableLayoutDemo */ = {
			isa = PBXGroup;
			children = (
				18D6842A1C4F421400A48BB4 /* TLTest1ViewController.h */,
				18D6842B1C4F421400A48BB4 /* TLTest1ViewController.m */,
				18D6842C1C4F421400A48BB4 /* TLTest2ViewController.h */,
				18D6842D1C4F421400A48BB4 /* TLTest2ViewController.m */,
				18CFFA2C1D0723870032A789 /* TLTest3ViewController.h */,
				18CFFA2D1D0723970032A789 /* TLTest3ViewController.m */,
			);
			name = TableLayoutDemo;
			sourceTree = "<group>";
		};
		18B1523E1DEDE29000AD7A1C /* FloatLayoutDemo */ = {
			isa = PBXGroup;
			children = (
				18296B6D1C76D55B00273C3E /* FOLTest1ViewController.h */,
				18296B6E1C76D55B00273C3E /* FOLTest1ViewController.m */,
				186B83E61D095A49001CA155 /* FOLTest1ViewController.xib */,
				18296B701C76D66C00273C3E /* FOLTest2ViewController.h */,
				18296B711C76D66C00273C3E /* FOLTest2ViewController.m */,
				18296B731C76D67F00273C3E /* FOLTest3ViewController.h */,
				18296B741C76D67F00273C3E /* FOLTest3ViewController.m */,
				18DBC5681CFB450900BD73D2 /* FOLTest4ViewController.h */,
				18DBC5691CFB451800BD73D2 /* FOLTest4ViewController.m */,
				18EA81431CFFD3DD0006530A /* FOLTest5ViewController.h */,
				18EA81441CFFD3E90006530A /* FOLTest5ViewController.m */,
				18EDEC821D64B71900F8B1CD /* FOLTest6ViewController.h */,
				18EDEC801D64B70D00F8B1CD /* FOLTest6ViewController.m */,
			);
			name = FloatLayoutDemo;
			sourceTree = "<group>";
		};
		18B1523F1DEDE29800AD7A1C /* FlowLayoutDemo */ = {
			isa = PBXGroup;
			children = (
				18D683F31C4F421400A48BB4 /* FLLTest1ViewController.h */,
				18D683F41C4F421400A48BB4 /* FLLTest1ViewController.m */,
				1890A22C1C6DD71600373B8B /* FLLTest2ViewController.h */,
				1890A22D1C6DD71600373B8B /* FLLTest2ViewController.m */,
				186B83E21D094F11001CA155 /* FLLTest2ViewController.xib */,
				1830A6071CD6EC2F00FF6B57 /* FLLTest3ViewController.h */,
				1830A6081CD6EC4500FF6B57 /* FLLTest3ViewController.m */,
				18BCC5181D2D4879005081FF /* FLLTest4ViewController.h */,
				18BCC5191D2D4885005081FF /* FLLTest4ViewController.m */,
				181550661E2F75DF00329BFF /* FLLTest5ViewController.h */,
				181550671E2F75EA00329BFF /* FLLTest5ViewController.m */,
			);
			name = FlowLayoutDemo;
			sourceTree = "<group>";
		};
		18B152401DEDE2A100AD7A1C /* PathLayoutDemo */ = {
			isa = PBXGroup;
			children = (
				18E7C5161D47A1CA00F61A3E /* PLTest1ViewController.h */,
				18E7C5171D47A1CA00F61A3E /* PLTest1ViewController.m */,
				18E7C5191D47BA9400F61A3E /* PLTest2ViewController.h */,
				18E7C51A1D47BA9400F61A3E /* PLTest2ViewController.m */,
				18C8F1621D4DA6B800DC1FD3 /* PLTest3ViewController.h */,
				18C8F1631D4DA6B800DC1FD3 /* PLTest3ViewController.m */,
				18C8F1651D4E3E4E00DC1FD3 /* PLTest4ViewController.h */,
				18C8F1661D4E3E4E00DC1FD3 /* PLTest4ViewController.m */,
			);
			name = PathLayoutDemo;
			sourceTree = "<group>";
		};
		18B152411DEDE2AB00AD7A1C /* RelativeLayoutDemo */ = {
			isa = PBXGroup;
			children = (
				18D684241C4F421400A48BB4 /* RLTest1ViewController.h */,
				18D684251C4F421400A48BB4 /* RLTest1ViewController.m */,
				18D684261C4F421400A48BB4 /* RLTest2ViewController.h */,
				18D684271C4F421400A48BB4 /* RLTest2ViewController.m */,
				18D684281C4F421400A48BB4 /* RLTest3ViewController.h */,
				18D684291C4F421400A48BB4 /* RLTest3ViewController.m */,
				18A9A4D51D6304AD004974CE /* RLTest4ViewController.h */,
				18A9A4D31D63049F004974CE /* RLTest4ViewController.m */,
				181F97F61E079473004A9AE6 /* RLTest5ViewController.h */,
				181F97F41E079462004A9AE6 /* RLTest5ViewController.m */,
			);
			name = RelativeLayoutDemo;
			sourceTree = "<group>";
		};
		18B152431DEDE2C800AD7A1C /* IntegratedDemo */ = {
			isa = PBXGroup;
			children = (
				1896926D1CF74E03000A5B91 /* AllTestModel&View */,
				18D683E71C4F421400A48BB4 /* AllTest1ViewController.h */,
				18D683E81C4F421400A48BB4 /* AllTest1ViewController.m */,
				18D683E91C4F421400A48BB4 /* AllTest2ViewController.h */,
				18D683EA1C4F421400A48BB4 /* AllTest2ViewController.m */,
				18D683EB1C4F421400A48BB4 /* AllTest3ViewController.h */,
				18D683EC1C4F421400A48BB4 /* AllTest3ViewController.m */,
				18D683ED1C4F421400A48BB4 /* AllTest4ViewController.h */,
				18D683EE1C4F421400A48BB4 /* AllTest4ViewController.m */,
				46DB7E691C54B4BC001B409D /* AllTest5ViewController.h */,
				46DB7E6A1C54B4BC001B409D /* AllTest5ViewController.m */,
				188261CD1C647CB300996C2C /* AllTest6ViewController.h */,
				188261CE1C647CB300996C2C /* AllTest6ViewController.m */,
				183C14611DB9DD1A00C38448 /* AllTest7ViewController.h */,
				183C14621DB9DD1A00C38448 /* AllTest7ViewController.m */,
				181068351E0B4EA9000B9B86 /* AllTest8ViewController.h */,
				181068361E0B4EA9000B9B86 /* AllTest8ViewController.m */,
			);
			name = IntegratedDemo;
			sourceTree = "<group>";
		};
		18D683E61C4F421400A48BB4 /* MyLayout */ = {
			isa = PBXGroup;
			children = (
				18D683FB1C4F421400A48BB4 /* Lib */,
				18B1523B1DEDE26900AD7A1C /* LinearLayoutDemo */,
				18B1523C1DEDE27D00AD7A1C /* FrameLayoutDemo */,
				18B152411DEDE2AB00AD7A1C /* RelativeLayoutDemo */,
				18B1523D1DEDE28700AD7A1C /* TableLayoutDemo */,
				18B1523F1DEDE29800AD7A1C /* FlowLayoutDemo */,
				18B1523E1DEDE29000AD7A1C /* FloatLayoutDemo */,
				18B152401DEDE2A100AD7A1C /* PathLayoutDemo */,
				18B152431DEDE2C800AD7A1C /* IntegratedDemo */,
				18F83FBD1C4F6EB7003EF090 /* Supporting Files */,
				18D6842E1C4F421400A48BB4 /* ViewController.h */,
				18D6842F1C4F421400A48BB4 /* ViewController.m */,
				18D683EF1C4F421400A48BB4 /* AppDelegate.h */,
				18D683F01C4F421400A48BB4 /* AppDelegate.m */,
				18DF8AE71DDCBF34009FD703 /* CFTool.h */,
				18DF8AE81DDCBF34009FD703 /* CFTool.m */,
			);
			path = MyLayout;
			sourceTree = "<group>";
		};
		18D683FB1C4F421400A48BB4 /* Lib */ = {
			isa = PBXGroup;
			children = (
				18D684001C4F421400A48BB4 /* MyLayout.h */,
				18D684031C4F421400A48BB4 /* MyLayoutDef.h */,
				18D684011C4F421400A48BB4 /* MyBaseLayout.h */,
				18D684021C4F421400A48BB4 /* MyBaseLayout.m */,
				18D683FC1C4F421400A48BB4 /* MyFlowLayout.h */,
				18D683FD1C4F421400A48BB4 /* MyFlowLayout.m */,
				18D683FE1C4F421400A48BB4 /* MyFrameLayout.h */,
				18D683FF1C4F421400A48BB4 /* MyFrameLayout.m */,
				18D6840D1C4F421400A48BB4 /* MyLinearLayout.h */,
				18D6840E1C4F421400A48BB4 /* MyLinearLayout.m */,
				18D684131C4F421400A48BB4 /* MyTableLayout.h */,
				18D684141C4F421400A48BB4 /* MyTableLayout.m */,
				18D684111C4F421400A48BB4 /* MyRelativeLayout.h */,
				18D684121C4F421400A48BB4 /* MyRelativeLayout.m */,
				186C530A1C75A5BB0031B2A2 /* MyFloatLayout.h */,
				186C530B1C75A5BB0031B2A2 /* MyFloatLayout.m */,
				1871D25D1D2F5ABA00D37F55 /* MyPathLayout.h */,
				1871D25E1D2F5ABA00D37F55 /* MyPathLayout.m */,
				18D684071C4F421400A48BB4 /* MyLayoutInner.h */,
				18D684041C4F421400A48BB4 /* MyLayoutSize.h */,
				18D684061C4F421400A48BB4 /* MyLayoutSizeInner.h */,
				18D684051C4F421400A48BB4 /* MyLayoutSize.m */,
				18D6840A1C4F421400A48BB4 /* MyLayoutPos.h */,
				18D6840C1C4F421400A48BB4 /* MyLayoutPosInner.h */,
				18D6840B1C4F421400A48BB4 /* MyLayoutPos.m */,
				46D45B141C525FC400A8362C /* MyLayoutSizeClass.h */,
				46D45B151C525FC400A8362C /* MyLayoutSizeClass.m */,
				18014BA31C9079DA0088133B /* MyDimeScale.h */,
				18014BA41C9079DA0088133B /* MyDimeScale.m */,
				18D6840F1C4F421400A48BB4 /* MyMaker.h */,
				18D684101C4F421400A48BB4 /* MyMaker.m */,
			);
			path = Lib;
			sourceTree = "<group>";
		};
		18D684531C4F423400A48BB4 /* MyLayoutTests */ = {
			isa = PBXGroup;
			children = (
				18D684541C4F423400A48BB4 /* Info.plist */,
				18D684551C4F423400A48BB4 /* MyLayoutTests.m */,
				1897384E1E1631E3004F80D6 /* MyRelativeLayoutTestCase.m */,
				189738501E16330B004F80D6 /* MyLayoutTestCaseBase.m */,
				189738521E16340D004F80D6 /* MyLayoutTestCaseBase.h */,
			);
			path = MyLayoutTests;
			sourceTree = "<group>";
		};
		18F83FBD1C4F6EB7003EF090 /* Supporting Files */ = {
			isa = PBXGroup;
			children = (
				186DF36B1D523EA100039E44 /* layoutpngs */,
				18BF0BE41D5109C300395960 /* layoutdemo7.gif */,
				1888CE7C1D0BE44300968C0C /* layoutdemo6.gif */,
				1888CE7D1D0BE44300968C0C /* layoutdemo5.gif */,
				1888CE7E1D0BE44300968C0C /* layoutdemo4.gif */,
				1888CE7F1D0BE44300968C0C /* layoutdemo3.gif */,
				1888CE801D0BE44300968C0C /* layoutdemo2.gif */,
				1888CE811D0BE44300968C0C /* layoutdemo1.gif */,
				186B83D91D090DE6001CA155 /* zh-Hans.lproj */,
				186B83CE1D08F7B9001CA155 /* Base.lproj */,
				18D683F91C4F421400A48BB4 /* Images.xcassets */,
				18D683FA1C4F421400A48BB4 /* Info.plist */,
				18D684231C4F421400A48BB4 /* main.m */,
			);
			name = "Supporting Files";
			sourceTree = "<group>";
		};
/* End PBXGroup section */

/* Begin PBXNativeTarget section */
		1840828C1B2C46E8003F378B /* MyLayout */ = {
			isa = PBXNativeTarget;
			buildConfigurationList = 184082B01B2C46E8003F378B /* Build configuration list for PBXNativeTarget "MyLayout" */;
			buildPhases = (
				184082891B2C46E8003F378B /* Sources */,
				1840828A1B2C46E8003F378B /* Frameworks */,
				1840828B1B2C46E8003F378B /* Resources */,
			);
			buildRules = (
			);
			dependencies = (
			);
			name = MyLayout;
			productName = MyLayout;
			productReference = 1840828D1B2C46E8003F378B /* MyLayout.app */;
			productType = "com.apple.product-type.application";
		};
		184082A51B2C46E8003F378B /* MyLayoutTests */ = {
			isa = PBXNativeTarget;
			buildConfigurationList = 184082B31B2C46E8003F378B /* Build configuration list for PBXNativeTarget "MyLayoutTests" */;
			buildPhases = (
				184082A21B2C46E8003F378B /* Sources */,
				184082A31B2C46E8003F378B /* Frameworks */,
				184082A41B2C46E8003F378B /* Resources */,
			);
			buildRules = (
			);
			dependencies = (
				184082A81B2C46E8003F378B /* PBXTargetDependency */,
			);
			name = MyLayoutTests;
			productName = MyLayoutTests;
			productReference = 184082A61B2C46E8003F378B /* MyLayout.xctest */;
			productType = "com.apple.product-type.bundle.unit-test";
		};
		18B152301DEDDE5500AD7A1C /* MyLayoutUITests */ = {
			isa = PBXNativeTarget;
			buildConfigurationList = 18B1523A1DEDDE5500AD7A1C /* Build configuration list for PBXNativeTarget "MyLayoutUITests" */;
			buildPhases = (
				18B1522D1DEDDE5500AD7A1C /* Sources */,
				18B1522E1DEDDE5500AD7A1C /* Frameworks */,
				18B1522F1DEDDE5500AD7A1C /* Resources */,
			);
			buildRules = (
			);
			dependencies = (
				18B152371DEDDE5500AD7A1C /* PBXTargetDependency */,
			);
			name = MyLayoutUITests;
			productName = MyLayoutUITests;
			productReference = 18B152311DEDDE5500AD7A1C /* MyLayoutUITests.xctest */;
			productType = "com.apple.product-type.bundle.ui-testing";
		};
/* End PBXNativeTarget section */

/* Begin PBXProject section */
		184082851B2C46E8003F378B /* Project object */ = {
			isa = PBXProject;
			attributes = {
				LastUpgradeCheck = 0720;
				ORGANIZATIONNAME = YoungSoft;
				TargetAttributes = {
					1840828C1B2C46E8003F378B = {
						CreatedOnToolsVersion = 6.3.2;
						DevelopmentTeam = UUR7J35L27;
					};
					184082A51B2C46E8003F378B = {
						CreatedOnToolsVersion = 6.3.2;
						TestTargetID = 1840828C1B2C46E8003F378B;
					};
					18B152301DEDDE5500AD7A1C = {
						CreatedOnToolsVersion = 8.1;
						ProvisioningStyle = Automatic;
						TestTargetID = 1840828C1B2C46E8003F378B;
					};
				};
			};
			buildConfigurationList = 184082881B2C46E8003F378B /* Build configuration list for PBXProject "MyLayout" */;
			compatibilityVersion = "Xcode 3.2";
			developmentRegion = English;
			hasScannedForEncodings = 0;
			knownRegions = (
				Base,
				"zh-Hans",
			);
			mainGroup = 184082841B2C46E8003F378B;
			productRefGroup = 1840828E1B2C46E8003F378B /* Products */;
			projectDirPath = "";
			projectRoot = "";
			targets = (
				1840828C1B2C46E8003F378B /* MyLayout */,
				184082A51B2C46E8003F378B /* MyLayoutTests */,
				18B152301DEDDE5500AD7A1C /* MyLayoutUITests */,
			);
		};
/* End PBXProject section */

/* Begin PBXResourcesBuildPhase section */
		1840828B1B2C46E8003F378B /* Resources */ = {
			isa = PBXResourcesBuildPhase;
			buildActionMask = 2147483647;
			files = (
				186B83E41D095A49001CA155 /* FOLTest1ViewController.xib in Resources */,
				188D90E01DE736BB0034F76E /* MyLayoutClass.png in Resources */,
				186B83DE1D090DE6001CA155 /* LaunchScreen.strings in Resources */,
				186B83E01D094F11001CA155 /* FLLTest2ViewController.xib in Resources */,
				186B83DF1D090DE6001CA155 /* Localizable.strings in Resources */,
				186B83D41D08F7B9001CA155 /* LaunchScreen.xib in Resources */,
				18D684391C4F421400A48BB4 /* Images.xcassets in Resources */,
			);
			runOnlyForDeploymentPostprocessing = 0;
		};
		184082A41B2C46E8003F378B /* Resources */ = {
			isa = PBXResourcesBuildPhase;
			buildActionMask = 2147483647;
			files = (
			);
			runOnlyForDeploymentPostprocessing = 0;
		};
		18B1522F1DEDDE5500AD7A1C /* Resources */ = {
			isa = PBXResourcesBuildPhase;
			buildActionMask = 2147483647;
			files = (
			);
			runOnlyForDeploymentPostprocessing = 0;
		};
/* End PBXResourcesBuildPhase section */

/* Begin PBXSourcesBuildPhase section */
		184082891B2C46E8003F378B /* Sources */ = {
			isa = PBXSourcesBuildPhase;
			buildActionMask = 2147483647;
			files = (
				18296B721C76D66C00273C3E /* FOLTest2ViewController.m in Sources */,
				18D6844C1C4F421400A48BB4 /* main.m in Sources */,
				18D684441C4F421400A48BB4 /* MyTableLayout.m in Sources */,
				18D684421C4F421400A48BB4 /* MyMaker.m in Sources */,
				18CFFA2E1D0723970032A789 /* TLTest3ViewController.m in Sources */,
				18A9A4D41D63049F004974CE /* RLTest4ViewController.m in Sources */,
				188261CF1C647CB300996C2C /* AllTest6ViewController.m in Sources */,
				18D684401C4F421400A48BB4 /* MyLayoutPos.m in Sources */,
				18D684321C4F421400A48BB4 /* AllTest3ViewController.m in Sources */,
				181068371E0B4EA9000B9B86 /* AllTest8ViewController.m in Sources */,
				18D6844F1C4F421400A48BB4 /* RLTest3ViewController.m in Sources */,
				189692701CF74E7E000A5B91 /* AllTest2TableViewCell.m in Sources */,
				18D6843D1C4F421400A48BB4 /* MyBaseLayout.m in Sources */,
				18D684471C4F421400A48BB4 /* LLTest3ViewController.m in Sources */,
				18DC7F551CF5510F008E5FCB /* AllTest1TableViewCell.m in Sources */,
				18D6843E1C4F421400A48BB4 /* MyLayoutSize.m in Sources */,
				18D6843C1C4F421400A48BB4 /* MyFrameLayout.m in Sources */,
				18EA81451CFFD3E90006530A /* FOLTest5ViewController.m in Sources */,
				18D684521C4F421400A48BB4 /* ViewController.m in Sources */,
				18C8F1671D4E3E4E00DC1FD3 /* PLTest4ViewController.m in Sources */,
				18D684511C4F421400A48BB4 /* TLTest2ViewController.m in Sources */,
				18E7C5181D47A1CA00F61A3E /* PLTest1ViewController.m in Sources */,
				18D684301C4F421400A48BB4 /* AllTest1ViewController.m in Sources */,
				18D684311C4F421400A48BB4 /* AllTest2ViewController.m in Sources */,
				18E7C51B1D47BA9400F61A3E /* PLTest2ViewController.m in Sources */,
				18D684491C4F421400A48BB4 /* LLTest5ViewController.m in Sources */,
				18D684331C4F421400A48BB4 /* AllTest4ViewController.m in Sources */,
				18DF8AE91DDCBF34009FD703 /* CFTool.m in Sources */,
				189692731CF74EA7000A5B91 /* AllTest1TableViewHeaderFooterView.m in Sources */,
				18D6844E1C4F421400A48BB4 /* RLTest2ViewController.m in Sources */,
				1890A22F1C6DD71600373B8B /* FLLTest2ViewController.m in Sources */,
				46D45B161C525FC400A8362C /* MyLayoutSizeClass.m in Sources */,
				18BCC51A1D2D4885005081FF /* FLLTest4ViewController.m in Sources */,
				181F97F51E079462004A9AE6 /* RLTest5ViewController.m in Sources */,
				18D6843B1C4F421400A48BB4 /* MyFlowLayout.m in Sources */,
				181550681E2F75EA00329BFF /* FLLTest5ViewController.m in Sources */,
				18296B751C76D67F00273C3E /* FOLTest3ViewController.m in Sources */,
				18D684461C4F421400A48BB4 /* LLTest2ViewController.m in Sources */,
				18D684411C4F421400A48BB4 /* MyLinearLayout.m in Sources */,
				18D6844A1C4F421400A48BB4 /* LLTest6ViewController.m in Sources */,
				18D684341C4F421400A48BB4 /* AppDelegate.m in Sources */,
				18014BA51C9079DA0088133B /* MyDimeScale.m in Sources */,
				18D684381C4F421400A48BB4 /* FLTest2ViewController.m in Sources */,
				18D6844D1C4F421400A48BB4 /* RLTest1ViewController.m in Sources */,
				18D684501C4F421400A48BB4 /* TLTest1ViewController.m in Sources */,
				18D684361C4F421400A48BB4 /* FLLTest1ViewController.m in Sources */,
				18D684481C4F421400A48BB4 /* LLTest4ViewController.m in Sources */,
				181ECE631D570CA1007803BE /* YYFPSLabel.m in Sources */,
				18D684431C4F421400A48BB4 /* MyRelativeLayout.m in Sources */,
				18C8F1641D4DA6B800DC1FD3 /* PLTest3ViewController.m in Sources */,
				18D684451C4F421400A48BB4 /* LLTest1ViewController.m in Sources */,
				18DBC56A1CFB451800BD73D2 /* FOLTest4ViewController.m in Sources */,
				18296B6F1C76D55B00273C3E /* FOLTest1ViewController.m in Sources */,
				1871D25F1D2F5ABA00D37F55 /* MyPathLayout.m in Sources */,
				189692761CF74EC5000A5B91 /* AllTestDataModel.m in Sources */,
				46DB7E6B1C54B4BC001B409D /* AllTest5ViewController.m in Sources */,
				18D6844B1C4F421400A48BB4 /* LLTest7ViewController.m in Sources */,
				183C14631DB9DD1A00C38448 /* AllTest7ViewController.m in Sources */,
				18EDEC811D64B70D00F8B1CD /* FOLTest6ViewController.m in Sources */,
				181ECE641D570CA1007803BE /* YYWeakProxy.m in Sources */,
				18D684371C4F421400A48BB4 /* FLTest1ViewController.m in Sources */,
				186C530C1C75A5BB0031B2A2 /* MyFloatLayout.m in Sources */,
				1830A6091CD6EC4500FF6B57 /* FLLTest3ViewController.m in Sources */,
			);
			runOnlyForDeploymentPostprocessing = 0;
		};
		184082A21B2C46E8003F378B /* Sources */ = {
			isa = PBXSourcesBuildPhase;
			buildActionMask = 2147483647;
			files = (
				18D684591C4F423400A48BB4 /* MyLayoutTests.m in Sources */,
				1897384F1E1631E3004F80D6 /* MyRelativeLayoutTestCase.m in Sources */,
				189738511E16330B004F80D6 /* MyLayoutTestCaseBase.m in Sources */,
			);
			runOnlyForDeploymentPostprocessing = 0;
		};
		18B1522D1DEDDE5500AD7A1C /* Sources */ = {
			isa = PBXSourcesBuildPhase;
			buildActionMask = 2147483647;
			files = (
				18B152341DEDDE5500AD7A1C /* MyLayoutUITests.m in Sources */,
			);
			runOnlyForDeploymentPostprocessing = 0;
		};
/* End PBXSourcesBuildPhase section */

/* Begin PBXTargetDependency section */
		184082A81B2C46E8003F378B /* PBXTargetDependency */ = {
			isa = PBXTargetDependency;
			target = 1840828C1B2C46E8003F378B /* MyLayout */;
			targetProxy = 184082A71B2C46E8003F378B /* PBXContainerItemProxy */;
		};
		18B152371DEDDE5500AD7A1C /* PBXTargetDependency */ = {
			isa = PBXTargetDependency;
			target = 1840828C1B2C46E8003F378B /* MyLayout */;
			targetProxy = 18B152361DEDDE5500AD7A1C /* PBXContainerItemProxy */;
		};
/* End PBXTargetDependency section */

/* Begin PBXVariantGroup section */
		186B83CF1D08F7B9001CA155 /* LaunchScreen.xib */ = {
			isa = PBXVariantGroup;
			children = (
				186B83D01D08F7B9001CA155 /* Base */,
			);
			name = LaunchScreen.xib;
			sourceTree = "<group>";
		};
		186B83DA1D090DE6001CA155 /* LaunchScreen.strings */ = {
			isa = PBXVariantGroup;
			children = (
				186B83DB1D090DE6001CA155 /* zh-Hans */,
			);
			name = LaunchScreen.strings;
			sourceTree = "<group>";
		};
		186B83DC1D090DE6001CA155 /* Localizable.strings */ = {
			isa = PBXVariantGroup;
			children = (
				186B83DD1D090DE6001CA155 /* zh-Hans */,
			);
			name = Localizable.strings;
			sourceTree = "<group>";
		};
		186B83E21D094F11001CA155 /* FLLTest2ViewController.xib */ = {
			isa = PBXVariantGroup;
			children = (
				186B83E11D094F11001CA155 /* zh-Hans */,
				186B83E31D094F19001CA155 /* Base */,
			);
			name = FLLTest2ViewController.xib;
			sourceTree = "<group>";
		};
		186B83E61D095A49001CA155 /* FOLTest1ViewController.xib */ = {
			isa = PBXVariantGroup;
			children = (
				186B83E51D095A49001CA155 /* zh-Hans */,
				186B83E71D095A54001CA155 /* Base */,
			);
			name = FOLTest1ViewController.xib;
			sourceTree = "<group>";
		};
/* End PBXVariantGroup section */

/* Begin XCBuildConfiguration section */
		184082AE1B2C46E8003F378B /* Debug */ = {
			isa = XCBuildConfiguration;
			buildSettings = {
				ALWAYS_SEARCH_USER_PATHS = NO;
				CLANG_CXX_LANGUAGE_STANDARD = "gnu++0x";
				CLANG_CXX_LIBRARY = "libc++";
				CLANG_ENABLE_MODULES = YES;
				CLANG_ENABLE_OBJC_ARC = YES;
				CLANG_WARN_BOOL_CONVERSION = YES;
				CLANG_WARN_CONSTANT_CONVERSION = YES;
				CLANG_WARN_DIRECT_OBJC_ISA_USAGE = YES_ERROR;
				CLANG_WARN_EMPTY_BODY = YES;
				CLANG_WARN_ENUM_CONVERSION = YES;
				CLANG_WARN_INT_CONVERSION = YES;
				CLANG_WARN_OBJC_ROOT_CLASS = YES_ERROR;
				CLANG_WARN_UNREACHABLE_CODE = YES;
				CLANG_WARN__DUPLICATE_METHOD_MATCH = YES;
				"CODE_SIGN_IDENTITY[sdk=iphoneos*]" = "iPhone Developer";
				COPY_PHASE_STRIP = NO;
				DEBUG_INFORMATION_FORMAT = "dwarf-with-dsym";
				ENABLE_STRICT_OBJC_MSGSEND = YES;
				ENABLE_TESTABILITY = YES;
				GCC_C_LANGUAGE_STANDARD = gnu99;
				GCC_DYNAMIC_NO_PIC = NO;
				GCC_NO_COMMON_BLOCKS = YES;
				GCC_OPTIMIZATION_LEVEL = 0;
				GCC_PREPROCESSOR_DEFINITIONS = (
					"DEBUG=1",
					"$(inherited)",
				);
				GCC_SYMBOLS_PRIVATE_EXTERN = NO;
				GCC_WARN_64_TO_32_BIT_CONVERSION = YES;
				GCC_WARN_ABOUT_RETURN_TYPE = YES_ERROR;
				GCC_WARN_UNDECLARED_SELECTOR = YES;
				GCC_WARN_UNINITIALIZED_AUTOS = YES_AGGRESSIVE;
				GCC_WARN_UNUSED_FUNCTION = YES;
				GCC_WARN_UNUSED_VARIABLE = YES;
				IPHONEOS_DEPLOYMENT_TARGET = 7.0;
				MTL_ENABLE_DEBUG_INFO = YES;
				ONLY_ACTIVE_ARCH = YES;
				SDKROOT = iphoneos;
			};
			name = Debug;
		};
		184082AF1B2C46E8003F378B /* Release */ = {
			isa = XCBuildConfiguration;
			buildSettings = {
				ALWAYS_SEARCH_USER_PATHS = NO;
				CLANG_CXX_LANGUAGE_STANDARD = "gnu++0x";
				CLANG_CXX_LIBRARY = "libc++";
				CLANG_ENABLE_MODULES = YES;
				CLANG_ENABLE_OBJC_ARC = YES;
				CLANG_WARN_BOOL_CONVERSION = YES;
				CLANG_WARN_CONSTANT_CONVERSION = YES;
				CLANG_WARN_DIRECT_OBJC_ISA_USAGE = YES_ERROR;
				CLANG_WARN_EMPTY_BODY = YES;
				CLANG_WARN_ENUM_CONVERSION = YES;
				CLANG_WARN_INT_CONVERSION = YES;
				CLANG_WARN_OBJC_ROOT_CLASS = YES_ERROR;
				CLANG_WARN_UNREACHABLE_CODE = YES;
				CLANG_WARN__DUPLICATE_METHOD_MATCH = YES;
				"CODE_SIGN_IDENTITY[sdk=iphoneos*]" = "iPhone Developer";
				COPY_PHASE_STRIP = NO;
				DEBUG_INFORMATION_FORMAT = "dwarf-with-dsym";
				ENABLE_NS_ASSERTIONS = NO;
				ENABLE_STRICT_OBJC_MSGSEND = YES;
				GCC_C_LANGUAGE_STANDARD = gnu99;
				GCC_NO_COMMON_BLOCKS = YES;
				GCC_WARN_64_TO_32_BIT_CONVERSION = YES;
				GCC_WARN_ABOUT_RETURN_TYPE = YES_ERROR;
				GCC_WARN_UNDECLARED_SELECTOR = YES;
				GCC_WARN_UNINITIALIZED_AUTOS = YES_AGGRESSIVE;
				GCC_WARN_UNUSED_FUNCTION = YES;
				GCC_WARN_UNUSED_VARIABLE = YES;
				IPHONEOS_DEPLOYMENT_TARGET = 7.0;
				MTL_ENABLE_DEBUG_INFO = NO;
				SDKROOT = iphoneos;
				VALIDATE_PRODUCT = YES;
			};
			name = Release;
		};
		184082B11B2C46E8003F378B /* Debug */ = {
			isa = XCBuildConfiguration;
			buildSettings = {
				ASSETCATALOG_COMPILER_APPICON_NAME = AppIcon;
				CODE_SIGN_IDENTITY = "iPhone Developer";
				"CODE_SIGN_IDENTITY[sdk=iphoneos*]" = "iPhone Distribution";
				GCC_PREPROCESSOR_DEFINITIONS = "DEBUG=1";
				INFOPLIST_FILE = "$(SRCROOT)/MyLayout/Info.plist";
				IPHONEOS_DEPLOYMENT_TARGET = 7.0;
				LD_RUNPATH_SEARCH_PATHS = "$(inherited) @executable_path/Frameworks";
				PRODUCT_BUNDLE_IDENTIFIER = com.jimubox.jimu1;
				PRODUCT_NAME = MyLayout;
				PROVISIONING_PROFILE = "4bac08b2-6788-4e38-8e3e-241ebd7fba1e";
				TARGETED_DEVICE_FAMILY = "1,2";
			};
			name = Debug;
		};
		184082B21B2C46E8003F378B /* Release */ = {
			isa = XCBuildConfiguration;
			buildSettings = {
				ASSETCATALOG_COMPILER_APPICON_NAME = AppIcon;
				CODE_SIGN_IDENTITY = "iPhone Developer";
				"CODE_SIGN_IDENTITY[sdk=iphoneos*]" = "iPhone Distribution";
				GCC_PREPROCESSOR_DEFINITIONS = "";
				INFOPLIST_FILE = "$(SRCROOT)/MyLayout/Info.plist";
				IPHONEOS_DEPLOYMENT_TARGET = 7.0;
				LD_RUNPATH_SEARCH_PATHS = "$(inherited) @executable_path/Frameworks";
				PRODUCT_BUNDLE_IDENTIFIER = com.jimubox.jimu1;
				PRODUCT_NAME = MyLayout;
				PROVISIONING_PROFILE = "4bac08b2-6788-4e38-8e3e-241ebd7fba1e";
				TARGETED_DEVICE_FAMILY = "1,2";
			};
			name = Release;
		};
		184082B41B2C46E8003F378B /* Debug */ = {
			isa = XCBuildConfiguration;
			buildSettings = {
				BUNDLE_LOADER = "$(TEST_HOST)";
				FRAMEWORK_SEARCH_PATHS = (
					"$(SDKROOT)/Developer/Library/Frameworks",
					"$(inherited)",
				);
				GCC_PREPROCESSOR_DEFINITIONS = (
					"DEBUG=1",
					"$(inherited)",
				);
				INFOPLIST_FILE = MyLayoutTests/Info.plist;
				LD_RUNPATH_SEARCH_PATHS = "$(inherited) @executable_path/Frameworks @loader_path/Frameworks";
				PRODUCT_BUNDLE_IDENTIFIER = "com.youngsoft.$(PRODUCT_NAME:rfc1034identifier)";
				PRODUCT_NAME = MyLayout;
				TEST_HOST = "$(BUILT_PRODUCTS_DIR)/MyLayout.app/MyLayout";
			};
			name = Debug;
		};
		184082B51B2C46E8003F378B /* Release */ = {
			isa = XCBuildConfiguration;
			buildSettings = {
				BUNDLE_LOADER = "$(TEST_HOST)";
				FRAMEWORK_SEARCH_PATHS = (
					"$(SDKROOT)/Developer/Library/Frameworks",
					"$(inherited)",
				);
				INFOPLIST_FILE = MyLayoutTests/Info.plist;
				LD_RUNPATH_SEARCH_PATHS = "$(inherited) @executable_path/Frameworks @loader_path/Frameworks";
				PRODUCT_BUNDLE_IDENTIFIER = "com.youngsoft.$(PRODUCT_NAME:rfc1034identifier)";
				PRODUCT_NAME = MyLayout;
				TEST_HOST = "$(BUILT_PRODUCTS_DIR)/MyLayout.app/MyLayout";
			};
			name = Release;
		};
		18B152381DEDDE5500AD7A1C /* Debug */ = {
			isa = XCBuildConfiguration;
			buildSettings = {
				CLANG_ANALYZER_NONNULL = YES;
				CLANG_WARN_DOCUMENTATION_COMMENTS = YES;
				CLANG_WARN_INFINITE_RECURSION = YES;
				CLANG_WARN_SUSPICIOUS_MOVES = YES;
				DEBUG_INFORMATION_FORMAT = dwarf;
				INFOPLIST_FILE = MyLayoutUITests/Info.plist;
				IPHONEOS_DEPLOYMENT_TARGET = 10.1;
				LD_RUNPATH_SEARCH_PATHS = "$(inherited) @executable_path/Frameworks @loader_path/Frameworks";
				PRODUCT_BUNDLE_IDENTIFIER = com.youngsoft.MyLayoutUITests;
				PRODUCT_NAME = "$(TARGET_NAME)";
				PROVISIONING_PROFILE = "4bac08b2-6788-4e38-8e3e-241ebd7fba1e";
				TEST_TARGET_NAME = MyLayout;
			};
			name = Debug;
		};
		18B152391DEDDE5500AD7A1C /* Release */ = {
			isa = XCBuildConfiguration;
			buildSettings = {
				CLANG_ANALYZER_NONNULL = YES;
				CLANG_WARN_DOCUMENTATION_COMMENTS = YES;
				CLANG_WARN_INFINITE_RECURSION = YES;
				CLANG_WARN_SUSPICIOUS_MOVES = YES;
				INFOPLIST_FILE = MyLayoutUITests/Info.plist;
				IPHONEOS_DEPLOYMENT_TARGET = 10.1;
				LD_RUNPATH_SEARCH_PATHS = "$(inherited) @executable_path/Frameworks @loader_path/Frameworks";
				PRODUCT_BUNDLE_IDENTIFIER = com.youngsoft.MyLayoutUITests;
				PRODUCT_NAME = "$(TARGET_NAME)";
				PROVISIONING_PROFILE = "4bac08b2-6788-4e38-8e3e-241ebd7fba1e";
				TEST_TARGET_NAME = MyLayout;
			};
			name = Release;
		};
/* End XCBuildConfiguration section */

/* Begin XCConfigurationList section */
		184082881B2C46E8003F378B /* Build configuration list for PBXProject "MyLayout" */ = {
			isa = XCConfigurationList;
			buildConfigurations = (
				184082AE1B2C46E8003F378B /* Debug */,
				184082AF1B2C46E8003F378B /* Release */,
			);
			defaultConfigurationIsVisible = 0;
			defaultConfigurationName = Release;
		};
		184082B01B2C46E8003F378B /* Build configuration list for PBXNativeTarget "MyLayout" */ = {
			isa = XCConfigurationList;
			buildConfigurations = (
				184082B11B2C46E8003F378B /* Debug */,
				184082B21B2C46E8003F378B /* Release */,
			);
			defaultConfigurationIsVisible = 0;
			defaultConfigurationName = Release;
		};
		184082B31B2C46E8003F378B /* Build configuration list for PBXNativeTarget "MyLayoutTests" */ = {
			isa = XCConfigurationList;
			buildConfigurations = (
				184082B41B2C46E8003F378B /* Debug */,
				184082B51B2C46E8003F378B /* Release */,
			);
			defaultConfigurationIsVisible = 0;
			defaultConfigurationName = Release;
		};
		18B1523A1DEDDE5500AD7A1C /* Build configuration list for PBXNativeTarget "MyLayoutUITests" */ = {
			isa = XCConfigurationList;
			buildConfigurations = (
				18B152381DEDDE5500AD7A1C /* Debug */,
				18B152391DEDDE5500AD7A1C /* Release */,
			);
			defaultConfigurationIsVisible = 0;
			defaultConfigurationName = Release;
		};
/* End XCConfigurationList section */
	};
	rootObject = 184082851B2C46E8003F378B /* Project object */;
}
