// !$*UTF8*$!
{
	archiveVersion = 1;
	classes = {
	};
	objectVersion = 46;
	objects = {

/* Begin PBXBuildFile section */
		184082931B2C46E8003F378B /* main.m in Sources */ = {isa = PBXBuildFile; fileRef = 184082921B2C46E8003F378B /* main.m */; };
		184082961B2C46E8003F378B /* AppDelegate.m in Sources */ = {isa = PBXBuildFile; fileRef = 184082951B2C46E8003F378B /* AppDelegate.m */; };
		184082991B2C46E8003F378B /* ViewController.m in Sources */ = {isa = PBXBuildFile; fileRef = 184082981B2C46E8003F378B /* ViewController.m */; };
		1840829E1B2C46E8003F378B /* Images.xcassets in Resources */ = {isa = PBXBuildFile; fileRef = 1840829D1B2C46E8003F378B /* Images.xcassets */; };
		184082A11B2C46E8003F378B /* LaunchScreen.xib in Resources */ = {isa = PBXBuildFile; fileRef = 1840829F1B2C46E8003F378B /* LaunchScreen.xib */; };
		184082AD1B2C46E8003F378B /* MyLinearLayoutDemoTests.m in Sources */ = {isa = PBXBuildFile; fileRef = 184082AC1B2C46E8003F378B /* MyLinearLayoutDemoTests.m */; };
		184082BB1B2C9C60003F378B /* MyLinearLayout.m in Sources */ = {isa = PBXBuildFile; fileRef = 184082BA1B2C9C60003F378B /* MyLinearLayout.m */; };
/* End PBXBuildFile section */

/* Begin PBXContainerItemProxy section */
		184082A71B2C46E8003F378B /* PBXContainerItemProxy */ = {
			isa = PBXContainerItemProxy;
			containerPortal = 184082851B2C46E8003F378B /* Project object */;
			proxyType = 1;
			remoteGlobalIDString = 1840828C1B2C46E8003F378B;
			remoteInfo = MyLinearLayoutDemo;
		};
/* End PBXContainerItemProxy section */

/* Begin PBXFileReference section */
		1840828D1B2C46E8003F378B /* MyLinearLayoutDemo.app */ = {isa = PBXFileReference; explicitFileType = wrapper.application; includeInIndex = 0; path = MyLinearLayoutDemo.app; sourceTree = BUILT_PRODUCTS_DIR; };
		184082911B2C46E8003F378B /* Info.plist */ = {isa = PBXFileReference; lastKnownFileType = text.plist.xml; path = Info.plist; sourceTree = "<group>"; };
		184082921B2C46E8003F378B /* main.m */ = {isa = PBXFileReference; lastKnownFileType = sourcecode.c.objc; path = main.m; sourceTree = "<group>"; };
		184082941B2C46E8003F378B /* AppDelegate.h */ = {isa = PBXFileReference; lastKnownFileType = sourcecode.c.h; path = AppDelegate.h; sourceTree = "<group>"; };
		184082951B2C46E8003F378B /* AppDelegate.m */ = {isa = PBXFileReference; lastKnownFileType = sourcecode.c.objc; path = AppDelegate.m; sourceTree = "<group>"; };
		184082971B2C46E8003F378B /* ViewController.h */ = {isa = PBXFileReference; lastKnownFileType = sourcecode.c.h; path = ViewController.h; sourceTree = "<group>"; };
		184082981B2C46E8003F378B /* ViewController.m */ = {isa = PBXFileReference; lastKnownFileType = sourcecode.c.objc; path = ViewController.m; sourceTree = "<group>"; };
		1840829D1B2C46E8003F378B /* Images.xcassets */ = {isa = PBXFileReference; lastKnownFileType = folder.assetcatalog; path = Images.xcassets; sourceTree = "<group>"; };
		184082A01B2C46E8003F378B /* Base */ = {isa = PBXFileReference; lastKnownFileType = file.xib; name = Base; path = Base.lproj/LaunchScreen.xib; sourceTree = "<group>"; };
		184082A61B2C46E8003F378B /* MyLinearLayoutDemoTests.xctest */ = {isa = PBXFileReference; explicitFileType = wrapper.cfbundle; includeInIndex = 0; path = MyLinearLayoutDemoTests.xctest; sourceTree = BUILT_PRODUCTS_DIR; };
		184082AB1B2C46E8003F378B /* Info.plist */ = {isa = PBXFileReference; lastKnownFileType = text.plist.xml; path = Info.plist; sourceTree = "<group>"; };
		184082AC1B2C46E8003F378B /* MyLinearLayoutDemoTests.m */ = {isa = PBXFileReference; lastKnownFileType = sourcecode.c.objc; path = MyLinearLayoutDemoTests.m; sourceTree = "<group>"; };
		184082B91B2C9C60003F378B /* MyLinearLayout.h */ = {isa = PBXFileReference; fileEncoding = 4; lastKnownFileType = sourcecode.c.h; path = MyLinearLayout.h; sourceTree = "<group>"; };
		184082BA1B2C9C60003F378B /* MyLinearLayout.m */ = {isa = PBXFileReference; fileEncoding = 4; lastKnownFileType = sourcecode.c.objc; path = MyLinearLayout.m; sourceTree = "<group>"; };
/* End PBXFileReference section */

/* Begin PBXFrameworksBuildPhase section */
		1840828A1B2C46E8003F378B /* Frameworks */ = {
			isa = PBXFrameworksBuildPhase;
			buildActionMask = 2147483647;
			files = (
			);
			runOnlyForDeploymentPostprocessing = 0;
		};
		184082A31B2C46E8003F378B /* Frameworks */ = {
			isa = PBXFrameworksBuildPhase;
			buildActionMask = 2147483647;
			files = (
			);
			runOnlyForDeploymentPostprocessing = 0;
		};
/* End PBXFrameworksBuildPhase section */

/* Begin PBXGroup section */
		184082841B2C46E8003F378B = {
			isa = PBXGroup;
			children = (
				1840828F1B2C46E8003F378B /* MyLinearLayoutDemo */,
				184082A91B2C46E8003F378B /* MyLinearLayoutDemoTests */,
				1840828E1B2C46E8003F378B /* Products */,
			);
			sourceTree = "<group>";
		};
		1840828E1B2C46E8003F378B /* Products */ = {
			isa = PBXGroup;
			children = (
				1840828D1B2C46E8003F378B /* MyLinearLayoutDemo.app */,
				184082A61B2C46E8003F378B /* MyLinearLayoutDemoTests.xctest */,
			);
			name = Products;
			sourceTree = "<group>";
		};
		1840828F1B2C46E8003F378B /* MyLinearLayoutDemo */ = {
			isa = PBXGroup;
			children = (
				184082B91B2C9C60003F378B /* MyLinearLayout.h */,
				184082BA1B2C9C60003F378B /* MyLinearLayout.m */,
				184082941B2C46E8003F378B /* AppDelegate.h */,
				184082951B2C46E8003F378B /* AppDelegate.m */,
				184082971B2C46E8003F378B /* ViewController.h */,
				184082981B2C46E8003F378B /* ViewController.m */,
				1840829D1B2C46E8003F378B /* Images.xcassets */,
				1840829F1B2C46E8003F378B /* LaunchScreen.xib */,
				184082901B2C46E8003F378B /* Supporting Files */,
			);
			path = MyLinearLayoutDemo;
			sourceTree = "<group>";
		};
		184082901B2C46E8003F378B /* Supporting Files */ = {
			isa = PBXGroup;
			children = (
				184082911B2C46E8003F378B /* Info.plist */,
				184082921B2C46E8003F378B /* main.m */,
			);
			name = "Supporting Files";
			sourceTree = "<group>";
		};
		184082A91B2C46E8003F378B /* MyLinearLayoutDemoTests */ = {
			isa = PBXGroup;
			children = (
				184082AC1B2C46E8003F378B /* MyLinearLayoutDemoTests.m */,
				184082AA1B2C46E8003F378B /* Supporting Files */,
			);
			path = MyLinearLayoutDemoTests;
			sourceTree = "<group>";
		};
		184082AA1B2C46E8003F378B /* Supporting Files */ = {
			isa = PBXGroup;
			children = (
				184082AB1B2C46E8003F378B /* Info.plist */,
			);
			name = "Supporting Files";
			sourceTree = "<group>";
		};
/* End PBXGroup section */

/* Begin PBXNativeTarget section */
		1840828C1B2C46E8003F378B /* MyLinearLayoutDemo */ = {
			isa = PBXNativeTarget;
			buildConfigurationList = 184082B01B2C46E8003F378B /* Build configuration list for PBXNativeTarget "MyLinearLayoutDemo" */;
			buildPhases = (
				184082891B2C46E8003F378B /* Sources */,
				1840828A1B2C46E8003F378B /* Frameworks */,
				1840828B1B2C46E8003F378B /* Resources */,
			);
			buildRules = (
			);
			dependencies = (
			);
			name = MyLinearLayoutDemo;
			productName = MyLinearLayoutDemo;
			productReference = 1840828D1B2C46E8003F378B /* MyLinearLayoutDemo.app */;
			productType = "com.apple.product-type.application";
		};
		184082A51B2C46E8003F378B /* MyLinearLayoutDemoTests */ = {
			isa = PBXNativeTarget;
			buildConfigurationList = 184082B31B2C46E8003F378B /* Build configuration list for PBXNativeTarget "MyLinearLayoutDemoTests" */;
			buildPhases = (
				184082A21B2C46E8003F378B /* Sources */,
				184082A31B2C46E8003F378B /* Frameworks */,
				184082A41B2C46E8003F378B /* Resources */,
			);
			buildRules = (
			);
			dependencies = (
				184082A81B2C46E8003F378B /* PBXTargetDependency */,
			);
			name = MyLinearLayoutDemoTests;
			productName = MyLinearLayoutDemoTests;
			productReference = 184082A61B2C46E8003F378B /* MyLinearLayoutDemoTests.xctest */;
			productType = "com.apple.product-type.bundle.unit-test";
		};
/* End PBXNativeTarget section */

/* Begin PBXProject section */
		184082851B2C46E8003F378B /* Project object */ = {
			isa = PBXProject;
			attributes = {
				LastUpgradeCheck = 0630;
				ORGANIZATIONNAME = SunnadaSoft;
				TargetAttributes = {
					1840828C1B2C46E8003F378B = {
						CreatedOnToolsVersion = 6.3.2;
					};
					184082A51B2C46E8003F378B = {
						CreatedOnToolsVersion = 6.3.2;
						TestTargetID = 1840828C1B2C46E8003F378B;
					};
				};
			};
			buildConfigurationList = 184082881B2C46E8003F378B /* Build configuration list for PBXProject "MyLinearLayoutDemo" */;
			compatibilityVersion = "Xcode 3.2";
			developmentRegion = English;
			hasScannedForEncodings = 0;
			knownRegions = (
				en,
				Base,
			);
			mainGroup = 184082841B2C46E8003F378B;
			productRefGroup = 1840828E1B2C46E8003F378B /* Products */;
			projectDirPath = "";
			projectRoot = "";
			targets = (
				1840828C1B2C46E8003F378B /* MyLinearLayoutDemo */,
				184082A51B2C46E8003F378B /* MyLinearLayoutDemoTests */,
			);
		};
/* End PBXProject section */

/* Begin PBXResourcesBuildPhase section */
		1840828B1B2C46E8003F378B /* Resources */ = {
			isa = PBXResourcesBuildPhase;
			buildActionMask = 2147483647;
			files = (
				184082A11B2C46E8003F378B /* LaunchScreen.xib in Resources */,
				1840829E1B2C46E8003F378B /* Images.xcassets in Resources */,
			);
			runOnlyForDeploymentPostprocessing = 0;
		};
		184082A41B2C46E8003F378B /* Resources */ = {
			isa = PBXResourcesBuildPhase;
			buildActionMask = 2147483647;
			files = (
			);
			runOnlyForDeploymentPostprocessing = 0;
		};
/* End PBXResourcesBuildPhase section */

/* Begin PBXSourcesBuildPhase section */
		184082891B2C46E8003F378B /* Sources */ = {
			isa = PBXSourcesBuildPhase;
			buildActionMask = 2147483647;
			files = (
				184082991B2C46E8003F378B /* ViewController.m in Sources */,
				184082961B2C46E8003F378B /* AppDelegate.m in Sources */,
				184082BB1B2C9C60003F378B /* MyLinearLayout.m in Sources */,
				184082931B2C46E8003F378B /* main.m in Sources */,
			);
			runOnlyForDeploymentPostprocessing = 0;
		};
		184082A21B2C46E8003F378B /* Sources */ = {
			isa = PBXSourcesBuildPhase;
			buildActionMask = 2147483647;
			files = (
				184082AD1B2C46E8003F378B /* MyLinearLayoutDemoTests.m in Sources */,
			);
			runOnlyForDeploymentPostprocessing = 0;
		};
/* End PBXSourcesBuildPhase section */

/* Begin PBXTargetDependency section */
		184082A81B2C46E8003F378B /* PBXTargetDependency */ = {
			isa = PBXTargetDependency;
			target = 1840828C1B2C46E8003F378B /* MyLinearLayoutDemo */;
			targetProxy = 184082A71B2C46E8003F378B /* PBXContainerItemProxy */;
		};
/* End PBXTargetDependency section */

/* Begin PBXVariantGroup section */
		1840829F1B2C46E8003F378B /* LaunchScreen.xib */ = {
			isa = PBXVariantGroup;
			children = (
				184082A01B2C46E8003F378B /* Base */,
			);
			name = LaunchScreen.xib;
			sourceTree = "<group>";
		};
/* End PBXVariantGroup section */

/* Begin XCBuildConfiguration section */
		184082AE1B2C46E8003F378B /* Debug */ = {
			isa = XCBuildConfiguration;
			buildSettings = {
				ALWAYS_SEARCH_USER_PATHS = NO;
				CLANG_CXX_LANGUAGE_STANDARD = "gnu++0x";
				CLANG_CXX_LIBRARY = "libc++";
				CLANG_ENABLE_MODULES = YES;
				CLANG_ENABLE_OBJC_ARC = YES;
				CLANG_WARN_BOOL_CONVERSION = YES;
				CLANG_WARN_CONSTANT_CONVERSION = YES;
				CLANG_WARN_DIRECT_OBJC_ISA_USAGE = YES_ERROR;
				CLANG_WARN_EMPTY_BODY = YES;
				CLANG_WARN_ENUM_CONVERSION = YES;
				CLANG_WARN_INT_CONVERSION = YES;
				CLANG_WARN_OBJC_ROOT_CLASS = YES_ERROR;
				CLANG_WARN_UNREACHABLE_CODE = YES;
				CLANG_WARN__DUPLICATE_METHOD_MATCH = YES;
				"CODE_SIGN_IDENTITY[sdk=iphoneos*]" = "iPhone Developer";
				COPY_PHASE_STRIP = NO;
				DEBUG_INFORMATION_FORMAT = "dwarf-with-dsym";
				ENABLE_STRICT_OBJC_MSGSEND = YES;
				GCC_C_LANGUAGE_STANDARD = gnu99;
				GCC_DYNAMIC_NO_PIC = NO;
				GCC_NO_COMMON_BLOCKS = YES;
				GCC_OPTIMIZATION_LEVEL = 0;
				GCC_PREPROCESSOR_DEFINITIONS = (
					"DEBUG=1",
					"$(inherited)",
				);
				GCC_SYMBOLS_PRIVATE_EXTERN = NO;
				GCC_WARN_64_TO_32_BIT_CONVERSION = YES;
				GCC_WARN_ABOUT_RETURN_TYPE = YES_ERROR;
				GCC_WARN_UNDECLARED_SELECTOR = YES;
				GCC_WARN_UNINITIALIZED_AUTOS = YES_AGGRESSIVE;
				GCC_WARN_UNUSED_FUNCTION = YES;
				GCC_WARN_UNUSED_VARIABLE = YES;
				IPHONEOS_DEPLOYMENT_TARGET = 8.3;
				MTL_ENABLE_DEBUG_INFO = YES;
				ONLY_ACTIVE_ARCH = YES;
				SDKROOT = iphoneos;
			};
			name = Debug;
		};
		184082AF1B2C46E8003F378B /* Release */ = {
			isa = XCBuildConfiguration;
			buildSettings = {
				ALWAYS_SEARCH_USER_PATHS = NO;
				CLANG_CXX_LANGUAGE_STANDARD = "gnu++0x";
				CLANG_CXX_LIBRARY = "libc++";
				CLANG_ENABLE_MODULES = YES;
				CLANG_ENABLE_OBJC_ARC = YES;
				CLANG_WARN_BOOL_CONVERSION = YES;
				CLANG_WARN_CONSTANT_CONVERSION = YES;
				CLANG_WARN_DIRECT_OBJC_ISA_USAGE = YES_ERROR;
				CLANG_WARN_EMPTY_BODY = YES;
				CLANG_WARN_ENUM_CONVERSION = YES;
				CLANG_WARN_INT_CONVERSION = YES;
				CLANG_WARN_OBJC_ROOT_CLASS = YES_ERROR;
				CLANG_WARN_UNREACHABLE_CODE = YES;
				CLANG_WARN__DUPLICATE_METHOD_MATCH = YES;
				"CODE_SIGN_IDENTITY[sdk=iphoneos*]" = "iPhone Developer";
				COPY_PHASE_STRIP = NO;
				DEBUG_INFORMATION_FORMAT = "dwarf-with-dsym";
				ENABLE_NS_ASSERTIONS = NO;
				ENABLE_STRICT_OBJC_MSGSEND = YES;
				GCC_C_LANGUAGE_STANDARD = gnu99;
				GCC_NO_COMMON_BLOCKS = YES;
				GCC_WARN_64_TO_32_BIT_CONVERSION = YES;
				GCC_WARN_ABOUT_RETURN_TYPE = YES_ERROR;
				GCC_WARN_UNDECLARED_SELECTOR = YES;
				GCC_WARN_UNINITIALIZED_AUTOS = YES_AGGRESSIVE;
				GCC_WARN_UNUSED_FUNCTION = YES;
				GCC_WARN_UNUSED_VARIABLE = YES;
				IPHONEOS_DEPLOYMENT_TARGET = 8.3;
				MTL_ENABLE_DEBUG_INFO = NO;
				SDKROOT = iphoneos;
				VALIDATE_PRODUCT = YES;
			};
			name = Release;
		};
		184082B11B2C46E8003F378B /* Debug */ = {
			isa = XCBuildConfiguration;
			buildSettings = {
				ASSETCATALOG_COMPILER_APPICON_NAME = AppIcon;
				INFOPLIST_FILE = MyLinearLayoutDemo/Info.plist;
				IPHONEOS_DEPLOYMENT_TARGET = 7.0;
				LD_RUNPATH_SEARCH_PATHS = "$(inherited) @executable_path/Frameworks";
				PRODUCT_NAME = "$(TARGET_NAME)";
			};
			name = Debug;
		};
		184082B21B2C46E8003F378B /* Release */ = {
			isa = XCBuildConfiguration;
			buildSettings = {
				ASSETCATALOG_COMPILER_APPICON_NAME = AppIcon;
				INFOPLIST_FILE = MyLinearLayoutDemo/Info.plist;
				IPHONEOS_DEPLOYMENT_TARGET = 7.0;
				LD_RUNPATH_SEARCH_PATHS = "$(inherited) @executable_path/Frameworks";
				PRODUCT_NAME = "$(TARGET_NAME)";
			};
			name = Release;
		};
		184082B41B2C46E8003F378B /* Debug */ = {
			isa = XCBuildConfiguration;
			buildSettings = {
				BUNDLE_LOADER = "$(TEST_HOST)";
				FRAMEWORK_SEARCH_PATHS = (
					"$(SDKROOT)/Developer/Library/Frameworks",
					"$(inherited)",
				);
				GCC_PREPROCESSOR_DEFINITIONS = (
					"DEBUG=1",
					"$(inherited)",
				);
				INFOPLIST_FILE = MyLinearLayoutDemoTests/Info.plist;
				LD_RUNPATH_SEARCH_PATHS = "$(inherited) @executable_path/Frameworks @loader_path/Frameworks";
				PRODUCT_NAME = "$(TARGET_NAME)";
				TEST_HOST = "$(BUILT_PRODUCTS_DIR)/MyLinearLayoutDemo.app/MyLinearLayoutDemo";
			};
			name = Debug;
		};
		184082B51B2C46E8003F378B /* Release */ = {
			isa = XCBuildConfiguration;
			buildSettings = {
				BUNDLE_LOADER = "$(TEST_HOST)";
				FRAMEWORK_SEARCH_PATHS = (
					"$(SDKROOT)/Developer/Library/Frameworks",
					"$(inherited)",
				);
				INFOPLIST_FILE = MyLinearLayoutDemoTests/Info.plist;
				LD_RUNPATH_SEARCH_PATHS = "$(inherited) @executable_path/Frameworks @loader_path/Frameworks";
				PRODUCT_NAME = "$(TARGET_NAME)";
				TEST_HOST = "$(BUILT_PRODUCTS_DIR)/MyLinearLayoutDemo.app/MyLinearLayoutDemo";
			};
			name = Release;
		};
/* End XCBuildConfiguration section */

/* Begin XCConfigurationList section */
		184082881B2C46E8003F378B /* Build configuration list for PBXProject "MyLinearLayoutDemo" */ = {
			isa = XCConfigurationList;
			buildConfigurations = (
				184082AE1B2C46E8003F378B /* Debug */,
				184082AF1B2C46E8003F378B /* Release */,
			);
			defaultConfigurationIsVisible = 0;
			defaultConfigurationName = Release;
		};
		184082B01B2C46E8003F378B /* Build configuration list for PBXNativeTarget "MyLinearLayoutDemo" */ = {
			isa = XCConfigurationList;
			buildConfigurations = (
				184082B11B2C46E8003F378B /* Debug */,
				184082B21B2C46E8003F378B /* Release */,
			);
			defaultConfigurationIsVisible = 0;
		};
		184082B31B2C46E8003F378B /* Build configuration list for PBXNativeTarget "MyLinearLayoutDemoTests" */ = {
			isa = XCConfigurationList;
			buildConfigurations = (
				184082B41B2C46E8003F378B /* Debug */,
				184082B51B2C46E8003F378B /* Release */,
			);
			defaultConfigurationIsVisible = 0;
		};
/* End XCConfigurationList section */
	};
	rootObject = 184082851B2C46E8003F378B /* Project object */;
}
