// !$*UTF8*$!
{
	archiveVersion = 1;
	classes = {
	};
	objectVersion = 46;
	objects = {

/* Begin PBXBuildFile section */
		181385BF1B5A617500DEA407 /* Test17ViewController.m in Sources */ = {isa = PBXBuildFile; fileRef = 181385BE1B5A617500DEA407 /* Test17ViewController.m */; };
		183AB2D01B3664DB003E999F /* Test1ViewController.m in Sources */ = {isa = PBXBuildFile; fileRef = 183AB2CF1B3664DB003E999F /* Test1ViewController.m */; };
		183AB2D31B36714F003E999F /* Test2ViewController.m in Sources */ = {isa = PBXBuildFile; fileRef = 183AB2D21B36714F003E999F /* Test2ViewController.m */; };
		183AB2D61B36A9FA003E999F /* Test3ViewController.m in Sources */ = {isa = PBXBuildFile; fileRef = 183AB2D51B36A9FA003E999F /* Test3ViewController.m */; };
		183AB2D91B36ACC1003E999F /* Test4ViewController.m in Sources */ = {isa = PBXBuildFile; fileRef = 183AB2D81B36ACC1003E999F /* Test4ViewController.m */; };
		183AB2DC1B36B183003E999F /* Test5ViewController.m in Sources */ = {isa = PBXBuildFile; fileRef = 183AB2DB1B36B183003E999F /* Test5ViewController.m */; };
		183AB2DF1B36B503003E999F /* Test6ViewController.m in Sources */ = {isa = PBXBuildFile; fileRef = 183AB2DE1B36B503003E999F /* Test6ViewController.m */; };
		183AB2E21B36B99A003E999F /* Test7ViewController.m in Sources */ = {isa = PBXBuildFile; fileRef = 183AB2E11B36B99A003E999F /* Test7ViewController.m */; };
		183AB2E51B36CB41003E999F /* Test8ViewController.m in Sources */ = {isa = PBXBuildFile; fileRef = 183AB2E41B36CB41003E999F /* Test8ViewController.m */; };
		183AB2E81B36CB69003E999F /* Test9ViewController.m in Sources */ = {isa = PBXBuildFile; fileRef = 183AB2E71B36CB69003E999F /* Test9ViewController.m */; };
		183AB2EB1B36CB75003E999F /* Test10ViewController.m in Sources */ = {isa = PBXBuildFile; fileRef = 183AB2EA1B36CB75003E999F /* Test10ViewController.m */; };
		183AB2ED1B36DB7E003E999F /* user@2x.png in Resources */ = {isa = PBXBuildFile; fileRef = 183AB2EC1B36DB7E003E999F /* user@2x.png */; };
		183AB2F01B36F8F8003E999F /* Test11ViewController.m in Sources */ = {isa = PBXBuildFile; fileRef = 183AB2EF1B36F8F8003E999F /* Test11ViewController.m */; };
		184082931B2C46E8003F378B /* main.m in Sources */ = {isa = PBXBuildFile; fileRef = 184082921B2C46E8003F378B /* main.m */; };
		184082961B2C46E8003F378B /* AppDelegate.m in Sources */ = {isa = PBXBuildFile; fileRef = 184082951B2C46E8003F378B /* AppDelegate.m */; };
		184082991B2C46E8003F378B /* ViewController.m in Sources */ = {isa = PBXBuildFile; fileRef = 184082981B2C46E8003F378B /* ViewController.m */; };
		1840829E1B2C46E8003F378B /* Images.xcassets in Resources */ = {isa = PBXBuildFile; fileRef = 1840829D1B2C46E8003F378B /* Images.xcassets */; };
		184082A11B2C46E8003F378B /* LaunchScreen.xib in Resources */ = {isa = PBXBuildFile; fileRef = 1840829F1B2C46E8003F378B /* LaunchScreen.xib */; };
		184082AD1B2C46E8003F378B /* MyLinearLayoutDemoTests.m in Sources */ = {isa = PBXBuildFile; fileRef = 184082AC1B2C46E8003F378B /* MyLinearLayoutDemoTests.m */; };
		184CEC221B4E8B2900E97C7E /* Test16ViewController.m in Sources */ = {isa = PBXBuildFile; fileRef = 184CEC211B4E8B2900E97C7E /* Test16ViewController.m */; };
		186A55F91B8C099600C96A3D /* MyFrameLayout.m in Sources */ = {isa = PBXBuildFile; fileRef = 186A55EE1B8C099600C96A3D /* MyFrameLayout.m */; };
		186A55FA1B8C099600C96A3D /* MyLayoutBase.m in Sources */ = {isa = PBXBuildFile; fileRef = 186A55F11B8C099600C96A3D /* MyLayoutBase.m */; };
		186A55FB1B8C099600C96A3D /* MyLinearLayout.m in Sources */ = {isa = PBXBuildFile; fileRef = 186A55F41B8C099600C96A3D /* MyLinearLayout.m */; };
		186A55FC1B8C099600C96A3D /* MyMaker.m in Sources */ = {isa = PBXBuildFile; fileRef = 186A55F61B8C099600C96A3D /* MyMaker.m */; };
		186A55FD1B8C099600C96A3D /* MyRelativeLayout.m in Sources */ = {isa = PBXBuildFile; fileRef = 186A55F81B8C099600C96A3D /* MyRelativeLayout.m */; };
		186A56541B8D90D900C96A3D /* MyTableLayout.m in Sources */ = {isa = PBXBuildFile; fileRef = 186A56531B8D90D900C96A3D /* MyTableLayout.m */; };
		186A56571B8DB25F00C96A3D /* Test18ViewController.m in Sources */ = {isa = PBXBuildFile; fileRef = 186A56561B8DB25F00C96A3D /* Test18ViewController.m */; };
		187C6A4F1B47C94700A6949A /* Test13ViewController.m in Sources */ = {isa = PBXBuildFile; fileRef = 187C6A4D1B47C94700A6949A /* Test13ViewController.m */; };
		187D8CD11B8E0E7E006EFF62 /* Test19ViewController.m in Sources */ = {isa = PBXBuildFile; fileRef = 187D8CD01B8E0E7E006EFF62 /* Test19ViewController.m */; };
		1889AEAE1B4A69130001F871 /* Test14ViewController.m in Sources */ = {isa = PBXBuildFile; fileRef = 1889AEAD1B4A69130001F871 /* Test14ViewController.m */; };
		18A2C4FC1B3A8C1A00FDFF5D /* Test12ViewController.m in Sources */ = {isa = PBXBuildFile; fileRef = 18A2C4FB1B3A8C1A00FDFF5D /* Test12ViewController.m */; };
		18E8084D1B3A5D170059C410 /* QuartzCore.framework in Frameworks */ = {isa = PBXBuildFile; fileRef = 18E8084C1B3A5D170059C410 /* QuartzCore.framework */; };
		18FAC18A1B4ABD10005FD4E0 /* Test15ViewController.m in Sources */ = {isa = PBXBuildFile; fileRef = 18FAC1891B4ABD10005FD4E0 /* Test15ViewController.m */; };
/* End PBXBuildFile section */

/* Begin PBXContainerItemProxy section */
		184082A71B2C46E8003F378B /* PBXContainerItemProxy */ = {
			isa = PBXContainerItemProxy;
			containerPortal = 184082851B2C46E8003F378B /* Project object */;
			proxyType = 1;
			remoteGlobalIDString = 1840828C1B2C46E8003F378B;
			remoteInfo = MyLinearLayoutDemo;
		};
/* End PBXContainerItemProxy section */

/* Begin PBXFileReference section */
		181385BD1B5A617500DEA407 /* Test17ViewController.h */ = {isa = PBXFileReference; fileEncoding = 4; lastKnownFileType = sourcecode.c.h; path = Test17ViewController.h; sourceTree = "<group>"; };
		181385BE1B5A617500DEA407 /* Test17ViewController.m */ = {isa = PBXFileReference; fileEncoding = 4; lastKnownFileType = sourcecode.c.objc; path = Test17ViewController.m; sourceTree = "<group>"; };
		183AB2CE1B3664DB003E999F /* Test1ViewController.h */ = {isa = PBXFileReference; fileEncoding = 4; lastKnownFileType = sourcecode.c.h; path = Test1ViewController.h; sourceTree = "<group>"; };
		183AB2CF1B3664DB003E999F /* Test1ViewController.m */ = {isa = PBXFileReference; fileEncoding = 4; lastKnownFileType = sourcecode.c.objc; path = Test1ViewController.m; sourceTree = "<group>"; };
		183AB2D11B36714F003E999F /* Test2ViewController.h */ = {isa = PBXFileReference; fileEncoding = 4; lastKnownFileType = sourcecode.c.h; path = Test2ViewController.h; sourceTree = "<group>"; };
		183AB2D21B36714F003E999F /* Test2ViewController.m */ = {isa = PBXFileReference; fileEncoding = 4; lastKnownFileType = sourcecode.c.objc; path = Test2ViewController.m; sourceTree = "<group>"; };
		183AB2D41B36A9FA003E999F /* Test3ViewController.h */ = {isa = PBXFileReference; fileEncoding = 4; lastKnownFileType = sourcecode.c.h; path = Test3ViewController.h; sourceTree = "<group>"; };
		183AB2D51B36A9FA003E999F /* Test3ViewController.m */ = {isa = PBXFileReference; fileEncoding = 4; lastKnownFileType = sourcecode.c.objc; path = Test3ViewController.m; sourceTree = "<group>"; };
		183AB2D71B36ACC1003E999F /* Test4ViewController.h */ = {isa = PBXFileReference; fileEncoding = 4; lastKnownFileType = sourcecode.c.h; path = Test4ViewController.h; sourceTree = "<group>"; };
		183AB2D81B36ACC1003E999F /* Test4ViewController.m */ = {isa = PBXFileReference; fileEncoding = 4; lastKnownFileType = sourcecode.c.objc; path = Test4ViewController.m; sourceTree = "<group>"; };
		183AB2DA1B36B183003E999F /* Test5ViewController.h */ = {isa = PBXFileReference; fileEncoding = 4; lastKnownFileType = sourcecode.c.h; path = Test5ViewController.h; sourceTree = "<group>"; };
		183AB2DB1B36B183003E999F /* Test5ViewController.m */ = {isa = PBXFileReference; fileEncoding = 4; lastKnownFileType = sourcecode.c.objc; path = Test5ViewController.m; sourceTree = "<group>"; };
		183AB2DD1B36B503003E999F /* Test6ViewController.h */ = {isa = PBXFileReference; fileEncoding = 4; lastKnownFileType = sourcecode.c.h; path = Test6ViewController.h; sourceTree = "<group>"; };
		183AB2DE1B36B503003E999F /* Test6ViewController.m */ = {isa = PBXFileReference; fileEncoding = 4; lastKnownFileType = sourcecode.c.objc; path = Test6ViewController.m; sourceTree = "<group>"; };
		183AB2E01B36B99A003E999F /* Test7ViewController.h */ = {isa = PBXFileReference; fileEncoding = 4; lastKnownFileType = sourcecode.c.h; path = Test7ViewController.h; sourceTree = "<group>"; };
		183AB2E11B36B99A003E999F /* Test7ViewController.m */ = {isa = PBXFileReference; fileEncoding = 4; lastKnownFileType = sourcecode.c.objc; path = Test7ViewController.m; sourceTree = "<group>"; };
		183AB2E31B36CB41003E999F /* Test8ViewController.h */ = {isa = PBXFileReference; fileEncoding = 4; lastKnownFileType = sourcecode.c.h; path = Test8ViewController.h; sourceTree = "<group>"; };
		183AB2E41B36CB41003E999F /* Test8ViewController.m */ = {isa = PBXFileReference; fileEncoding = 4; lastKnownFileType = sourcecode.c.objc; path = Test8ViewController.m; sourceTree = "<group>"; };
		183AB2E61B36CB69003E999F /* Test9ViewController.h */ = {isa = PBXFileReference; fileEncoding = 4; lastKnownFileType = sourcecode.c.h; path = Test9ViewController.h; sourceTree = "<group>"; };
		183AB2E71B36CB69003E999F /* Test9ViewController.m */ = {isa = PBXFileReference; fileEncoding = 4; lastKnownFileType = sourcecode.c.objc; path = Test9ViewController.m; sourceTree = "<group>"; };
		183AB2E91B36CB75003E999F /* Test10ViewController.h */ = {isa = PBXFileReference; fileEncoding = 4; lastKnownFileType = sourcecode.c.h; path = Test10ViewController.h; sourceTree = "<group>"; };
		183AB2EA1B36CB75003E999F /* Test10ViewController.m */ = {isa = PBXFileReference; fileEncoding = 4; lastKnownFileType = sourcecode.c.objc; path = Test10ViewController.m; sourceTree = "<group>"; };
		183AB2EC1B36DB7E003E999F /* user@2x.png */ = {isa = PBXFileReference; lastKnownFileType = image.png; path = "user@2x.png"; sourceTree = "<group>"; };
		183AB2EE1B36F8F8003E999F /* Test11ViewController.h */ = {isa = PBXFileReference; fileEncoding = 4; lastKnownFileType = sourcecode.c.h; path = Test11ViewController.h; sourceTree = "<group>"; };
		183AB2EF1B36F8F8003E999F /* Test11ViewController.m */ = {isa = PBXFileReference; fileEncoding = 4; lastKnownFileType = sourcecode.c.objc; path = Test11ViewController.m; sourceTree = "<group>"; };
		1840828D1B2C46E8003F378B /* MyLinearLayoutDemo.app */ = {isa = PBXFileReference; explicitFileType = wrapper.application; includeInIndex = 0; path = MyLinearLayoutDemo.app; sourceTree = BUILT_PRODUCTS_DIR; };
		184082911B2C46E8003F378B /* Info.plist */ = {isa = PBXFileReference; lastKnownFileType = text.plist.xml; path = Info.plist; sourceTree = "<group>"; };
		184082921B2C46E8003F378B /* main.m */ = {isa = PBXFileReference; lastKnownFileType = sourcecode.c.objc; path = main.m; sourceTree = "<group>"; };
		184082941B2C46E8003F378B /* AppDelegate.h */ = {isa = PBXFileReference; lastKnownFileType = sourcecode.c.h; path = AppDelegate.h; sourceTree = "<group>"; };
		184082951B2C46E8003F378B /* AppDelegate.m */ = {isa = PBXFileReference; lastKnownFileType = sourcecode.c.objc; path = AppDelegate.m; sourceTree = "<group>"; };
		184082971B2C46E8003F378B /* ViewController.h */ = {isa = PBXFileReference; lastKnownFileType = sourcecode.c.h; path = ViewController.h; sourceTree = "<group>"; };
		184082981B2C46E8003F378B /* ViewController.m */ = {isa = PBXFileReference; lastKnownFileType = sourcecode.c.objc; path = ViewController.m; sourceTree = "<group>"; };
		1840829D1B2C46E8003F378B /* Images.xcassets */ = {isa = PBXFileReference; lastKnownFileType = folder.assetcatalog; path = Images.xcassets; sourceTree = "<group>"; };
		184082A01B2C46E8003F378B /* Base */ = {isa = PBXFileReference; lastKnownFileType = file.xib; name = Base; path = Base.lproj/LaunchScreen.xib; sourceTree = "<group>"; };
		184082A61B2C46E8003F378B /* MyLinearLayoutDemoTests.xctest */ = {isa = PBXFileReference; explicitFileType = wrapper.cfbundle; includeInIndex = 0; path = MyLinearLayoutDemoTests.xctest; sourceTree = BUILT_PRODUCTS_DIR; };
		184082AB1B2C46E8003F378B /* Info.plist */ = {isa = PBXFileReference; lastKnownFileType = text.plist.xml; path = Info.plist; sourceTree = "<group>"; };
		184082AC1B2C46E8003F378B /* MyLinearLayoutDemoTests.m */ = {isa = PBXFileReference; lastKnownFileType = sourcecode.c.objc; path = MyLinearLayoutDemoTests.m; sourceTree = "<group>"; };
		184CEC201B4E8B2900E97C7E /* Test16ViewController.h */ = {isa = PBXFileReference; fileEncoding = 4; lastKnownFileType = sourcecode.c.h; path = Test16ViewController.h; sourceTree = "<group>"; };
		184CEC211B4E8B2900E97C7E /* Test16ViewController.m */ = {isa = PBXFileReference; fileEncoding = 4; lastKnownFileType = sourcecode.c.objc; path = Test16ViewController.m; sourceTree = "<group>"; };
		186A55ED1B8C099600C96A3D /* MyFrameLayout.h */ = {isa = PBXFileReference; fileEncoding = 4; lastKnownFileType = sourcecode.c.h; path = MyFrameLayout.h; sourceTree = "<group>"; };
		186A55EE1B8C099600C96A3D /* MyFrameLayout.m */ = {isa = PBXFileReference; fileEncoding = 4; lastKnownFileType = sourcecode.c.objc; path = MyFrameLayout.m; sourceTree = "<group>"; };
		186A55EF1B8C099600C96A3D /* MyLayout.h */ = {isa = PBXFileReference; fileEncoding = 4; lastKnownFileType = sourcecode.c.h; path = MyLayout.h; sourceTree = "<group>"; };
		186A55F01B8C099600C96A3D /* MyLayoutBase.h */ = {isa = PBXFileReference; fileEncoding = 4; lastKnownFileType = sourcecode.c.h; path = MyLayoutBase.h; sourceTree = "<group>"; };
		186A55F11B8C099600C96A3D /* MyLayoutBase.m */ = {isa = PBXFileReference; fileEncoding = 4; lastKnownFileType = sourcecode.c.objc; path = MyLayoutBase.m; sourceTree = "<group>"; };
		186A55F21B8C099600C96A3D /* MyLayoutInner.h */ = {isa = PBXFileReference; fileEncoding = 4; lastKnownFileType = sourcecode.c.h; path = MyLayoutInner.h; sourceTree = "<group>"; };
		186A55F31B8C099600C96A3D /* MyLinearLayout.h */ = {isa = PBXFileReference; fileEncoding = 4; lastKnownFileType = sourcecode.c.h; path = MyLinearLayout.h; sourceTree = "<group>"; };
		186A55F41B8C099600C96A3D /* MyLinearLayout.m */ = {isa = PBXFileReference; fileEncoding = 4; lastKnownFileType = sourcecode.c.objc; path = MyLinearLayout.m; sourceTree = "<group>"; };
		186A55F51B8C099600C96A3D /* MyMaker.h */ = {isa = PBXFileReference; fileEncoding = 4; lastKnownFileType = sourcecode.c.h; path = MyMaker.h; sourceTree = "<group>"; };
		186A55F61B8C099600C96A3D /* MyMaker.m */ = {isa = PBXFileReference; fileEncoding = 4; lastKnownFileType = sourcecode.c.objc; path = MyMaker.m; sourceTree = "<group>"; };
		186A55F71B8C099600C96A3D /* MyRelativeLayout.h */ = {isa = PBXFileReference; fileEncoding = 4; lastKnownFileType = sourcecode.c.h; path = MyRelativeLayout.h; sourceTree = "<group>"; };
		186A55F81B8C099600C96A3D /* MyRelativeLayout.m */ = {isa = PBXFileReference; fileEncoding = 4; lastKnownFileType = sourcecode.c.objc; path = MyRelativeLayout.m; sourceTree = "<group>"; };
		186A56521B8D90D900C96A3D /* MyTableLayout.h */ = {isa = PBXFileReference; fileEncoding = 4; lastKnownFileType = sourcecode.c.h; path = MyTableLayout.h; sourceTree = "<group>"; };
		186A56531B8D90D900C96A3D /* MyTableLayout.m */ = {isa = PBXFileReference; fileEncoding = 4; lastKnownFileType = sourcecode.c.objc; path = MyTableLayout.m; sourceTree = "<group>"; };
		186A56551B8DB25F00C96A3D /* Test18ViewController.h */ = {isa = PBXFileReference; fileEncoding = 4; lastKnownFileType = sourcecode.c.h; path = Test18ViewController.h; sourceTree = "<group>"; };
		186A56561B8DB25F00C96A3D /* Test18ViewController.m */ = {isa = PBXFileReference; fileEncoding = 4; lastKnownFileType = sourcecode.c.objc; path = Test18ViewController.m; sourceTree = "<group>"; };
		187C6A4C1B47C94700A6949A /* Test13ViewController.h */ = {isa = PBXFileReference; fileEncoding = 4; lastKnownFileType = sourcecode.c.h; path = Test13ViewController.h; sourceTree = "<group>"; };
		187C6A4D1B47C94700A6949A /* Test13ViewController.m */ = {isa = PBXFileReference; fileEncoding = 4; lastKnownFileType = sourcecode.c.objc; path = Test13ViewController.m; sourceTree = "<group>"; };
		187D8CCF1B8E0E7E006EFF62 /* Test19ViewController.h */ = {isa = PBXFileReference; fileEncoding = 4; lastKnownFileType = sourcecode.c.h; path = Test19ViewController.h; sourceTree = "<group>"; };
		187D8CD01B8E0E7E006EFF62 /* Test19ViewController.m */ = {isa = PBXFileReference; fileEncoding = 4; lastKnownFileType = sourcecode.c.objc; path = Test19ViewController.m; sourceTree = "<group>"; };
		1889AEAC1B4A69130001F871 /* Test14ViewController.h */ = {isa = PBXFileReference; fileEncoding = 4; lastKnownFileType = sourcecode.c.h; path = Test14ViewController.h; sourceTree = "<group>"; };
		1889AEAD1B4A69130001F871 /* Test14ViewController.m */ = {isa = PBXFileReference; fileEncoding = 4; lastKnownFileType = sourcecode.c.objc; path = Test14ViewController.m; sourceTree = "<group>"; };
		18A2C4FA1B3A8C1A00FDFF5D /* Test12ViewController.h */ = {isa = PBXFileReference; fileEncoding = 4; lastKnownFileType = sourcecode.c.h; path = Test12ViewController.h; sourceTree = "<group>"; };
		18A2C4FB1B3A8C1A00FDFF5D /* Test12ViewController.m */ = {isa = PBXFileReference; fileEncoding = 4; lastKnownFileType = sourcecode.c.objc; path = Test12ViewController.m; sourceTree = "<group>"; };
		18E8084C1B3A5D170059C410 /* QuartzCore.framework */ = {isa = PBXFileReference; lastKnownFileType = wrapper.framework; name = QuartzCore.framework; path = System/Library/Frameworks/QuartzCore.framework; sourceTree = SDKROOT; };
		18FAC1881B4ABD10005FD4E0 /* Test15ViewController.h */ = {isa = PBXFileReference; fileEncoding = 4; lastKnownFileType = sourcecode.c.h; path = Test15ViewController.h; sourceTree = "<group>"; };
		18FAC1891B4ABD10005FD4E0 /* Test15ViewController.m */ = {isa = PBXFileReference; fileEncoding = 4; lastKnownFileType = sourcecode.c.objc; path = Test15ViewController.m; sourceTree = "<group>"; };
/* End PBXFileReference section */

/* Begin PBXFrameworksBuildPhase section */
		1840828A1B2C46E8003F378B /* Frameworks */ = {
			isa = PBXFrameworksBuildPhase;
			buildActionMask = 2147483647;
			files = (
				18E8084D1B3A5D170059C410 /* QuartzCore.framework in Frameworks */,
			);
			runOnlyForDeploymentPostprocessing = 0;
		};
		184082A31B2C46E8003F378B /* Frameworks */ = {
			isa = PBXFrameworksBuildPhase;
			buildActionMask = 2147483647;
			files = (
			);
			runOnlyForDeploymentPostprocessing = 0;
		};
/* End PBXFrameworksBuildPhase section */

/* Begin PBXGroup section */
		184082841B2C46E8003F378B = {
			isa = PBXGroup;
			children = (
				18E8084C1B3A5D170059C410 /* QuartzCore.framework */,
				1840828F1B2C46E8003F378B /* MyLinearLayoutDemo */,
				184082A91B2C46E8003F378B /* MyLinearLayoutDemoTests */,
				1840828E1B2C46E8003F378B /* Products */,
			);
			sourceTree = "<group>";
		};
		1840828E1B2C46E8003F378B /* Products */ = {
			isa = PBXGroup;
			children = (
				1840828D1B2C46E8003F378B /* MyLinearLayoutDemo.app */,
				184082A61B2C46E8003F378B /* MyLinearLayoutDemoTests.xctest */,
			);
			name = Products;
			sourceTree = "<group>";
		};
		1840828F1B2C46E8003F378B /* MyLinearLayoutDemo */ = {
			isa = PBXGroup;
			children = (
				186A55EC1B8C093900C96A3D /* MyLayout */,
				184082941B2C46E8003F378B /* AppDelegate.h */,
				184082951B2C46E8003F378B /* AppDelegate.m */,
				184082971B2C46E8003F378B /* ViewController.h */,
				184082981B2C46E8003F378B /* ViewController.m */,
				1840829D1B2C46E8003F378B /* Images.xcassets */,
				1840829F1B2C46E8003F378B /* LaunchScreen.xib */,
				184082901B2C46E8003F378B /* Supporting Files */,
				183AB2CE1B3664DB003E999F /* Test1ViewController.h */,
				183AB2CF1B3664DB003E999F /* Test1ViewController.m */,
				183AB2D11B36714F003E999F /* Test2ViewController.h */,
				183AB2D21B36714F003E999F /* Test2ViewController.m */,
				183AB2D41B36A9FA003E999F /* Test3ViewController.h */,
				183AB2D51B36A9FA003E999F /* Test3ViewController.m */,
				183AB2D71B36ACC1003E999F /* Test4ViewController.h */,
				183AB2D81B36ACC1003E999F /* Test4ViewController.m */,
				183AB2DA1B36B183003E999F /* Test5ViewController.h */,
				183AB2DB1B36B183003E999F /* Test5ViewController.m */,
				183AB2DD1B36B503003E999F /* Test6ViewController.h */,
				183AB2DE1B36B503003E999F /* Test6ViewController.m */,
				183AB2E01B36B99A003E999F /* Test7ViewController.h */,
				183AB2E11B36B99A003E999F /* Test7ViewController.m */,
				183AB2E31B36CB41003E999F /* Test8ViewController.h */,
				183AB2E41B36CB41003E999F /* Test8ViewController.m */,
				183AB2E61B36CB69003E999F /* Test9ViewController.h */,
				183AB2E71B36CB69003E999F /* Test9ViewController.m */,
				183AB2E91B36CB75003E999F /* Test10ViewController.h */,
				183AB2EA1B36CB75003E999F /* Test10ViewController.m */,
				183AB2EE1B36F8F8003E999F /* Test11ViewController.h */,
				183AB2EF1B36F8F8003E999F /* Test11ViewController.m */,
				18A2C4FA1B3A8C1A00FDFF5D /* Test12ViewController.h */,
				18A2C4FB1B3A8C1A00FDFF5D /* Test12ViewController.m */,
				187C6A4C1B47C94700A6949A /* Test13ViewController.h */,
				187C6A4D1B47C94700A6949A /* Test13ViewController.m */,
				1889AEAC1B4A69130001F871 /* Test14ViewController.h */,
				1889AEAD1B4A69130001F871 /* Test14ViewController.m */,
				18FAC1881B4ABD10005FD4E0 /* Test15ViewController.h */,
				18FAC1891B4ABD10005FD4E0 /* Test15ViewController.m */,
				184CEC201B4E8B2900E97C7E /* Test16ViewController.h */,
				184CEC211B4E8B2900E97C7E /* Test16ViewController.m */,
				181385BD1B5A617500DEA407 /* Test17ViewController.h */,
				181385BE1B5A617500DEA407 /* Test17ViewController.m */,
				186A56551B8DB25F00C96A3D /* Test18ViewController.h */,
				186A56561B8DB25F00C96A3D /* Test18ViewController.m */,
				187D8CCF1B8E0E7E006EFF62 /* Test19ViewController.h */,
				187D8CD01B8E0E7E006EFF62 /* Test19ViewController.m */,
			);
			path = MyLinearLayoutDemo;
			sourceTree = "<group>";
		};
		184082901B2C46E8003F378B /* Supporting Files */ = {
			isa = PBXGroup;
			children = (
				183AB2EC1B36DB7E003E999F /* user@2x.png */,
				184082911B2C46E8003F378B /* Info.plist */,
				184082921B2C46E8003F378B /* main.m */,
			);
			name = "Supporting Files";
			sourceTree = "<group>";
		};
		184082A91B2C46E8003F378B /* MyLinearLayoutDemoTests */ = {
			isa = PBXGroup;
			children = (
				184082AC1B2C46E8003F378B /* MyLinearLayoutDemoTests.m */,
				184082AA1B2C46E8003F378B /* Supporting Files */,
			);
			path = MyLinearLayoutDemoTests;
			sourceTree = "<group>";
		};
		184082AA1B2C46E8003F378B /* Supporting Files */ = {
			isa = PBXGroup;
			children = (
				184082AB1B2C46E8003F378B /* Info.plist */,
			);
			name = "Supporting Files";
			sourceTree = "<group>";
		};
		186A55EC1B8C093900C96A3D /* MyLayout */ = {
			isa = PBXGroup;
			children = (
				186A55EF1B8C099600C96A3D /* MyLayout.h */,
				186A55F01B8C099600C96A3D /* MyLayoutBase.h */,
				186A55F11B8C099600C96A3D /* MyLayoutBase.m */,
				186A55ED1B8C099600C96A3D /* MyFrameLayout.h */,
				186A55EE1B8C099600C96A3D /* MyFrameLayout.m */,
				186A55F31B8C099600C96A3D /* MyLinearLayout.h */,
				186A55F41B8C099600C96A3D /* MyLinearLayout.m */,
				186A55F71B8C099600C96A3D /* MyRelativeLayout.h */,
				186A55F81B8C099600C96A3D /* MyRelativeLayout.m */,
				186A55F21B8C099600C96A3D /* MyLayoutInner.h */,
				186A55F51B8C099600C96A3D /* MyMaker.h */,
				186A55F61B8C099600C96A3D /* MyMaker.m */,
				186A56521B8D90D900C96A3D /* MyTableLayout.h */,
				186A56531B8D90D900C96A3D /* MyTableLayout.m */,
			);
			path = MyLayout;
			sourceTree = "<group>";
		};
/* End PBXGroup section */

/* Begin PBXNativeTarget section */
		1840828C1B2C46E8003F378B /* MyLinearLayoutDemo */ = {
			isa = PBXNativeTarget;
			buildConfigurationList = 184082B01B2C46E8003F378B /* Build configuration list for PBXNativeTarget "MyLinearLayoutDemo" */;
			buildPhases = (
				184082891B2C46E8003F378B /* Sources */,
				1840828A1B2C46E8003F378B /* Frameworks */,
				1840828B1B2C46E8003F378B /* Resources */,
			);
			buildRules = (
			);
			dependencies = (
			);
			name = MyLinearLayoutDemo;
			productName = MyLinearLayoutDemo;
			productReference = 1840828D1B2C46E8003F378B /* MyLinearLayoutDemo.app */;
			productType = "com.apple.product-type.application";
		};
		184082A51B2C46E8003F378B /* MyLinearLayoutDemoTests */ = {
			isa = PBXNativeTarget;
			buildConfigurationList = 184082B31B2C46E8003F378B /* Build configuration list for PBXNativeTarget "MyLinearLayoutDemoTests" */;
			buildPhases = (
				184082A21B2C46E8003F378B /* Sources */,
				184082A31B2C46E8003F378B /* Frameworks */,
				184082A41B2C46E8003F378B /* Resources */,
			);
			buildRules = (
			);
			dependencies = (
				184082A81B2C46E8003F378B /* PBXTargetDependency */,
			);
			name = MyLinearLayoutDemoTests;
			productName = MyLinearLayoutDemoTests;
			productReference = 184082A61B2C46E8003F378B /* MyLinearLayoutDemoTests.xctest */;
			productType = "com.apple.product-type.bundle.unit-test";
		};
/* End PBXNativeTarget section */

/* Begin PBXProject section */
		184082851B2C46E8003F378B /* Project object */ = {
			isa = PBXProject;
			attributes = {
				LastUpgradeCheck = 0630;
				ORGANIZATIONNAME = SunnadaSoft;
				TargetAttributes = {
					1840828C1B2C46E8003F378B = {
						CreatedOnToolsVersion = 6.3.2;
						DevelopmentTeam = 9JJMH944SE;
					};
					184082A51B2C46E8003F378B = {
						CreatedOnToolsVersion = 6.3.2;
						TestTargetID = 1840828C1B2C46E8003F378B;
					};
				};
			};
			buildConfigurationList = 184082881B2C46E8003F378B /* Build configuration list for PBXProject "MyLinearLayoutDemo" */;
			compatibilityVersion = "Xcode 3.2";
			developmentRegion = English;
			hasScannedForEncodings = 0;
			knownRegions = (
				en,
				Base,
			);
			mainGroup = 184082841B2C46E8003F378B;
			productRefGroup = 1840828E1B2C46E8003F378B /* Products */;
			projectDirPath = "";
			projectRoot = "";
			targets = (
				1840828C1B2C46E8003F378B /* MyLinearLayoutDemo */,
				184082A51B2C46E8003F378B /* MyLinearLayoutDemoTests */,
			);
		};
/* End PBXProject section */

/* Begin PBXResourcesBuildPhase section */
		1840828B1B2C46E8003F378B /* Resources */ = {
			isa = PBXResourcesBuildPhase;
			buildActionMask = 2147483647;
			files = (
				183AB2ED1B36DB7E003E999F /* user@2x.png in Resources */,
				184082A11B2C46E8003F378B /* LaunchScreen.xib in Resources */,
				1840829E1B2C46E8003F378B /* Images.xcassets in Resources */,
			);
			runOnlyForDeploymentPostprocessing = 0;
		};
		184082A41B2C46E8003F378B /* Resources */ = {
			isa = PBXResourcesBuildPhase;
			buildActionMask = 2147483647;
			files = (
			);
			runOnlyForDeploymentPostprocessing = 0;
		};
/* End PBXResourcesBuildPhase section */

/* Begin PBXSourcesBuildPhase section */
		184082891B2C46E8003F378B /* Sources */ = {
			isa = PBXSourcesBuildPhase;
			buildActionMask = 2147483647;
			files = (
				183AB2E21B36B99A003E999F /* Test7ViewController.m in Sources */,
				18A2C4FC1B3A8C1A00FDFF5D /* Test12ViewController.m in Sources */,
				183AB2EB1B36CB75003E999F /* Test10ViewController.m in Sources */,
				183AB2D91B36ACC1003E999F /* Test4ViewController.m in Sources */,
				184CEC221B4E8B2900E97C7E /* Test16ViewController.m in Sources */,
				183AB2E51B36CB41003E999F /* Test8ViewController.m in Sources */,
				183AB2D31B36714F003E999F /* Test2ViewController.m in Sources */,
				18FAC18A1B4ABD10005FD4E0 /* Test15ViewController.m in Sources */,
				186A55FD1B8C099600C96A3D /* MyRelativeLayout.m in Sources */,
				183AB2F01B36F8F8003E999F /* Test11ViewController.m in Sources */,
				183AB2DC1B36B183003E999F /* Test5ViewController.m in Sources */,
				1889AEAE1B4A69130001F871 /* Test14ViewController.m in Sources */,
				181385BF1B5A617500DEA407 /* Test17ViewController.m in Sources */,
				183AB2D61B36A9FA003E999F /* Test3ViewController.m in Sources */,
				187D8CD11B8E0E7E006EFF62 /* Test19ViewController.m in Sources */,
				187C6A4F1B47C94700A6949A /* Test13ViewController.m in Sources */,
				184082991B2C46E8003F378B /* ViewController.m in Sources */,
				186A55FB1B8C099600C96A3D /* MyLinearLayout.m in Sources */,
				184082961B2C46E8003F378B /* AppDelegate.m in Sources */,
				186A56541B8D90D900C96A3D /* MyTableLayout.m in Sources */,
				186A56571B8DB25F00C96A3D /* Test18ViewController.m in Sources */,
				186A55FA1B8C099600C96A3D /* MyLayoutBase.m in Sources */,
				186A55FC1B8C099600C96A3D /* MyMaker.m in Sources */,
				183AB2D01B3664DB003E999F /* Test1ViewController.m in Sources */,
				183AB2DF1B36B503003E999F /* Test6ViewController.m in Sources */,
				186A55F91B8C099600C96A3D /* MyFrameLayout.m in Sources */,
				183AB2E81B36CB69003E999F /* Test9ViewController.m in Sources */,
				184082931B2C46E8003F378B /* main.m in Sources */,
			);
			runOnlyForDeploymentPostprocessing = 0;
		};
		184082A21B2C46E8003F378B /* Sources */ = {
			isa = PBXSourcesBuildPhase;
			buildActionMask = 2147483647;
			files = (
				184082AD1B2C46E8003F378B /* MyLinearLayoutDemoTests.m in Sources */,
			);
			runOnlyForDeploymentPostprocessing = 0;
		};
/* End PBXSourcesBuildPhase section */

/* Begin PBXTargetDependency section */
		184082A81B2C46E8003F378B /* PBXTargetDependency */ = {
			isa = PBXTargetDependency;
			target = 1840828C1B2C46E8003F378B /* MyLinearLayoutDemo */;
			targetProxy = 184082A71B2C46E8003F378B /* PBXContainerItemProxy */;
		};
/* End PBXTargetDependency section */

/* Begin PBXVariantGroup section */
		1840829F1B2C46E8003F378B /* LaunchScreen.xib */ = {
			isa = PBXVariantGroup;
			children = (
				184082A01B2C46E8003F378B /* Base */,
			);
			name = LaunchScreen.xib;
			sourceTree = "<group>";
		};
/* End PBXVariantGroup section */

/* Begin XCBuildConfiguration section */
		184082AE1B2C46E8003F378B /* Debug */ = {
			isa = XCBuildConfiguration;
			buildSettings = {
				ALWAYS_SEARCH_USER_PATHS = NO;
				CLANG_CXX_LANGUAGE_STANDARD = "gnu++0x";
				CLANG_CXX_LIBRARY = "libc++";
				CLANG_ENABLE_MODULES = YES;
				CLANG_ENABLE_OBJC_ARC = YES;
				CLANG_WARN_BOOL_CONVERSION = YES;
				CLANG_WARN_CONSTANT_CONVERSION = YES;
				CLANG_WARN_DIRECT_OBJC_ISA_USAGE = YES_ERROR;
				CLANG_WARN_EMPTY_BODY = YES;
				CLANG_WARN_ENUM_CONVERSION = YES;
				CLANG_WARN_INT_CONVERSION = YES;
				CLANG_WARN_OBJC_ROOT_CLASS = YES_ERROR;
				CLANG_WARN_UNREACHABLE_CODE = YES;
				CLANG_WARN__DUPLICATE_METHOD_MATCH = YES;
				"CODE_SIGN_IDENTITY[sdk=iphoneos*]" = "iPhone Developer";
				COPY_PHASE_STRIP = NO;
				DEBUG_INFORMATION_FORMAT = "dwarf-with-dsym";
				ENABLE_STRICT_OBJC_MSGSEND = YES;
				GCC_C_LANGUAGE_STANDARD = gnu99;
				GCC_DYNAMIC_NO_PIC = NO;
				GCC_NO_COMMON_BLOCKS = YES;
				GCC_OPTIMIZATION_LEVEL = 0;
				GCC_PREPROCESSOR_DEFINITIONS = (
					"DEBUG=1",
					"$(inherited)",
				);
				GCC_SYMBOLS_PRIVATE_EXTERN = NO;
				GCC_WARN_64_TO_32_BIT_CONVERSION = YES;
				GCC_WARN_ABOUT_RETURN_TYPE = YES_ERROR;
				GCC_WARN_UNDECLARED_SELECTOR = YES;
				GCC_WARN_UNINITIALIZED_AUTOS = YES_AGGRESSIVE;
				GCC_WARN_UNUSED_FUNCTION = YES;
				GCC_WARN_UNUSED_VARIABLE = YES;
				IPHONEOS_DEPLOYMENT_TARGET = 8.3;
				MTL_ENABLE_DEBUG_INFO = YES;
				ONLY_ACTIVE_ARCH = YES;
				SDKROOT = iphoneos;
			};
			name = Debug;
		};
		184082AF1B2C46E8003F378B /* Release */ = {
			isa = XCBuildConfiguration;
			buildSettings = {
				ALWAYS_SEARCH_USER_PATHS = NO;
				CLANG_CXX_LANGUAGE_STANDARD = "gnu++0x";
				CLANG_CXX_LIBRARY = "libc++";
				CLANG_ENABLE_MODULES = YES;
				CLANG_ENABLE_OBJC_ARC = YES;
				CLANG_WARN_BOOL_CONVERSION = YES;
				CLANG_WARN_CONSTANT_CONVERSION = YES;
				CLANG_WARN_DIRECT_OBJC_ISA_USAGE = YES_ERROR;
				CLANG_WARN_EMPTY_BODY = YES;
				CLANG_WARN_ENUM_CONVERSION = YES;
				CLANG_WARN_INT_CONVERSION = YES;
				CLANG_WARN_OBJC_ROOT_CLASS = YES_ERROR;
				CLANG_WARN_UNREACHABLE_CODE = YES;
				CLANG_WARN__DUPLICATE_METHOD_MATCH = YES;
				"CODE_SIGN_IDENTITY[sdk=iphoneos*]" = "iPhone Developer";
				COPY_PHASE_STRIP = NO;
				DEBUG_INFORMATION_FORMAT = "dwarf-with-dsym";
				ENABLE_NS_ASSERTIONS = NO;
				ENABLE_STRICT_OBJC_MSGSEND = YES;
				GCC_C_LANGUAGE_STANDARD = gnu99;
				GCC_NO_COMMON_BLOCKS = YES;
				GCC_WARN_64_TO_32_BIT_CONVERSION = YES;
				GCC_WARN_ABOUT_RETURN_TYPE = YES_ERROR;
				GCC_WARN_UNDECLARED_SELECTOR = YES;
				GCC_WARN_UNINITIALIZED_AUTOS = YES_AGGRESSIVE;
				GCC_WARN_UNUSED_FUNCTION = YES;
				GCC_WARN_UNUSED_VARIABLE = YES;
				IPHONEOS_DEPLOYMENT_TARGET = 8.3;
				MTL_ENABLE_DEBUG_INFO = NO;
				SDKROOT = iphoneos;
				VALIDATE_PRODUCT = YES;
			};
			name = Release;
		};
		184082B11B2C46E8003F378B /* Debug */ = {
			isa = XCBuildConfiguration;
			buildSettings = {
				ASSETCATALOG_COMPILER_APPICON_NAME = AppIcon;
				CODE_SIGN_IDENTITY = "iPhone Developer";
				"CODE_SIGN_IDENTITY[sdk=iphoneos*]" = "iPhone Developer";
				INFOPLIST_FILE = MyLinearLayoutDemo/Info.plist;
				IPHONEOS_DEPLOYMENT_TARGET = 7.0;
				LD_RUNPATH_SEARCH_PATHS = "$(inherited) @executable_path/Frameworks";
				PRODUCT_NAME = "$(TARGET_NAME)";
				PROVISIONING_PROFILE = "";
				TARGETED_DEVICE_FAMILY = "1,2";
			};
			name = Debug;
		};
		184082B21B2C46E8003F378B /* Release */ = {
			isa = XCBuildConfiguration;
			buildSettings = {
				ASSETCATALOG_COMPILER_APPICON_NAME = AppIcon;
				CODE_SIGN_IDENTITY = "iPhone Developer";
				"CODE_SIGN_IDENTITY[sdk=iphoneos*]" = "iPhone Developer";
				INFOPLIST_FILE = MyLinearLayoutDemo/Info.plist;
				IPHONEOS_DEPLOYMENT_TARGET = 7.0;
				LD_RUNPATH_SEARCH_PATHS = "$(inherited) @executable_path/Frameworks";
				PRODUCT_NAME = "$(TARGET_NAME)";
				PROVISIONING_PROFILE = "";
				TARGETED_DEVICE_FAMILY = "1,2";
			};
			name = Release;
		};
		184082B41B2C46E8003F378B /* Debug */ = {
			isa = XCBuildConfiguration;
			buildSettings = {
				BUNDLE_LOADER = "$(TEST_HOST)";
				FRAMEWORK_SEARCH_PATHS = (
					"$(SDKROOT)/Developer/Library/Frameworks",
					"$(inherited)",
				);
				GCC_PREPROCESSOR_DEFINITIONS = (
					"DEBUG=1",
					"$(inherited)",
				);
				INFOPLIST_FILE = MyLinearLayoutDemoTests/Info.plist;
				LD_RUNPATH_SEARCH_PATHS = "$(inherited) @executable_path/Frameworks @loader_path/Frameworks";
				PRODUCT_NAME = "$(TARGET_NAME)";
				TEST_HOST = "$(BUILT_PRODUCTS_DIR)/MyLinearLayoutDemo.app/MyLinearLayoutDemo";
			};
			name = Debug;
		};
		184082B51B2C46E8003F378B /* Release */ = {
			isa = XCBuildConfiguration;
			buildSettings = {
				BUNDLE_LOADER = "$(TEST_HOST)";
				FRAMEWORK_SEARCH_PATHS = (
					"$(SDKROOT)/Developer/Library/Frameworks",
					"$(inherited)",
				);
				INFOPLIST_FILE = MyLinearLayoutDemoTests/Info.plist;
				LD_RUNPATH_SEARCH_PATHS = "$(inherited) @executable_path/Frameworks @loader_path/Frameworks";
				PRODUCT_NAME = "$(TARGET_NAME)";
				TEST_HOST = "$(BUILT_PRODUCTS_DIR)/MyLinearLayoutDemo.app/MyLinearLayoutDemo";
			};
			name = Release;
		};
/* End XCBuildConfiguration section */

/* Begin XCConfigurationList section */
		184082881B2C46E8003F378B /* Build configuration list for PBXProject "MyLinearLayoutDemo" */ = {
			isa = XCConfigurationList;
			buildConfigurations = (
				184082AE1B2C46E8003F378B /* Debug */,
				184082AF1B2C46E8003F378B /* Release */,
			);
			defaultConfigurationIsVisible = 0;
			defaultConfigurationName = Release;
		};
		184082B01B2C46E8003F378B /* Build configuration list for PBXNativeTarget "MyLinearLayoutDemo" */ = {
			isa = XCConfigurationList;
			buildConfigurations = (
				184082B11B2C46E8003F378B /* Debug */,
				184082B21B2C46E8003F378B /* Release */,
			);
			defaultConfigurationIsVisible = 0;
			defaultConfigurationName = Release;
		};
		184082B31B2C46E8003F378B /* Build configuration list for PBXNativeTarget "MyLinearLayoutDemoTests" */ = {
			isa = XCConfigurationList;
			buildConfigurations = (
				184082B41B2C46E8003F378B /* Debug */,
				184082B51B2C46E8003F378B /* Release */,
			);
			defaultConfigurationIsVisible = 0;
			defaultConfigurationName = Release;
		};
/* End XCConfigurationList section */
	};
	rootObject = 184082851B2C46E8003F378B /* Project object */;
}
