// !$*UTF8*$!
{
	archiveVersion = 1;
	classes = {
	};
	objectVersion = 46;
	objects = {

/* Begin PBXBuildFile section */
		183C56BD1C3CBE4E00312B84 /* AllTest1ViewController.m in Sources */ = {isa = PBXBuildFile; fileRef = 183C56681C3CBE4E00312B84 /* AllTest1ViewController.m */; };
		183C56BE1C3CBE4E00312B84 /* AllTest2ViewController.m in Sources */ = {isa = PBXBuildFile; fileRef = 183C566A1C3CBE4E00312B84 /* AllTest2ViewController.m */; };
		183C56BF1C3CBE4E00312B84 /* AllTest3ViewController.m in Sources */ = {isa = PBXBuildFile; fileRef = 183C566C1C3CBE4E00312B84 /* AllTest3ViewController.m */; };
		183C56C01C3CBE4E00312B84 /* AllTest4ViewController.m in Sources */ = {isa = PBXBuildFile; fileRef = 183C566E1C3CBE4E00312B84 /* AllTest4ViewController.m */; };
		183C56C11C3CBE4E00312B84 /* AppDelegate.m in Sources */ = {isa = PBXBuildFile; fileRef = 183C56701C3CBE4E00312B84 /* AppDelegate.m */; };
		183C56C21C3CBE4E00312B84 /* LaunchScreen.xib in Resources */ = {isa = PBXBuildFile; fileRef = 183C56711C3CBE4E00312B84 /* LaunchScreen.xib */; };
		183C56C51C3CBE4E00312B84 /* FLLTest1ViewController.m in Sources */ = {isa = PBXBuildFile; fileRef = 183C56761C3CBE4E00312B84 /* FLLTest1ViewController.m */; };
		183C56C61C3CBE4E00312B84 /* FLTest1ViewController.m in Sources */ = {isa = PBXBuildFile; fileRef = 183C56781C3CBE4E00312B84 /* FLTest1ViewController.m */; };
		183C56C71C3CBE4E00312B84 /* FLTest2ViewController.m in Sources */ = {isa = PBXBuildFile; fileRef = 183C567A1C3CBE4E00312B84 /* FLTest2ViewController.m */; };
		183C56CD1C3CBE4E00312B84 /* Images.xcassets in Resources */ = {isa = PBXBuildFile; fileRef = 183C56801C3CBE4E00312B84 /* Images.xcassets */; };
		183C56CF1C3CBE4E00312B84 /* YSFlowLayout.m in Sources */ = {isa = PBXBuildFile; fileRef = 183C56841C3CBE4E00312B84 /* YSFlowLayout.m */; };
		183C56D01C3CBE4E00312B84 /* YSFrameLayout.m in Sources */ = {isa = PBXBuildFile; fileRef = 183C56861C3CBE4E00312B84 /* YSFrameLayout.m */; };
		183C56D11C3CBE4E00312B84 /* YSLayoutBase.m in Sources */ = {isa = PBXBuildFile; fileRef = 183C56891C3CBE4E00312B84 /* YSLayoutBase.m */; };
		183C56D21C3CBE4E00312B84 /* YSLayoutDime.m in Sources */ = {isa = PBXBuildFile; fileRef = 183C568C1C3CBE4E00312B84 /* YSLayoutDime.m */; };
		183C56D31C3CBE4E00312B84 /* YSLayoutMeasure.m in Sources */ = {isa = PBXBuildFile; fileRef = 183C56901C3CBE4E00312B84 /* YSLayoutMeasure.m */; };
		183C56D41C3CBE4E00312B84 /* YSLayoutPos.m in Sources */ = {isa = PBXBuildFile; fileRef = 183C56921C3CBE4E00312B84 /* YSLayoutPos.m */; };
		183C56D51C3CBE4E00312B84 /* YSLinearLayout.m in Sources */ = {isa = PBXBuildFile; fileRef = 183C56951C3CBE4E00312B84 /* YSLinearLayout.m */; };
		183C56D61C3CBE4E00312B84 /* YSMaker.m in Sources */ = {isa = PBXBuildFile; fileRef = 183C56971C3CBE4E00312B84 /* YSMaker.m */; };
		183C56D71C3CBE4E00312B84 /* YSRelativeLayout.m in Sources */ = {isa = PBXBuildFile; fileRef = 183C56991C3CBE4E00312B84 /* YSRelativeLayout.m */; };
		183C56D81C3CBE4E00312B84 /* YSTableLayout.m in Sources */ = {isa = PBXBuildFile; fileRef = 183C569B1C3CBE4E00312B84 /* YSTableLayout.m */; };
		183C56D91C3CBE4E00312B84 /* LLTest1ViewController.m in Sources */ = {isa = PBXBuildFile; fileRef = 183C569D1C3CBE4E00312B84 /* LLTest1ViewController.m */; };
		183C56DA1C3CBE4E00312B84 /* LLTest2ViewController.m in Sources */ = {isa = PBXBuildFile; fileRef = 183C569F1C3CBE4E00312B84 /* LLTest2ViewController.m */; };
		183C56DB1C3CBE4E00312B84 /* LLTest3ViewController.m in Sources */ = {isa = PBXBuildFile; fileRef = 183C56A11C3CBE4E00312B84 /* LLTest3ViewController.m */; };
		183C56DC1C3CBE4E00312B84 /* LLTest4ViewController.m in Sources */ = {isa = PBXBuildFile; fileRef = 183C56A31C3CBE4E00312B84 /* LLTest4ViewController.m */; };
		183C56DD1C3CBE4E00312B84 /* LLTest5ViewController.m in Sources */ = {isa = PBXBuildFile; fileRef = 183C56A51C3CBE4E00312B84 /* LLTest5ViewController.m */; };
		183C56DE1C3CBE4E00312B84 /* LLTest6ViewController.m in Sources */ = {isa = PBXBuildFile; fileRef = 183C56A71C3CBE4E00312B84 /* LLTest6ViewController.m */; };
		183C56DF1C3CBE4E00312B84 /* LLTest7ViewController.m in Sources */ = {isa = PBXBuildFile; fileRef = 183C56A91C3CBE4E00312B84 /* LLTest7ViewController.m */; };
		183C56E01C3CBE4E00312B84 /* main.m in Sources */ = {isa = PBXBuildFile; fileRef = 183C56AA1C3CBE4E00312B84 /* main.m */; };
		183C56E61C3CBE4E00312B84 /* RLTest1ViewController.m in Sources */ = {isa = PBXBuildFile; fileRef = 183C56B11C3CBE4E00312B84 /* RLTest1ViewController.m */; };
		183C56E71C3CBE4E00312B84 /* RLTest2ViewController.m in Sources */ = {isa = PBXBuildFile; fileRef = 183C56B31C3CBE4E00312B84 /* RLTest2ViewController.m */; };
		183C56E81C3CBE4E00312B84 /* RLTest3ViewController.m in Sources */ = {isa = PBXBuildFile; fileRef = 183C56B51C3CBE4E00312B84 /* RLTest3ViewController.m */; };
		183C56E91C3CBE4E00312B84 /* TLTest1ViewController.m in Sources */ = {isa = PBXBuildFile; fileRef = 183C56B71C3CBE4E00312B84 /* TLTest1ViewController.m */; };
		183C56EA1C3CBE4E00312B84 /* TLTest2ViewController.m in Sources */ = {isa = PBXBuildFile; fileRef = 183C56B91C3CBE4E00312B84 /* TLTest2ViewController.m */; };
		183C56EC1C3CBE4E00312B84 /* ViewController.m in Sources */ = {isa = PBXBuildFile; fileRef = 183C56BC1C3CBE4E00312B84 /* ViewController.m */; };
		183C56F31C3CBE9000312B84 /* YSLayoutTests.m in Sources */ = {isa = PBXBuildFile; fileRef = 183C56F11C3CBE9000312B84 /* YSLayoutTests.m */; };
		18E8084D1B3A5D170059C410 /* QuartzCore.framework in Frameworks */ = {isa = PBXBuildFile; fileRef = 18E8084C1B3A5D170059C410 /* QuartzCore.framework */; };
/* End PBXBuildFile section */

/* Begin PBXContainerItemProxy section */
		184082A71B2C46E8003F378B /* PBXContainerItemProxy */ = {
			isa = PBXContainerItemProxy;
			containerPortal = 184082851B2C46E8003F378B /* Project object */;
			proxyType = 1;
			remoteGlobalIDString = 1840828C1B2C46E8003F378B;
			remoteInfo = MyLinearLayoutDemo;
		};
/* End PBXContainerItemProxy section */

/* Begin PBXFileReference section */
		183C56671C3CBE4E00312B84 /* AllTest1ViewController.h */ = {isa = PBXFileReference; fileEncoding = 4; lastKnownFileType = sourcecode.c.h; path = AllTest1ViewController.h; sourceTree = "<group>"; };
		183C56681C3CBE4E00312B84 /* AllTest1ViewController.m */ = {isa = PBXFileReference; fileEncoding = 4; lastKnownFileType = sourcecode.c.objc; path = AllTest1ViewController.m; sourceTree = "<group>"; };
		183C56691C3CBE4E00312B84 /* AllTest2ViewController.h */ = {isa = PBXFileReference; fileEncoding = 4; lastKnownFileType = sourcecode.c.h; path = AllTest2ViewController.h; sourceTree = "<group>"; };
		183C566A1C3CBE4E00312B84 /* AllTest2ViewController.m */ = {isa = PBXFileReference; fileEncoding = 4; lastKnownFileType = sourcecode.c.objc; path = AllTest2ViewController.m; sourceTree = "<group>"; };
		183C566B1C3CBE4E00312B84 /* AllTest3ViewController.h */ = {isa = PBXFileReference; fileEncoding = 4; lastKnownFileType = sourcecode.c.h; path = AllTest3ViewController.h; sourceTree = "<group>"; };
		183C566C1C3CBE4E00312B84 /* AllTest3ViewController.m */ = {isa = PBXFileReference; fileEncoding = 4; lastKnownFileType = sourcecode.c.objc; path = AllTest3ViewController.m; sourceTree = "<group>"; };
		183C566D1C3CBE4E00312B84 /* AllTest4ViewController.h */ = {isa = PBXFileReference; fileEncoding = 4; lastKnownFileType = sourcecode.c.h; path = AllTest4ViewController.h; sourceTree = "<group>"; };
		183C566E1C3CBE4E00312B84 /* AllTest4ViewController.m */ = {isa = PBXFileReference; fileEncoding = 4; lastKnownFileType = sourcecode.c.objc; path = AllTest4ViewController.m; sourceTree = "<group>"; };
		183C566F1C3CBE4E00312B84 /* AppDelegate.h */ = {isa = PBXFileReference; fileEncoding = 4; lastKnownFileType = sourcecode.c.h; path = AppDelegate.h; sourceTree = "<group>"; };
		183C56701C3CBE4E00312B84 /* AppDelegate.m */ = {isa = PBXFileReference; fileEncoding = 4; lastKnownFileType = sourcecode.c.objc; path = AppDelegate.m; sourceTree = "<group>"; };
		183C56721C3CBE4E00312B84 /* Base */ = {isa = PBXFileReference; lastKnownFileType = file.xib; name = Base; path = Base.lproj/LaunchScreen.xib; sourceTree = "<group>"; };
		183C56751C3CBE4E00312B84 /* FLLTest1ViewController.h */ = {isa = PBXFileReference; fileEncoding = 4; lastKnownFileType = sourcecode.c.h; path = FLLTest1ViewController.h; sourceTree = "<group>"; };
		183C56761C3CBE4E00312B84 /* FLLTest1ViewController.m */ = {isa = PBXFileReference; fileEncoding = 4; lastKnownFileType = sourcecode.c.objc; path = FLLTest1ViewController.m; sourceTree = "<group>"; };
		183C56771C3CBE4E00312B84 /* FLTest1ViewController.h */ = {isa = PBXFileReference; fileEncoding = 4; lastKnownFileType = sourcecode.c.h; path = FLTest1ViewController.h; sourceTree = "<group>"; };
		183C56781C3CBE4E00312B84 /* FLTest1ViewController.m */ = {isa = PBXFileReference; fileEncoding = 4; lastKnownFileType = sourcecode.c.objc; path = FLTest1ViewController.m; sourceTree = "<group>"; };
		183C56791C3CBE4E00312B84 /* FLTest2ViewController.h */ = {isa = PBXFileReference; fileEncoding = 4; lastKnownFileType = sourcecode.c.h; path = FLTest2ViewController.h; sourceTree = "<group>"; };
		183C567A1C3CBE4E00312B84 /* FLTest2ViewController.m */ = {isa = PBXFileReference; fileEncoding = 4; lastKnownFileType = sourcecode.c.objc; path = FLTest2ViewController.m; sourceTree = "<group>"; };
		183C56801C3CBE4E00312B84 /* Images.xcassets */ = {isa = PBXFileReference; lastKnownFileType = folder.assetcatalog; path = Images.xcassets; sourceTree = "<group>"; };
		183C56811C3CBE4E00312B84 /* Info.plist */ = {isa = PBXFileReference; fileEncoding = 4; lastKnownFileType = text.plist.xml; path = Info.plist; sourceTree = "<group>"; };
		183C56831C3CBE4E00312B84 /* YSFlowLayout.h */ = {isa = PBXFileReference; fileEncoding = 4; lastKnownFileType = sourcecode.c.h; path = YSFlowLayout.h; sourceTree = "<group>"; };
		183C56841C3CBE4E00312B84 /* YSFlowLayout.m */ = {isa = PBXFileReference; fileEncoding = 4; lastKnownFileType = sourcecode.c.objc; path = YSFlowLayout.m; sourceTree = "<group>"; };
		183C56851C3CBE4E00312B84 /* YSFrameLayout.h */ = {isa = PBXFileReference; fileEncoding = 4; lastKnownFileType = sourcecode.c.h; path = YSFrameLayout.h; sourceTree = "<group>"; };
		183C56861C3CBE4E00312B84 /* YSFrameLayout.m */ = {isa = PBXFileReference; fileEncoding = 4; lastKnownFileType = sourcecode.c.objc; path = YSFrameLayout.m; sourceTree = "<group>"; };
		183C56871C3CBE4E00312B84 /* YSLayout.h */ = {isa = PBXFileReference; fileEncoding = 4; lastKnownFileType = sourcecode.c.h; path = YSLayout.h; sourceTree = "<group>"; };
		183C56881C3CBE4E00312B84 /* YSLayoutBase.h */ = {isa = PBXFileReference; fileEncoding = 4; lastKnownFileType = sourcecode.c.h; path = YSLayoutBase.h; sourceTree = "<group>"; };
		183C56891C3CBE4E00312B84 /* YSLayoutBase.m */ = {isa = PBXFileReference; fileEncoding = 4; lastKnownFileType = sourcecode.c.objc; path = YSLayoutBase.m; sourceTree = "<group>"; };
		183C568A1C3CBE4E00312B84 /* YSLayoutDef.h */ = {isa = PBXFileReference; fileEncoding = 4; lastKnownFileType = sourcecode.c.h; path = YSLayoutDef.h; sourceTree = "<group>"; };
		183C568B1C3CBE4E00312B84 /* YSLayoutDime.h */ = {isa = PBXFileReference; fileEncoding = 4; lastKnownFileType = sourcecode.c.h; path = YSLayoutDime.h; sourceTree = "<group>"; };
		183C568C1C3CBE4E00312B84 /* YSLayoutDime.m */ = {isa = PBXFileReference; fileEncoding = 4; lastKnownFileType = sourcecode.c.objc; path = YSLayoutDime.m; sourceTree = "<group>"; };
		183C568D1C3CBE4E00312B84 /* YSLayoutDimeInner.h */ = {isa = PBXFileReference; fileEncoding = 4; lastKnownFileType = sourcecode.c.h; path = YSLayoutDimeInner.h; sourceTree = "<group>"; };
		183C568E1C3CBE4E00312B84 /* YSLayoutInner.h */ = {isa = PBXFileReference; fileEncoding = 4; lastKnownFileType = sourcecode.c.h; path = YSLayoutInner.h; sourceTree = "<group>"; };
		183C568F1C3CBE4E00312B84 /* YSLayoutMeasure.h */ = {isa = PBXFileReference; fileEncoding = 4; lastKnownFileType = sourcecode.c.h; path = YSLayoutMeasure.h; sourceTree = "<group>"; };
		183C56901C3CBE4E00312B84 /* YSLayoutMeasure.m */ = {isa = PBXFileReference; fileEncoding = 4; lastKnownFileType = sourcecode.c.objc; path = YSLayoutMeasure.m; sourceTree = "<group>"; };
		183C56911C3CBE4E00312B84 /* YSLayoutPos.h */ = {isa = PBXFileReference; fileEncoding = 4; lastKnownFileType = sourcecode.c.h; path = YSLayoutPos.h; sourceTree = "<group>"; };
		183C56921C3CBE4E00312B84 /* YSLayoutPos.m */ = {isa = PBXFileReference; fileEncoding = 4; lastKnownFileType = sourcecode.c.objc; path = YSLayoutPos.m; sourceTree = "<group>"; };
		183C56931C3CBE4E00312B84 /* YSLayoutPosInner.h */ = {isa = PBXFileReference; fileEncoding = 4; lastKnownFileType = sourcecode.c.h; path = YSLayoutPosInner.h; sourceTree = "<group>"; };
		183C56941C3CBE4E00312B84 /* YSLinearLayout.h */ = {isa = PBXFileReference; fileEncoding = 4; lastKnownFileType = sourcecode.c.h; path = YSLinearLayout.h; sourceTree = "<group>"; };
		183C56951C3CBE4E00312B84 /* YSLinearLayout.m */ = {isa = PBXFileReference; fileEncoding = 4; lastKnownFileType = sourcecode.c.objc; path = YSLinearLayout.m; sourceTree = "<group>"; };
		183C56961C3CBE4E00312B84 /* YSMaker.h */ = {isa = PBXFileReference; fileEncoding = 4; lastKnownFileType = sourcecode.c.h; path = YSMaker.h; sourceTree = "<group>"; };
		183C56971C3CBE4E00312B84 /* YSMaker.m */ = {isa = PBXFileReference; fileEncoding = 4; lastKnownFileType = sourcecode.c.objc; path = YSMaker.m; sourceTree = "<group>"; };
		183C56981C3CBE4E00312B84 /* YSRelativeLayout.h */ = {isa = PBXFileReference; fileEncoding = 4; lastKnownFileType = sourcecode.c.h; path = YSRelativeLayout.h; sourceTree = "<group>"; };
		183C56991C3CBE4E00312B84 /* YSRelativeLayout.m */ = {isa = PBXFileReference; fileEncoding = 4; lastKnownFileType = sourcecode.c.objc; path = YSRelativeLayout.m; sourceTree = "<group>"; };
		183C569A1C3CBE4E00312B84 /* YSTableLayout.h */ = {isa = PBXFileReference; fileEncoding = 4; lastKnownFileType = sourcecode.c.h; path = YSTableLayout.h; sourceTree = "<group>"; };
		183C569B1C3CBE4E00312B84 /* YSTableLayout.m */ = {isa = PBXFileReference; fileEncoding = 4; lastKnownFileType = sourcecode.c.objc; path = YSTableLayout.m; sourceTree = "<group>"; };
		183C569C1C3CBE4E00312B84 /* LLTest1ViewController.h */ = {isa = PBXFileReference; fileEncoding = 4; lastKnownFileType = sourcecode.c.h; path = LLTest1ViewController.h; sourceTree = "<group>"; };
		183C569D1C3CBE4E00312B84 /* LLTest1ViewController.m */ = {isa = PBXFileReference; fileEncoding = 4; lastKnownFileType = sourcecode.c.objc; path = LLTest1ViewController.m; sourceTree = "<group>"; };
		183C569E1C3CBE4E00312B84 /* LLTest2ViewController.h */ = {isa = PBXFileReference; fileEncoding = 4; lastKnownFileType = sourcecode.c.h; path = LLTest2ViewController.h; sourceTree = "<group>"; };
		183C569F1C3CBE4E00312B84 /* LLTest2ViewController.m */ = {isa = PBXFileReference; fileEncoding = 4; lastKnownFileType = sourcecode.c.objc; path = LLTest2ViewController.m; sourceTree = "<group>"; };
		183C56A01C3CBE4E00312B84 /* LLTest3ViewController.h */ = {isa = PBXFileReference; fileEncoding = 4; lastKnownFileType = sourcecode.c.h; path = LLTest3ViewController.h; sourceTree = "<group>"; };
		183C56A11C3CBE4E00312B84 /* LLTest3ViewController.m */ = {isa = PBXFileReference; fileEncoding = 4; lastKnownFileType = sourcecode.c.objc; path = LLTest3ViewController.m; sourceTree = "<group>"; };
		183C56A21C3CBE4E00312B84 /* LLTest4ViewController.h */ = {isa = PBXFileReference; fileEncoding = 4; lastKnownFileType = sourcecode.c.h; path = LLTest4ViewController.h; sourceTree = "<group>"; };
		183C56A31C3CBE4E00312B84 /* LLTest4ViewController.m */ = {isa = PBXFileReference; fileEncoding = 4; lastKnownFileType = sourcecode.c.objc; path = LLTest4ViewController.m; sourceTree = "<group>"; };
		183C56A41C3CBE4E00312B84 /* LLTest5ViewController.h */ = {isa = PBXFileReference; fileEncoding = 4; lastKnownFileType = sourcecode.c.h; path = LLTest5ViewController.h; sourceTree = "<group>"; };
		183C56A51C3CBE4E00312B84 /* LLTest5ViewController.m */ = {isa = PBXFileReference; fileEncoding = 4; lastKnownFileType = sourcecode.c.objc; path = LLTest5ViewController.m; sourceTree = "<group>"; };
		183C56A61C3CBE4E00312B84 /* LLTest6ViewController.h */ = {isa = PBXFileReference; fileEncoding = 4; lastKnownFileType = sourcecode.c.h; path = LLTest6ViewController.h; sourceTree = "<group>"; };
		183C56A71C3CBE4E00312B84 /* LLTest6ViewController.m */ = {isa = PBXFileReference; fileEncoding = 4; lastKnownFileType = sourcecode.c.objc; path = LLTest6ViewController.m; sourceTree = "<group>"; };
		183C56A81C3CBE4E00312B84 /* LLTest7ViewController.h */ = {isa = PBXFileReference; fileEncoding = 4; lastKnownFileType = sourcecode.c.h; path = LLTest7ViewController.h; sourceTree = "<group>"; };
		183C56A91C3CBE4E00312B84 /* LLTest7ViewController.m */ = {isa = PBXFileReference; fileEncoding = 4; lastKnownFileType = sourcecode.c.objc; path = LLTest7ViewController.m; sourceTree = "<group>"; };
		183C56AA1C3CBE4E00312B84 /* main.m */ = {isa = PBXFileReference; fileEncoding = 4; lastKnownFileType = sourcecode.c.objc; path = main.m; sourceTree = "<group>"; };
		183C56B01C3CBE4E00312B84 /* RLTest1ViewController.h */ = {isa = PBXFileReference; fileEncoding = 4; lastKnownFileType = sourcecode.c.h; path = RLTest1ViewController.h; sourceTree = "<group>"; };
		183C56B11C3CBE4E00312B84 /* RLTest1ViewController.m */ = {isa = PBXFileReference; fileEncoding = 4; lastKnownFileType = sourcecode.c.objc; path = RLTest1ViewController.m; sourceTree = "<group>"; };
		183C56B21C3CBE4E00312B84 /* RLTest2ViewController.h */ = {isa = PBXFileReference; fileEncoding = 4; lastKnownFileType = sourcecode.c.h; path = RLTest2ViewController.h; sourceTree = "<group>"; };
		183C56B31C3CBE4E00312B84 /* RLTest2ViewController.m */ = {isa = PBXFileReference; fileEncoding = 4; lastKnownFileType = sourcecode.c.objc; path = RLTest2ViewController.m; sourceTree = "<group>"; };
		183C56B41C3CBE4E00312B84 /* RLTest3ViewController.h */ = {isa = PBXFileReference; fileEncoding = 4; lastKnownFileType = sourcecode.c.h; path = RLTest3ViewController.h; sourceTree = "<group>"; };
		183C56B51C3CBE4E00312B84 /* RLTest3ViewController.m */ = {isa = PBXFileReference; fileEncoding = 4; lastKnownFileType = sourcecode.c.objc; path = RLTest3ViewController.m; sourceTree = "<group>"; };
		183C56B61C3CBE4E00312B84 /* TLTest1ViewController.h */ = {isa = PBXFileReference; fileEncoding = 4; lastKnownFileType = sourcecode.c.h; path = TLTest1ViewController.h; sourceTree = "<group>"; };
		183C56B71C3CBE4E00312B84 /* TLTest1ViewController.m */ = {isa = PBXFileReference; fileEncoding = 4; lastKnownFileType = sourcecode.c.objc; path = TLTest1ViewController.m; sourceTree = "<group>"; };
		183C56B81C3CBE4E00312B84 /* TLTest2ViewController.h */ = {isa = PBXFileReference; fileEncoding = 4; lastKnownFileType = sourcecode.c.h; path = TLTest2ViewController.h; sourceTree = "<group>"; };
		183C56B91C3CBE4E00312B84 /* TLTest2ViewController.m */ = {isa = PBXFileReference; fileEncoding = 4; lastKnownFileType = sourcecode.c.objc; path = TLTest2ViewController.m; sourceTree = "<group>"; };
		183C56BB1C3CBE4E00312B84 /* ViewController.h */ = {isa = PBXFileReference; fileEncoding = 4; lastKnownFileType = sourcecode.c.h; path = ViewController.h; sourceTree = "<group>"; };
		183C56BC1C3CBE4E00312B84 /* ViewController.m */ = {isa = PBXFileReference; fileEncoding = 4; lastKnownFileType = sourcecode.c.objc; path = ViewController.m; sourceTree = "<group>"; };
		183C56F01C3CBE9000312B84 /* Info.plist */ = {isa = PBXFileReference; fileEncoding = 4; lastKnownFileType = text.plist.xml; path = Info.plist; sourceTree = "<group>"; };
		183C56F11C3CBE9000312B84 /* YSLayoutTests.m */ = {isa = PBXFileReference; fileEncoding = 4; lastKnownFileType = sourcecode.c.objc; path = YSLayoutTests.m; sourceTree = "<group>"; };
		1840828D1B2C46E8003F378B /* YSLayout.app */ = {isa = PBXFileReference; explicitFileType = wrapper.application; includeInIndex = 0; path = YSLayout.app; sourceTree = BUILT_PRODUCTS_DIR; };
		184082A61B2C46E8003F378B /* YSLayoutTests.xctest */ = {isa = PBXFileReference; explicitFileType = wrapper.cfbundle; includeInIndex = 0; path = YSLayoutTests.xctest; sourceTree = BUILT_PRODUCTS_DIR; };
		18E8084C1B3A5D170059C410 /* QuartzCore.framework */ = {isa = PBXFileReference; lastKnownFileType = wrapper.framework; name = QuartzCore.framework; path = System/Library/Frameworks/QuartzCore.framework; sourceTree = SDKROOT; };
/* End PBXFileReference section */

/* Begin PBXFrameworksBuildPhase section */
		1840828A1B2C46E8003F378B /* Frameworks */ = {
			isa = PBXFrameworksBuildPhase;
			buildActionMask = 2147483647;
			files = (
				18E8084D1B3A5D170059C410 /* QuartzCore.framework in Frameworks */,
			);
			runOnlyForDeploymentPostprocessing = 0;
		};
		184082A31B2C46E8003F378B /* Frameworks */ = {
			isa = PBXFrameworksBuildPhase;
			buildActionMask = 2147483647;
			files = (
			);
			runOnlyForDeploymentPostprocessing = 0;
		};
/* End PBXFrameworksBuildPhase section */

/* Begin PBXGroup section */
		1817287D1C3D34070086ACE8 /* Supporting Files */ = {
			isa = PBXGroup;
			children = (
				183C56811C3CBE4E00312B84 /* Info.plist */,
				183C56AA1C3CBE4E00312B84 /* main.m */,
			);
			name = "Supporting Files";
			sourceTree = "<group>";
		};
		183C56661C3CBE4E00312B84 /* YSLayout */ = {
			isa = PBXGroup;
			children = (
				1817287D1C3D34070086ACE8 /* Supporting Files */,
				183C56821C3CBE4E00312B84 /* Lib */,
				183C566F1C3CBE4E00312B84 /* AppDelegate.h */,
				183C56701C3CBE4E00312B84 /* AppDelegate.m */,
				183C56BB1C3CBE4E00312B84 /* ViewController.h */,
				183C56BC1C3CBE4E00312B84 /* ViewController.m */,
				183C56801C3CBE4E00312B84 /* Images.xcassets */,
				183C56711C3CBE4E00312B84 /* LaunchScreen.xib */,
				183C56671C3CBE4E00312B84 /* AllTest1ViewController.h */,
				183C56681C3CBE4E00312B84 /* AllTest1ViewController.m */,
				183C56691C3CBE4E00312B84 /* AllTest2ViewController.h */,
				183C566A1C3CBE4E00312B84 /* AllTest2ViewController.m */,
				183C566B1C3CBE4E00312B84 /* AllTest3ViewController.h */,
				183C566C1C3CBE4E00312B84 /* AllTest3ViewController.m */,
				183C566D1C3CBE4E00312B84 /* AllTest4ViewController.h */,
				183C566E1C3CBE4E00312B84 /* AllTest4ViewController.m */,
				183C56751C3CBE4E00312B84 /* FLLTest1ViewController.h */,
				183C56761C3CBE4E00312B84 /* FLLTest1ViewController.m */,
				183C56771C3CBE4E00312B84 /* FLTest1ViewController.h */,
				183C56781C3CBE4E00312B84 /* FLTest1ViewController.m */,
				183C56791C3CBE4E00312B84 /* FLTest2ViewController.h */,
				183C567A1C3CBE4E00312B84 /* FLTest2ViewController.m */,
				183C569C1C3CBE4E00312B84 /* LLTest1ViewController.h */,
				183C569D1C3CBE4E00312B84 /* LLTest1ViewController.m */,
				183C569E1C3CBE4E00312B84 /* LLTest2ViewController.h */,
				183C569F1C3CBE4E00312B84 /* LLTest2ViewController.m */,
				183C56A01C3CBE4E00312B84 /* LLTest3ViewController.h */,
				183C56A11C3CBE4E00312B84 /* LLTest3ViewController.m */,
				183C56A21C3CBE4E00312B84 /* LLTest4ViewController.h */,
				183C56A31C3CBE4E00312B84 /* LLTest4ViewController.m */,
				183C56A41C3CBE4E00312B84 /* LLTest5ViewController.h */,
				183C56A51C3CBE4E00312B84 /* LLTest5ViewController.m */,
				183C56A61C3CBE4E00312B84 /* LLTest6ViewController.h */,
				183C56A71C3CBE4E00312B84 /* LLTest6ViewController.m */,
				183C56A81C3CBE4E00312B84 /* LLTest7ViewController.h */,
				183C56A91C3CBE4E00312B84 /* LLTest7ViewController.m */,
				183C56B01C3CBE4E00312B84 /* RLTest1ViewController.h */,
				183C56B11C3CBE4E00312B84 /* RLTest1ViewController.m */,
				183C56B21C3CBE4E00312B84 /* RLTest2ViewController.h */,
				183C56B31C3CBE4E00312B84 /* RLTest2ViewController.m */,
				183C56B41C3CBE4E00312B84 /* RLTest3ViewController.h */,
				183C56B51C3CBE4E00312B84 /* RLTest3ViewController.m */,
				183C56B61C3CBE4E00312B84 /* TLTest1ViewController.h */,
				183C56B71C3CBE4E00312B84 /* TLTest1ViewController.m */,
				183C56B81C3CBE4E00312B84 /* TLTest2ViewController.h */,
				183C56B91C3CBE4E00312B84 /* TLTest2ViewController.m */,
			);
			path = YSLayout;
			sourceTree = "<group>";
		};
		183C56821C3CBE4E00312B84 /* Lib */ = {
			isa = PBXGroup;
			children = (
				183C56871C3CBE4E00312B84 /* YSLayout.h */,
				183C568A1C3CBE4E00312B84 /* YSLayoutDef.h */,
				183C568E1C3CBE4E00312B84 /* YSLayoutInner.h */,
				183C568B1C3CBE4E00312B84 /* YSLayoutDime.h */,
				183C568C1C3CBE4E00312B84 /* YSLayoutDime.m */,
				183C568D1C3CBE4E00312B84 /* YSLayoutDimeInner.h */,
				183C56911C3CBE4E00312B84 /* YSLayoutPos.h */,
				183C56921C3CBE4E00312B84 /* YSLayoutPos.m */,
				183C56931C3CBE4E00312B84 /* YSLayoutPosInner.h */,
				183C568F1C3CBE4E00312B84 /* YSLayoutMeasure.h */,
				183C56901C3CBE4E00312B84 /* YSLayoutMeasure.m */,
				183C56881C3CBE4E00312B84 /* YSLayoutBase.h */,
				183C56891C3CBE4E00312B84 /* YSLayoutBase.m */,
				183C56831C3CBE4E00312B84 /* YSFlowLayout.h */,
				183C56841C3CBE4E00312B84 /* YSFlowLayout.m */,
				183C56851C3CBE4E00312B84 /* YSFrameLayout.h */,
				183C56861C3CBE4E00312B84 /* YSFrameLayout.m */,
				183C56941C3CBE4E00312B84 /* YSLinearLayout.h */,
				183C56951C3CBE4E00312B84 /* YSLinearLayout.m */,
				183C56981C3CBE4E00312B84 /* YSRelativeLayout.h */,
				183C56991C3CBE4E00312B84 /* YSRelativeLayout.m */,
				183C569A1C3CBE4E00312B84 /* YSTableLayout.h */,
				183C569B1C3CBE4E00312B84 /* YSTableLayout.m */,
				183C56961C3CBE4E00312B84 /* YSMaker.h */,
				183C56971C3CBE4E00312B84 /* YSMaker.m */,
			);
			path = Lib;
			sourceTree = "<group>";
		};
		183C56EF1C3CBE9000312B84 /* YSLayoutTests */ = {
			isa = PBXGroup;
			children = (
				183C56F01C3CBE9000312B84 /* Info.plist */,
				183C56F11C3CBE9000312B84 /* YSLayoutTests.m */,
			);
			path = YSLayoutTests;
			sourceTree = "<group>";
		};
		184082841B2C46E8003F378B = {
			isa = PBXGroup;
			children = (
				183C56661C3CBE4E00312B84 /* YSLayout */,
				183C56EF1C3CBE9000312B84 /* YSLayoutTests */,
				18E8084C1B3A5D170059C410 /* QuartzCore.framework */,
				1840828E1B2C46E8003F378B /* Products */,
			);
			sourceTree = "<group>";
		};
		1840828E1B2C46E8003F378B /* Products */ = {
			isa = PBXGroup;
			children = (
				1840828D1B2C46E8003F378B /* YSLayout.app */,
				184082A61B2C46E8003F378B /* YSLayoutTests.xctest */,
			);
			name = Products;
			sourceTree = "<group>";
		};
/* End PBXGroup section */

/* Begin PBXNativeTarget section */
		1840828C1B2C46E8003F378B /* YSLayout */ = {
			isa = PBXNativeTarget;
			buildConfigurationList = 184082B01B2C46E8003F378B /* Build configuration list for PBXNativeTarget "YSLayout" */;
			buildPhases = (
				184082891B2C46E8003F378B /* Sources */,
				1840828A1B2C46E8003F378B /* Frameworks */,
				1840828B1B2C46E8003F378B /* Resources */,
			);
			buildRules = (
			);
			dependencies = (
			);
			name = YSLayout;
			productName = YSLayout;
			productReference = 1840828D1B2C46E8003F378B /* YSLayout.app */;
			productType = "com.apple.product-type.application";
		};
		184082A51B2C46E8003F378B /* YSLayoutTests */ = {
			isa = PBXNativeTarget;
			buildConfigurationList = 184082B31B2C46E8003F378B /* Build configuration list for PBXNativeTarget "YSLayoutTests" */;
			buildPhases = (
				184082A21B2C46E8003F378B /* Sources */,
				184082A31B2C46E8003F378B /* Frameworks */,
				184082A41B2C46E8003F378B /* Resources */,
			);
			buildRules = (
			);
			dependencies = (
				184082A81B2C46E8003F378B /* PBXTargetDependency */,
			);
			name = YSLayoutTests;
			productName = YSLayoutTests;
			productReference = 184082A61B2C46E8003F378B /* YSLayoutTests.xctest */;
			productType = "com.apple.product-type.bundle.unit-test";
		};
/* End PBXNativeTarget section */

/* Begin PBXProject section */
		184082851B2C46E8003F378B /* Project object */ = {
			isa = PBXProject;
			attributes = {
				LastUpgradeCheck = 0640;
				ORGANIZATIONNAME = SunnadaSoft;
				TargetAttributes = {
					1840828C1B2C46E8003F378B = {
						CreatedOnToolsVersion = 6.3.2;
						DevelopmentTeam = 9JJMH944SE;
					};
					184082A51B2C46E8003F378B = {
						CreatedOnToolsVersion = 6.3.2;
						TestTargetID = 1840828C1B2C46E8003F378B;
					};
				};
			};
			buildConfigurationList = 184082881B2C46E8003F378B /* Build configuration list for PBXProject "YSLayout" */;
			compatibilityVersion = "Xcode 3.2";
			developmentRegion = English;
			hasScannedForEncodings = 0;
			knownRegions = (
				en,
				Base,
			);
			mainGroup = 184082841B2C46E8003F378B;
			productRefGroup = 1840828E1B2C46E8003F378B /* Products */;
			projectDirPath = "";
			projectRoot = "";
			targets = (
				1840828C1B2C46E8003F378B /* YSLayout */,
				184082A51B2C46E8003F378B /* YSLayoutTests */,
			);
		};
/* End PBXProject section */

/* Begin PBXResourcesBuildPhase section */
		1840828B1B2C46E8003F378B /* Resources */ = {
			isa = PBXResourcesBuildPhase;
			buildActionMask = 2147483647;
			files = (
				183C56CD1C3CBE4E00312B84 /* Images.xcassets in Resources */,
				183C56C21C3CBE4E00312B84 /* LaunchScreen.xib in Resources */,
			);
			runOnlyForDeploymentPostprocessing = 0;
		};
		184082A41B2C46E8003F378B /* Resources */ = {
			isa = PBXResourcesBuildPhase;
			buildActionMask = 2147483647;
			files = (
			);
			runOnlyForDeploymentPostprocessing = 0;
		};
/* End PBXResourcesBuildPhase section */

/* Begin PBXSourcesBuildPhase section */
		184082891B2C46E8003F378B /* Sources */ = {
			isa = PBXSourcesBuildPhase;
			buildActionMask = 2147483647;
			files = (
				183C56E01C3CBE4E00312B84 /* main.m in Sources */,
				183C56D51C3CBE4E00312B84 /* YSLinearLayout.m in Sources */,
				183C56BF1C3CBE4E00312B84 /* AllTest3ViewController.m in Sources */,
				183C56BD1C3CBE4E00312B84 /* AllTest1ViewController.m in Sources */,
				183C56BE1C3CBE4E00312B84 /* AllTest2ViewController.m in Sources */,
				183C56E81C3CBE4E00312B84 /* RLTest3ViewController.m in Sources */,
				183C56C01C3CBE4E00312B84 /* AllTest4ViewController.m in Sources */,
				183C56DB1C3CBE4E00312B84 /* LLTest3ViewController.m in Sources */,
				183C56D41C3CBE4E00312B84 /* YSLayoutPos.m in Sources */,
				183C56D21C3CBE4E00312B84 /* YSLayoutDime.m in Sources */,
				183C56EC1C3CBE4E00312B84 /* ViewController.m in Sources */,
				183C56EA1C3CBE4E00312B84 /* TLTest2ViewController.m in Sources */,
				183C56C11C3CBE4E00312B84 /* AppDelegate.m in Sources */,
				183C56D11C3CBE4E00312B84 /* YSLayoutBase.m in Sources */,
				183C56DD1C3CBE4E00312B84 /* LLTest5ViewController.m in Sources */,
				183C56D01C3CBE4E00312B84 /* YSFrameLayout.m in Sources */,
				183C56E71C3CBE4E00312B84 /* RLTest2ViewController.m in Sources */,
				183C56D61C3CBE4E00312B84 /* YSMaker.m in Sources */,
				183C56DA1C3CBE4E00312B84 /* LLTest2ViewController.m in Sources */,
				183C56C71C3CBE4E00312B84 /* FLTest2ViewController.m in Sources */,
				183C56DE1C3CBE4E00312B84 /* LLTest6ViewController.m in Sources */,
				183C56CF1C3CBE4E00312B84 /* YSFlowLayout.m in Sources */,
				183C56D31C3CBE4E00312B84 /* YSLayoutMeasure.m in Sources */,
				183C56E61C3CBE4E00312B84 /* RLTest1ViewController.m in Sources */,
				183C56E91C3CBE4E00312B84 /* TLTest1ViewController.m in Sources */,
				183C56C51C3CBE4E00312B84 /* FLLTest1ViewController.m in Sources */,
				183C56DC1C3CBE4E00312B84 /* LLTest4ViewController.m in Sources */,
				183C56C61C3CBE4E00312B84 /* FLTest1ViewController.m in Sources */,
				183C56D91C3CBE4E00312B84 /* LLTest1ViewController.m in Sources */,
				183C56DF1C3CBE4E00312B84 /* LLTest7ViewController.m in Sources */,
				183C56D81C3CBE4E00312B84 /* YSTableLayout.m in Sources */,
				183C56D71C3CBE4E00312B84 /* YSRelativeLayout.m in Sources */,
			);
			runOnlyForDeploymentPostprocessing = 0;
		};
		184082A21B2C46E8003F378B /* Sources */ = {
			isa = PBXSourcesBuildPhase;
			buildActionMask = 2147483647;
			files = (
				183C56F31C3CBE9000312B84 /* YSLayoutTests.m in Sources */,
			);
			runOnlyForDeploymentPostprocessing = 0;
		};
/* End PBXSourcesBuildPhase section */

/* Begin PBXTargetDependency section */
		184082A81B2C46E8003F378B /* PBXTargetDependency */ = {
			isa = PBXTargetDependency;
			target = 1840828C1B2C46E8003F378B /* YSLayout */;
			targetProxy = 184082A71B2C46E8003F378B /* PBXContainerItemProxy */;
		};
/* End PBXTargetDependency section */

/* Begin PBXVariantGroup section */
		183C56711C3CBE4E00312B84 /* LaunchScreen.xib */ = {
			isa = PBXVariantGroup;
			children = (
				183C56721C3CBE4E00312B84 /* Base */,
			);
			name = LaunchScreen.xib;
			sourceTree = "<group>";
		};
/* End PBXVariantGroup section */

/* Begin XCBuildConfiguration section */
		184082AE1B2C46E8003F378B /* Debug */ = {
			isa = XCBuildConfiguration;
			buildSettings = {
				ALWAYS_SEARCH_USER_PATHS = NO;
				CLANG_CXX_LANGUAGE_STANDARD = "gnu++0x";
				CLANG_CXX_LIBRARY = "libc++";
				CLANG_ENABLE_MODULES = YES;
				CLANG_ENABLE_OBJC_ARC = YES;
				CLANG_WARN_BOOL_CONVERSION = YES;
				CLANG_WARN_CONSTANT_CONVERSION = YES;
				CLANG_WARN_DIRECT_OBJC_ISA_USAGE = YES_ERROR;
				CLANG_WARN_EMPTY_BODY = YES;
				CLANG_WARN_ENUM_CONVERSION = YES;
				CLANG_WARN_INT_CONVERSION = YES;
				CLANG_WARN_OBJC_ROOT_CLASS = YES_ERROR;
				CLANG_WARN_UNREACHABLE_CODE = YES;
				CLANG_WARN__DUPLICATE_METHOD_MATCH = YES;
				"CODE_SIGN_IDENTITY[sdk=iphoneos*]" = "iPhone Developer";
				COPY_PHASE_STRIP = NO;
				DEBUG_INFORMATION_FORMAT = "dwarf-with-dsym";
				ENABLE_STRICT_OBJC_MSGSEND = YES;
				GCC_C_LANGUAGE_STANDARD = gnu99;
				GCC_DYNAMIC_NO_PIC = NO;
				GCC_NO_COMMON_BLOCKS = YES;
				GCC_OPTIMIZATION_LEVEL = 0;
				GCC_PREPROCESSOR_DEFINITIONS = (
					"DEBUG=1",
					"$(inherited)",
				);
				GCC_SYMBOLS_PRIVATE_EXTERN = NO;
				GCC_WARN_64_TO_32_BIT_CONVERSION = YES;
				GCC_WARN_ABOUT_RETURN_TYPE = YES_ERROR;
				GCC_WARN_UNDECLARED_SELECTOR = YES;
				GCC_WARN_UNINITIALIZED_AUTOS = YES_AGGRESSIVE;
				GCC_WARN_UNUSED_FUNCTION = YES;
				GCC_WARN_UNUSED_VARIABLE = YES;
				IPHONEOS_DEPLOYMENT_TARGET = 7.0;
				MTL_ENABLE_DEBUG_INFO = YES;
				ONLY_ACTIVE_ARCH = YES;
				SDKROOT = iphoneos;
			};
			name = Debug;
		};
		184082AF1B2C46E8003F378B /* Release */ = {
			isa = XCBuildConfiguration;
			buildSettings = {
				ALWAYS_SEARCH_USER_PATHS = NO;
				CLANG_CXX_LANGUAGE_STANDARD = "gnu++0x";
				CLANG_CXX_LIBRARY = "libc++";
				CLANG_ENABLE_MODULES = YES;
				CLANG_ENABLE_OBJC_ARC = YES;
				CLANG_WARN_BOOL_CONVERSION = YES;
				CLANG_WARN_CONSTANT_CONVERSION = YES;
				CLANG_WARN_DIRECT_OBJC_ISA_USAGE = YES_ERROR;
				CLANG_WARN_EMPTY_BODY = YES;
				CLANG_WARN_ENUM_CONVERSION = YES;
				CLANG_WARN_INT_CONVERSION = YES;
				CLANG_WARN_OBJC_ROOT_CLASS = YES_ERROR;
				CLANG_WARN_UNREACHABLE_CODE = YES;
				CLANG_WARN__DUPLICATE_METHOD_MATCH = YES;
				"CODE_SIGN_IDENTITY[sdk=iphoneos*]" = "iPhone Developer";
				COPY_PHASE_STRIP = NO;
				DEBUG_INFORMATION_FORMAT = "dwarf-with-dsym";
				ENABLE_NS_ASSERTIONS = NO;
				ENABLE_STRICT_OBJC_MSGSEND = YES;
				GCC_C_LANGUAGE_STANDARD = gnu99;
				GCC_NO_COMMON_BLOCKS = YES;
				GCC_WARN_64_TO_32_BIT_CONVERSION = YES;
				GCC_WARN_ABOUT_RETURN_TYPE = YES_ERROR;
				GCC_WARN_UNDECLARED_SELECTOR = YES;
				GCC_WARN_UNINITIALIZED_AUTOS = YES_AGGRESSIVE;
				GCC_WARN_UNUSED_FUNCTION = YES;
				GCC_WARN_UNUSED_VARIABLE = YES;
				IPHONEOS_DEPLOYMENT_TARGET = 7.0;
				MTL_ENABLE_DEBUG_INFO = NO;
				SDKROOT = iphoneos;
				VALIDATE_PRODUCT = YES;
			};
			name = Release;
		};
		184082B11B2C46E8003F378B /* Debug */ = {
			isa = XCBuildConfiguration;
			buildSettings = {
				ASSETCATALOG_COMPILER_APPICON_NAME = AppIcon;
				CODE_SIGN_IDENTITY = "iPhone Developer";
				"CODE_SIGN_IDENTITY[sdk=iphoneos*]" = "iPhone Developer";
				GCC_PREPROCESSOR_DEFINITIONS = "DEBUG=1";
				INFOPLIST_FILE = "$(SRCROOT)/YSLayout/Info.plist";
				IPHONEOS_DEPLOYMENT_TARGET = 7.0;
				LD_RUNPATH_SEARCH_PATHS = "$(inherited) @executable_path/Frameworks";
				PRODUCT_NAME = YSLayout;
				PROVISIONING_PROFILE = "";
				TARGETED_DEVICE_FAMILY = "1,2";
			};
			name = Debug;
		};
		184082B21B2C46E8003F378B /* Release */ = {
			isa = XCBuildConfiguration;
			buildSettings = {
				ASSETCATALOG_COMPILER_APPICON_NAME = AppIcon;
				CODE_SIGN_IDENTITY = "iPhone Developer";
				"CODE_SIGN_IDENTITY[sdk=iphoneos*]" = "iPhone Developer";
				GCC_PREPROCESSOR_DEFINITIONS = "";
				INFOPLIST_FILE = "$(SRCROOT)/YSLayout/Info.plist";
				IPHONEOS_DEPLOYMENT_TARGET = 7.0;
				LD_RUNPATH_SEARCH_PATHS = "$(inherited) @executable_path/Frameworks";
				PRODUCT_NAME = YSLayout;
				PROVISIONING_PROFILE = "";
				TARGETED_DEVICE_FAMILY = "1,2";
			};
			name = Release;
		};
		184082B41B2C46E8003F378B /* Debug */ = {
			isa = XCBuildConfiguration;
			buildSettings = {
				BUNDLE_LOADER = "$(TEST_HOST)";
				FRAMEWORK_SEARCH_PATHS = (
					"$(SDKROOT)/Developer/Library/Frameworks",
					"$(inherited)",
				);
				GCC_PREPROCESSOR_DEFINITIONS = (
					"DEBUG=1",
					"$(inherited)",
				);
				INFOPLIST_FILE = YSLayoutTests/Info.plist;
				LD_RUNPATH_SEARCH_PATHS = "$(inherited) @executable_path/Frameworks @loader_path/Frameworks";
				PRODUCT_NAME = YSLayoutTests;
				TEST_HOST = "$(BUILT_PRODUCTS_DIR)/YSLayout.app/YSLayout";
			};
			name = Debug;
		};
		184082B51B2C46E8003F378B /* Release */ = {
			isa = XCBuildConfiguration;
			buildSettings = {
				BUNDLE_LOADER = "$(TEST_HOST)";
				FRAMEWORK_SEARCH_PATHS = (
					"$(SDKROOT)/Developer/Library/Frameworks",
					"$(inherited)",
				);
				INFOPLIST_FILE = YSLayoutTests/Info.plist;
				LD_RUNPATH_SEARCH_PATHS = "$(inherited) @executable_path/Frameworks @loader_path/Frameworks";
				PRODUCT_NAME = YSLayoutTests;
				TEST_HOST = "$(BUILT_PRODUCTS_DIR)/YSLayout.app/YSLayout";
			};
			name = Release;
		};
/* End XCBuildConfiguration section */

/* Begin XCConfigurationList section */
		184082881B2C46E8003F378B /* Build configuration list for PBXProject "YSLayout" */ = {
			isa = XCConfigurationList;
			buildConfigurations = (
				184082AE1B2C46E8003F378B /* Debug */,
				184082AF1B2C46E8003F378B /* Release */,
			);
			defaultConfigurationIsVisible = 0;
			defaultConfigurationName = Release;
		};
		184082B01B2C46E8003F378B /* Build configuration list for PBXNativeTarget "YSLayout" */ = {
			isa = XCConfigurationList;
			buildConfigurations = (
				184082B11B2C46E8003F378B /* Debug */,
				184082B21B2C46E8003F378B /* Release */,
			);
			defaultConfigurationIsVisible = 0;
			defaultConfigurationName = Release;
		};
		184082B31B2C46E8003F378B /* Build configuration list for PBXNativeTarget "YSLayoutTests" */ = {
			isa = XCConfigurationList;
			buildConfigurations = (
				184082B41B2C46E8003F378B /* Debug */,
				184082B51B2C46E8003F378B /* Release */,
			);
			defaultConfigurationIsVisible = 0;
			defaultConfigurationName = Release;
		};
/* End XCConfigurationList section */
	};
	rootObject = 184082851B2C46E8003F378B /* Project object */;
}
